
Microsoft Visual Studio Solution File, Format Version 12.00
# Visual Studio Version 16
VisualStudioVersion = 16.0.28711.60
MinimumVisualStudioVersion = 10.0.40219.1
Project("{2150E333-8FDC-42A3-9474-1A3956D46DE8}") = "CSharp", "CSharp", "{0C2286BE-F1F4-4E52-A9FA-1EF056CD9159}"
EndProject
Project("{9A19103F-16F7-4668-BE54-9A1E7A4F7556}") = "LoopDateAndTime", "Asp.NetCoreExperiment\CSharp\LoopDateAndTime\LoopDateAndTime.csproj", "{35C2C299-0D50-4852-B9A2-D45B75B6F5E4}"
EndProject
Project("{9A19103F-16F7-4668-BE54-9A1E7A4F7556}") = "EnumDemo", "Asp.NetCoreExperiment\CSharp\EnumDemo\EnumDemo.csproj", "{EEC7CE89-3328-4EFD-B753-A8C3D77A4396}"
EndProject
Project("{9A19103F-16F7-4668-BE54-9A1E7A4F7556}") = "TaskThreadDemo", "Asp.NetCoreExperiment\CSharp\TaskThreadDemo\TaskThreadDemo.csproj", "{B08F37CC-1ED8-48B7-BF76-3490564FF1B1}"
EndProject
Project("{9A19103F-16F7-4668-BE54-9A1E7A4F7556}") = "DateTimeDemo", "Asp.NetCoreExperiment\CSharp\DateTimeDemo\DateTimeDemo.csproj", "{AD3F7E9F-56F4-4E22-A08B-B1F36068E5B0}"
EndProject
Project("{2150E333-8FDC-42A3-9474-1A3956D46DE8}") = "GraphQL", "GraphQL", "{DA6111FE-704A-4B77-8CB9-A38873BC1FA5}"
EndProject
Project("{9A19103F-16F7-4668-BE54-9A1E7A4F7556}") = "GraphQLDemo01", "Asp.NetCoreExperiment\GraphQL\GraphQLDemo01\GraphQLDemo01.csproj", "{6B78AFFD-BF30-4506-BD2C-5BB1E27EB8BC}"
EndProject
Project("{2150E333-8FDC-42A3-9474-1A3956D46DE8}") = "NLua", "NLua", "{AB4F8575-592A-4E94-B350-A8EBA9339860}"
EndProject
Project("{9A19103F-16F7-4668-BE54-9A1E7A4F7556}") = "NLuaSample", "Asp.NetCoreExperiment\NLua\NLuaSample\NLuaSample.csproj", "{0B8E5FFB-E46D-40DA-B2DF-D457A5CE87C3}"
EndProject
Project("{9A19103F-16F7-4668-BE54-9A1E7A4F7556}") = "CollectionDemo", "Asp.NetCoreExperiment\CSharp\CollectionDemo\CollectionDemo.csproj", "{AF63C4DC-E1EC-4F05-9494-D33676DC33B6}"
EndProject
Project("{9A19103F-16F7-4668-BE54-9A1E7A4F7556}") = "RecordTypeDemo", "Asp.NetCoreExperiment\CSharp\RecordTypeDemo\RecordTypeDemo.csproj", "{8880B726-D06C-4F29-808E-99D60FCA6458}"
EndProject
Project("{2150E333-8FDC-42A3-9474-1A3956D46DE8}") = "Prometheus", "Prometheus", "{35CD5C5C-2069-41A2-B5B7-35C0F747CE7E}"
EndProject
Project("{9A19103F-16F7-4668-BE54-9A1E7A4F7556}") = "PrometheusSample", "Asp.NetCoreExperiment\Prometheus\PrometheusSample\PrometheusSample.csproj", "{04BE7717-FBF8-40F5-A420-0D46F15C37CC}"
EndProject
Project("{2150E333-8FDC-42A3-9474-1A3956D46DE8}") = "Architecture", "Architecture", "{00DC5DBE-1C3D-41A4-BF7C-852A6FA13066}"
EndProject
Project("{9A19103F-16F7-4668-BE54-9A1E7A4F7556}") = "ArchitectureDemo01", "Asp.NetCoreExperiment\Architecture\ArchitectureDemo01\ArchitectureDemo01.csproj", "{A9A4C3C5-E809-4B93-9043-DF46AF89B910}"
EndProject
Project("{9A19103F-16F7-4668-BE54-9A1E7A4F7556}") = "ArchitectureDemo02", "Asp.NetCoreExperiment\Architecture\ArchitectureDemo02\ArchitectureDemo02.csproj", "{45253D0F-22C9-47C3-AF90-5CA3EEF5D5B4}"
EndProject
Project("{9A19103F-16F7-4668-BE54-9A1E7A4F7556}") = "ArchitectureDemo03", "Asp.NetCoreExperiment\Architecture\ArchitectureDemo03\ArchitectureDemo03.csproj", "{A9252AA7-73A8-488B-8CFB-5E4714A352C4}"
EndProject
Project("{9A19103F-16F7-4668-BE54-9A1E7A4F7556}") = "ArchitectureDemo04", "Asp.NetCoreExperiment\Architecture\ArchitectureDemo04\ArchitectureDemo04.csproj", "{BB345770-267A-465A-AD73-2F8A67B1A22A}"
EndProject
Project("{9A19103F-16F7-4668-BE54-9A1E7A4F7556}") = "ArchitectureDemo05", "Asp.NetCoreExperiment\Architecture\ArchitectureDemo05\ArchitectureDemo05.csproj", "{482C7DD3-B222-4898-ADE0-A6FAEFE82355}"
EndProject
Project("{9A19103F-16F7-4668-BE54-9A1E7A4F7556}") = "NeusoftMedical", "Asp.NetCoreExperiment\Architecture\NeusoftMedical\NeusoftMedical.csproj", "{5D95F515-7D60-41EC-AC48-90E473FB9F1D}"
EndProject
Project("{9A19103F-16F7-4668-BE54-9A1E7A4F7556}") = "YiHaiMedical", "Asp.NetCoreExperiment\Architecture\YiHaiMedical\YiHaiMedical.csproj", "{CA5B0DF4-19CA-4474-95AD-58F4E981A834}"
EndProject
Project("{9A19103F-16F7-4668-BE54-9A1E7A4F7556}") = "HisMedical", "Asp.NetCoreExperiment\Architecture\HisMedical\HisMedical.csproj", "{AC412F34-92D7-4566-98B5-E12F084744C5}"
EndProject
Project("{9A19103F-16F7-4668-BE54-9A1E7A4F7556}") = "ArchitectureDemo06", "Asp.NetCoreExperiment\Architecture\ArchitectureDemo06\ArchitectureDemo06.csproj", "{0A180D70-520F-4C81-B6D0-0232A79D6946}"
EndProject
Project("{9A19103F-16F7-4668-BE54-9A1E7A4F7556}") = "DifferentShapesClass", "Asp.NetCoreExperiment\CSharp\DifferentShapesClass\DifferentShapesClass.csproj", "{C41EDFCD-6091-4193-A917-FDDF91D2AE16}"
EndProject
Project("{2150E333-8FDC-42A3-9474-1A3956D46DE8}") = "Blazor", "Blazor", "{81B7EFE5-84A7-4CD6-89E7-C9C37E1FA56D}"
EndProject
Project("{9A19103F-16F7-4668-BE54-9A1E7A4F7556}") = "BlazorApp01", "Asp.NetCoreExperiment\Blazor\BlazorApp01\BlazorApp01.csproj", "{7DFCD3B7-EF9F-41BF-BFF1-5913AE212E1E}"
EndProject
Project("{9A19103F-16F7-4668-BE54-9A1E7A4F7556}") = "WebApiError", "Asp.NetCoreExperiment\Architecture\WebApiError\WebApiError.csproj", "{8CB6312C-D45A-4778-A8E9-1E0F3809664E}"
EndProject
Project("{9A19103F-16F7-4668-BE54-9A1E7A4F7556}") = "WebError", "Asp.NetCoreExperiment\Architecture\WebError\WebError.csproj", "{969B38C3-751F-4A83-8643-1D3CBBB9B185}"
EndProject
Project("{9A19103F-16F7-4668-BE54-9A1E7A4F7556}") = "AspNetCoreEnvironment", "Asp.NetCoreExperiment\Architecture\AspNetCoreEnvironment\AspNetCoreEnvironment.csproj", "{4E1C1353-FBEA-44A7-BDF1-0AD26F6C4861}"
EndProject
Project("{9A19103F-16F7-4668-BE54-9A1E7A4F7556}") = "MyCICD", "Asp.NetCoreExperiment\Architecture\MyCICD\MyCICD.csproj", "{DE9E7F93-ABA2-4477-AB01-8299438F6585}"
EndProject
Project("{9A19103F-16F7-4668-BE54-9A1E7A4F7556}") = "NLuaAndRoslynCompare", "Asp.NetCoreExperiment\NLua\NLuaAndRoslynCompare\NLuaAndRoslynCompare.csproj", "{0DD638AA-BAA1-43A9-832D-A0C672320A47}"
EndProject
Project("{9A19103F-16F7-4668-BE54-9A1E7A4F7556}") = "NLuaAndRoslynCompare5", "Asp.NetCoreExperiment\NLua\NLuaAndRoslynCompare5\NLuaAndRoslynCompare5.csproj", "{EE67A799-6E42-4DA5-8E58-4F3D7569046A}"
EndProject
Project("{2150E333-8FDC-42A3-9474-1A3956D46DE8}") = "YARP", "YARP", "{0F1AF5D0-ACAE-4F81-9E88-DED8B06A95B5}"
EndProject
Project("{9A19103F-16F7-4668-BE54-9A1E7A4F7556}") = "YARPDemo01", "Asp.NetCoreExperiment\YARP\YARPDemo01\YARPDemo01.csproj", "{7D8073AD-EAC3-4042-B19A-C2E4D47DA0B4}"
EndProject
Project("{9A19103F-16F7-4668-BE54-9A1E7A4F7556}") = "WebAPI01", "Asp.NetCoreExperiment\YARP\WebAPI01\WebAPI01.csproj", "{26E868B0-AC2F-46E9-88C5-BEE127E40DCE}"
EndProject
Project("{9A19103F-16F7-4668-BE54-9A1E7A4F7556}") = "WebAPI02", "Asp.NetCoreExperiment\YARP\WebAPI02\WebAPI02.csproj", "{73F94D1A-994B-444F-9E4A-60891DE2AC6E}"
EndProject
Project("{9A19103F-16F7-4668-BE54-9A1E7A4F7556}") = "AuthenticationAuthorization_Token", "Asp.NetCoreExperiment\YARP\AuthenticationAuthorization_Token\AuthenticationAuthorization_Token.csproj", "{5A30D0DD-98E3-4F86-A77B-EB3658491156}"
EndProject
Global
	GlobalSection(SolutionConfigurationPlatforms) = preSolution
		Debug|Any CPU = Debug|Any CPU
		Release|Any CPU = Release|Any CPU
	EndGlobalSection
	GlobalSection(ProjectConfigurationPlatforms) = postSolution
		{35C2C299-0D50-4852-B9A2-D45B75B6F5E4}.Debug|Any CPU.ActiveCfg = Debug|Any CPU
		{35C2C299-0D50-4852-B9A2-D45B75B6F5E4}.Debug|Any CPU.Build.0 = Debug|Any CPU
		{35C2C299-0D50-4852-B9A2-D45B75B6F5E4}.Release|Any CPU.ActiveCfg = Release|Any CPU
		{35C2C299-0D50-4852-B9A2-D45B75B6F5E4}.Release|Any CPU.Build.0 = Release|Any CPU
		{EEC7CE89-3328-4EFD-B753-A8C3D77A4396}.Debug|Any CPU.ActiveCfg = Debug|Any CPU
		{EEC7CE89-3328-4EFD-B753-A8C3D77A4396}.Debug|Any CPU.Build.0 = Debug|Any CPU
		{EEC7CE89-3328-4EFD-B753-A8C3D77A4396}.Release|Any CPU.ActiveCfg = Release|Any CPU
		{EEC7CE89-3328-4EFD-B753-A8C3D77A4396}.Release|Any CPU.Build.0 = Release|Any CPU
		{B08F37CC-1ED8-48B7-BF76-3490564FF1B1}.Debug|Any CPU.ActiveCfg = Debug|Any CPU
		{B08F37CC-1ED8-48B7-BF76-3490564FF1B1}.Debug|Any CPU.Build.0 = Debug|Any CPU
		{B08F37CC-1ED8-48B7-BF76-3490564FF1B1}.Release|Any CPU.ActiveCfg = Release|Any CPU
		{B08F37CC-1ED8-48B7-BF76-3490564FF1B1}.Release|Any CPU.Build.0 = Release|Any CPU
		{AD3F7E9F-56F4-4E22-A08B-B1F36068E5B0}.Debug|Any CPU.ActiveCfg = Debug|Any CPU
		{AD3F7E9F-56F4-4E22-A08B-B1F36068E5B0}.Debug|Any CPU.Build.0 = Debug|Any CPU
		{AD3F7E9F-56F4-4E22-A08B-B1F36068E5B0}.Release|Any CPU.ActiveCfg = Release|Any CPU
		{AD3F7E9F-56F4-4E22-A08B-B1F36068E5B0}.Release|Any CPU.Build.0 = Release|Any CPU
		{6B78AFFD-BF30-4506-BD2C-5BB1E27EB8BC}.Debug|Any CPU.ActiveCfg = Debug|Any CPU
		{6B78AFFD-BF30-4506-BD2C-5BB1E27EB8BC}.Debug|Any CPU.Build.0 = Debug|Any CPU
		{6B78AFFD-BF30-4506-BD2C-5BB1E27EB8BC}.Release|Any CPU.ActiveCfg = Release|Any CPU
		{6B78AFFD-BF30-4506-BD2C-5BB1E27EB8BC}.Release|Any CPU.Build.0 = Release|Any CPU
		{0B8E5FFB-E46D-40DA-B2DF-D457A5CE87C3}.Debug|Any CPU.ActiveCfg = Debug|Any CPU
		{0B8E5FFB-E46D-40DA-B2DF-D457A5CE87C3}.Debug|Any CPU.Build.0 = Debug|Any CPU
		{0B8E5FFB-E46D-40DA-B2DF-D457A5CE87C3}.Release|Any CPU.ActiveCfg = Release|Any CPU
		{0B8E5FFB-E46D-40DA-B2DF-D457A5CE87C3}.Release|Any CPU.Build.0 = Release|Any CPU
		{AF63C4DC-E1EC-4F05-9494-D33676DC33B6}.Debug|Any CPU.ActiveCfg = Debug|Any CPU
		{AF63C4DC-E1EC-4F05-9494-D33676DC33B6}.Debug|Any CPU.Build.0 = Debug|Any CPU
		{AF63C4DC-E1EC-4F05-9494-D33676DC33B6}.Release|Any CPU.ActiveCfg = Release|Any CPU
		{AF63C4DC-E1EC-4F05-9494-D33676DC33B6}.Release|Any CPU.Build.0 = Release|Any CPU
		{8880B726-D06C-4F29-808E-99D60FCA6458}.Debug|Any CPU.ActiveCfg = Debug|Any CPU
		{8880B726-D06C-4F29-808E-99D60FCA6458}.Debug|Any CPU.Build.0 = Debug|Any CPU
		{8880B726-D06C-4F29-808E-99D60FCA6458}.Release|Any CPU.ActiveCfg = Release|Any CPU
		{8880B726-D06C-4F29-808E-99D60FCA6458}.Release|Any CPU.Build.0 = Release|Any CPU
		{04BE7717-FBF8-40F5-A420-0D46F15C37CC}.Debug|Any CPU.ActiveCfg = Debug|Any CPU
		{04BE7717-FBF8-40F5-A420-0D46F15C37CC}.Debug|Any CPU.Build.0 = Debug|Any CPU
		{04BE7717-FBF8-40F5-A420-0D46F15C37CC}.Release|Any CPU.ActiveCfg = Release|Any CPU
		{04BE7717-FBF8-40F5-A420-0D46F15C37CC}.Release|Any CPU.Build.0 = Release|Any CPU
		{A9A4C3C5-E809-4B93-9043-DF46AF89B910}.Debug|Any CPU.ActiveCfg = Debug|Any CPU
		{A9A4C3C5-E809-4B93-9043-DF46AF89B910}.Debug|Any CPU.Build.0 = Debug|Any CPU
		{A9A4C3C5-E809-4B93-9043-DF46AF89B910}.Release|Any CPU.ActiveCfg = Release|Any CPU
		{A9A4C3C5-E809-4B93-9043-DF46AF89B910}.Release|Any CPU.Build.0 = Release|Any CPU
		{45253D0F-22C9-47C3-AF90-5CA3EEF5D5B4}.Debug|Any CPU.ActiveCfg = Debug|Any CPU
		{45253D0F-22C9-47C3-AF90-5CA3EEF5D5B4}.Debug|Any CPU.Build.0 = Debug|Any CPU
		{45253D0F-22C9-47C3-AF90-5CA3EEF5D5B4}.Release|Any CPU.ActiveCfg = Release|Any CPU
		{45253D0F-22C9-47C3-AF90-5CA3EEF5D5B4}.Release|Any CPU.Build.0 = Release|Any CPU
		{A9252AA7-73A8-488B-8CFB-5E4714A352C4}.Debug|Any CPU.ActiveCfg = Debug|Any CPU
		{A9252AA7-73A8-488B-8CFB-5E4714A352C4}.Debug|Any CPU.Build.0 = Debug|Any CPU
		{A9252AA7-73A8-488B-8CFB-5E4714A352C4}.Release|Any CPU.ActiveCfg = Release|Any CPU
		{A9252AA7-73A8-488B-8CFB-5E4714A352C4}.Release|Any CPU.Build.0 = Release|Any CPU
		{BB345770-267A-465A-AD73-2F8A67B1A22A}.Debug|Any CPU.ActiveCfg = Debug|Any CPU
		{BB345770-267A-465A-AD73-2F8A67B1A22A}.Debug|Any CPU.Build.0 = Debug|Any CPU
		{BB345770-267A-465A-AD73-2F8A67B1A22A}.Release|Any CPU.ActiveCfg = Release|Any CPU
		{BB345770-267A-465A-AD73-2F8A67B1A22A}.Release|Any CPU.Build.0 = Release|Any CPU
		{482C7DD3-B222-4898-ADE0-A6FAEFE82355}.Debug|Any CPU.ActiveCfg = Debug|Any CPU
		{482C7DD3-B222-4898-ADE0-A6FAEFE82355}.Debug|Any CPU.Build.0 = Debug|Any CPU
		{482C7DD3-B222-4898-ADE0-A6FAEFE82355}.Release|Any CPU.ActiveCfg = Release|Any CPU
		{482C7DD3-B222-4898-ADE0-A6FAEFE82355}.Release|Any CPU.Build.0 = Release|Any CPU
		{5D95F515-7D60-41EC-AC48-90E473FB9F1D}.Debug|Any CPU.ActiveCfg = Debug|Any CPU
		{5D95F515-7D60-41EC-AC48-90E473FB9F1D}.Debug|Any CPU.Build.0 = Debug|Any CPU
		{5D95F515-7D60-41EC-AC48-90E473FB9F1D}.Release|Any CPU.ActiveCfg = Release|Any CPU
		{5D95F515-7D60-41EC-AC48-90E473FB9F1D}.Release|Any CPU.Build.0 = Release|Any CPU
		{CA5B0DF4-19CA-4474-95AD-58F4E981A834}.Debug|Any CPU.ActiveCfg = Debug|Any CPU
		{CA5B0DF4-19CA-4474-95AD-58F4E981A834}.Debug|Any CPU.Build.0 = Debug|Any CPU
		{CA5B0DF4-19CA-4474-95AD-58F4E981A834}.Release|Any CPU.ActiveCfg = Release|Any CPU
		{CA5B0DF4-19CA-4474-95AD-58F4E981A834}.Release|Any CPU.Build.0 = Release|Any CPU
		{AC412F34-92D7-4566-98B5-E12F084744C5}.Debug|Any CPU.ActiveCfg = Debug|Any CPU
		{AC412F34-92D7-4566-98B5-E12F084744C5}.Debug|Any CPU.Build.0 = Debug|Any CPU
		{AC412F34-92D7-4566-98B5-E12F084744C5}.Release|Any CPU.ActiveCfg = Release|Any CPU
		{AC412F34-92D7-4566-98B5-E12F084744C5}.Release|Any CPU.Build.0 = Release|Any CPU
		{0A180D70-520F-4C81-B6D0-0232A79D6946}.Debug|Any CPU.ActiveCfg = Debug|Any CPU
		{0A180D70-520F-4C81-B6D0-0232A79D6946}.Debug|Any CPU.Build.0 = Debug|Any CPU
		{0A180D70-520F-4C81-B6D0-0232A79D6946}.Release|Any CPU.ActiveCfg = Release|Any CPU
		{0A180D70-520F-4C81-B6D0-0232A79D6946}.Release|Any CPU.Build.0 = Release|Any CPU
		{C41EDFCD-6091-4193-A917-FDDF91D2AE16}.Debug|Any CPU.ActiveCfg = Debug|Any CPU
		{C41EDFCD-6091-4193-A917-FDDF91D2AE16}.Debug|Any CPU.Build.0 = Debug|Any CPU
		{C41EDFCD-6091-4193-A917-FDDF91D2AE16}.Release|Any CPU.ActiveCfg = Release|Any CPU
		{C41EDFCD-6091-4193-A917-FDDF91D2AE16}.Release|Any CPU.Build.0 = Release|Any CPU
		{7DFCD3B7-EF9F-41BF-BFF1-5913AE212E1E}.Debug|Any CPU.ActiveCfg = Debug|Any CPU
		{7DFCD3B7-EF9F-41BF-BFF1-5913AE212E1E}.Debug|Any CPU.Build.0 = Debug|Any CPU
		{7DFCD3B7-EF9F-41BF-BFF1-5913AE212E1E}.Release|Any CPU.ActiveCfg = Release|Any CPU
		{7DFCD3B7-EF9F-41BF-BFF1-5913AE212E1E}.Release|Any CPU.Build.0 = Release|Any CPU
		{8CB6312C-D45A-4778-A8E9-1E0F3809664E}.Debug|Any CPU.ActiveCfg = Debug|Any CPU
		{8CB6312C-D45A-4778-A8E9-1E0F3809664E}.Debug|Any CPU.Build.0 = Debug|Any CPU
		{8CB6312C-D45A-4778-A8E9-1E0F3809664E}.Release|Any CPU.ActiveCfg = Release|Any CPU
		{8CB6312C-D45A-4778-A8E9-1E0F3809664E}.Release|Any CPU.Build.0 = Release|Any CPU
		{969B38C3-751F-4A83-8643-1D3CBBB9B185}.Debug|Any CPU.ActiveCfg = Debug|Any CPU
		{969B38C3-751F-4A83-8643-1D3CBBB9B185}.Debug|Any CPU.Build.0 = Debug|Any CPU
		{969B38C3-751F-4A83-8643-1D3CBBB9B185}.Release|Any CPU.ActiveCfg = Release|Any CPU
		{969B38C3-751F-4A83-8643-1D3CBBB9B185}.Release|Any CPU.Build.0 = Release|Any CPU
		{4E1C1353-FBEA-44A7-BDF1-0AD26F6C4861}.Debug|Any CPU.ActiveCfg = Debug|Any CPU
		{4E1C1353-FBEA-44A7-BDF1-0AD26F6C4861}.Debug|Any CPU.Build.0 = Debug|Any CPU
		{4E1C1353-FBEA-44A7-BDF1-0AD26F6C4861}.Release|Any CPU.ActiveCfg = Release|Any CPU
		{4E1C1353-FBEA-44A7-BDF1-0AD26F6C4861}.Release|Any CPU.Build.0 = Release|Any CPU
		{DE9E7F93-ABA2-4477-AB01-8299438F6585}.Debug|Any CPU.ActiveCfg = Debug|Any CPU
		{DE9E7F93-ABA2-4477-AB01-8299438F6585}.Debug|Any CPU.Build.0 = Debug|Any CPU
		{DE9E7F93-ABA2-4477-AB01-8299438F6585}.Release|Any CPU.ActiveCfg = Release|Any CPU
		{DE9E7F93-ABA2-4477-AB01-8299438F6585}.Release|Any CPU.Build.0 = Release|Any CPU
		{0DD638AA-BAA1-43A9-832D-A0C672320A47}.Debug|Any CPU.ActiveCfg = Debug|Any CPU
		{0DD638AA-BAA1-43A9-832D-A0C672320A47}.Debug|Any CPU.Build.0 = Debug|Any CPU
		{0DD638AA-BAA1-43A9-832D-A0C672320A47}.Release|Any CPU.ActiveCfg = Release|Any CPU
		{0DD638AA-BAA1-43A9-832D-A0C672320A47}.Release|Any CPU.Build.0 = Release|Any CPU
		{EE67A799-6E42-4DA5-8E58-4F3D7569046A}.Debug|Any CPU.ActiveCfg = Debug|Any CPU
		{EE67A799-6E42-4DA5-8E58-4F3D7569046A}.Debug|Any CPU.Build.0 = Debug|Any CPU
		{EE67A799-6E42-4DA5-8E58-4F3D7569046A}.Release|Any CPU.ActiveCfg = Release|Any CPU
		{EE67A799-6E42-4DA5-8E58-4F3D7569046A}.Release|Any CPU.Build.0 = Release|Any CPU
		{7D8073AD-EAC3-4042-B19A-C2E4D47DA0B4}.Debug|Any CPU.ActiveCfg = Debug|Any CPU
		{7D8073AD-EAC3-4042-B19A-C2E4D47DA0B4}.Debug|Any CPU.Build.0 = Debug|Any CPU
		{7D8073AD-EAC3-4042-B19A-C2E4D47DA0B4}.Release|Any CPU.ActiveCfg = Release|Any CPU
		{7D8073AD-EAC3-4042-B19A-C2E4D47DA0B4}.Release|Any CPU.Build.0 = Release|Any CPU
		{26E868B0-AC2F-46E9-88C5-BEE127E40DCE}.Debug|Any CPU.ActiveCfg = Debug|Any CPU
		{26E868B0-AC2F-46E9-88C5-BEE127E40DCE}.Debug|Any CPU.Build.0 = Debug|Any CPU
		{26E868B0-AC2F-46E9-88C5-BEE127E40DCE}.Release|Any CPU.ActiveCfg = Release|Any CPU
		{26E868B0-AC2F-46E9-88C5-BEE127E40DCE}.Release|Any CPU.Build.0 = Release|Any CPU
		{73F94D1A-994B-444F-9E4A-60891DE2AC6E}.Debug|Any CPU.ActiveCfg = Debug|Any CPU
		{73F94D1A-994B-444F-9E4A-60891DE2AC6E}.Debug|Any CPU.Build.0 = Debug|Any CPU
		{73F94D1A-994B-444F-9E4A-60891DE2AC6E}.Release|Any CPU.ActiveCfg = Release|Any CPU
		{73F94D1A-994B-444F-9E4A-60891DE2AC6E}.Release|Any CPU.Build.0 = Release|Any CPU
		{5A30D0DD-98E3-4F86-A77B-EB3658491156}.Debug|Any CPU.ActiveCfg = Debug|Any CPU
		{5A30D0DD-98E3-4F86-A77B-EB3658491156}.Debug|Any CPU.Build.0 = Debug|Any CPU
		{5A30D0DD-98E3-4F86-A77B-EB3658491156}.Release|Any CPU.ActiveCfg = Release|Any CPU
		{5A30D0DD-98E3-4F86-A77B-EB3658491156}.Release|Any CPU.Build.0 = Release|Any CPU
	EndGlobalSection
	GlobalSection(SolutionProperties) = preSolution
		HideSolutionNode = FALSE
	EndGlobalSection
	GlobalSection(NestedProjects) = preSolution
		{35C2C299-0D50-4852-B9A2-D45B75B6F5E4} = {0C2286BE-F1F4-4E52-A9FA-1EF056CD9159}
		{EEC7CE89-3328-4EFD-B753-A8C3D77A4396} = {0C2286BE-F1F4-4E52-A9FA-1EF056CD9159}
		{B08F37CC-1ED8-48B7-BF76-3490564FF1B1} = {0C2286BE-F1F4-4E52-A9FA-1EF056CD9159}
		{AD3F7E9F-56F4-4E22-A08B-B1F36068E5B0} = {0C2286BE-F1F4-4E52-A9FA-1EF056CD9159}
		{6B78AFFD-BF30-4506-BD2C-5BB1E27EB8BC} = {DA6111FE-704A-4B77-8CB9-A38873BC1FA5}
		{0B8E5FFB-E46D-40DA-B2DF-D457A5CE87C3} = {AB4F8575-592A-4E94-B350-A8EBA9339860}
		{AF63C4DC-E1EC-4F05-9494-D33676DC33B6} = {0C2286BE-F1F4-4E52-A9FA-1EF056CD9159}
		{8880B726-D06C-4F29-808E-99D60FCA6458} = {0C2286BE-F1F4-4E52-A9FA-1EF056CD9159}
		{04BE7717-FBF8-40F5-A420-0D46F15C37CC} = {35CD5C5C-2069-41A2-B5B7-35C0F747CE7E}
		{A9A4C3C5-E809-4B93-9043-DF46AF89B910} = {00DC5DBE-1C3D-41A4-BF7C-852A6FA13066}
		{45253D0F-22C9-47C3-AF90-5CA3EEF5D5B4} = {00DC5DBE-1C3D-41A4-BF7C-852A6FA13066}
		{A9252AA7-73A8-488B-8CFB-5E4714A352C4} = {00DC5DBE-1C3D-41A4-BF7C-852A6FA13066}
		{BB345770-267A-465A-AD73-2F8A67B1A22A} = {00DC5DBE-1C3D-41A4-BF7C-852A6FA13066}
		{482C7DD3-B222-4898-ADE0-A6FAEFE82355} = {00DC5DBE-1C3D-41A4-BF7C-852A6FA13066}
		{5D95F515-7D60-41EC-AC48-90E473FB9F1D} = {00DC5DBE-1C3D-41A4-BF7C-852A6FA13066}
		{CA5B0DF4-19CA-4474-95AD-58F4E981A834} = {00DC5DBE-1C3D-41A4-BF7C-852A6FA13066}
		{AC412F34-92D7-4566-98B5-E12F084744C5} = {00DC5DBE-1C3D-41A4-BF7C-852A6FA13066}
		{0A180D70-520F-4C81-B6D0-0232A79D6946} = {00DC5DBE-1C3D-41A4-BF7C-852A6FA13066}
		{C41EDFCD-6091-4193-A917-FDDF91D2AE16} = {0C2286BE-F1F4-4E52-A9FA-1EF056CD9159}
		{7DFCD3B7-EF9F-41BF-BFF1-5913AE212E1E} = {81B7EFE5-84A7-4CD6-89E7-C9C37E1FA56D}
		{8CB6312C-D45A-4778-A8E9-1E0F3809664E} = {00DC5DBE-1C3D-41A4-BF7C-852A6FA13066}
		{969B38C3-751F-4A83-8643-1D3CBBB9B185} = {00DC5DBE-1C3D-41A4-BF7C-852A6FA13066}
		{4E1C1353-FBEA-44A7-BDF1-0AD26F6C4861} = {00DC5DBE-1C3D-41A4-BF7C-852A6FA13066}
		{DE9E7F93-ABA2-4477-AB01-8299438F6585} = {00DC5DBE-1C3D-41A4-BF7C-852A6FA13066}
		{0DD638AA-BAA1-43A9-832D-A0C672320A47} = {AB4F8575-592A-4E94-B350-A8EBA9339860}
		{EE67A799-6E42-4DA5-8E58-4F3D7569046A} = {AB4F8575-592A-4E94-B350-A8EBA9339860}
		{7D8073AD-EAC3-4042-B19A-C2E4D47DA0B4} = {0F1AF5D0-ACAE-4F81-9E88-DED8B06A95B5}
		{26E868B0-AC2F-46E9-88C5-BEE127E40DCE} = {0F1AF5D0-ACAE-4F81-9E88-DED8B06A95B5}
		{73F94D1A-994B-444F-9E4A-60891DE2AC6E} = {0F1AF5D0-ACAE-4F81-9E88-DED8B06A95B5}
		{5A30D0DD-98E3-4F86-A77B-EB3658491156} = {0F1AF5D0-ACAE-4F81-9E88-DED8B06A95B5}
	EndGlobalSection
	GlobalSection(ExtensibilityGlobals) = postSolution
		SolutionGuid = {CA8C3962-E813-4879-BBAA-6DCA13FAC0B8}
	EndGlobalSection
EndGlobal
