
Microsoft Visual Studio Solution File, Format Version 12.00
# Visual Studio Version 16
VisualStudioVersion = 16.0.28711.60
MinimumVisualStudioVersion = 10.0.40219.1
Project("{2150E333-8FDC-42A3-9474-1A3956D46DE8}") = "CSharp", "CSharp", "{0C2286BE-F1F4-4E52-A9FA-1EF056CD9159}"
EndProject
Project("{FAE04EC0-301F-11D3-BF4B-00C04F79EFBC}") = "LoopDateAndTime", "Asp.NetCoreExperiment\CSharp\LoopDateAndTime\LoopDateAndTime.csproj", "{35C2C299-0D50-4852-B9A2-D45B75B6F5E4}"
EndProject
Global
	GlobalSection(SolutionConfigurationPlatforms) = preSolution
		Debug|Any CPU = Debug|Any CPU
		Release|Any CPU = Release|Any CPU
	EndGlobalSection
	GlobalSection(ProjectConfigurationPlatforms) = postSolution
		{35C2C299-0D50-4852-B9A2-D45B75B6F5E4}.Debug|Any CPU.ActiveCfg = Debug|Any CPU
		{35C2C299-0D50-4852-B9A2-D45B75B6F5E4}.Debug|Any CPU.Build.0 = Debug|Any CPU
		{35C2C299-0D50-4852-B9A2-D45B75B6F5E4}.Release|Any CPU.ActiveCfg = Release|Any CPU
		{35C2C299-0D50-4852-B9A2-D45B75B6F5E4}.Release|Any CPU.Build.0 = Release|Any CPU
	EndGlobalSection
	GlobalSection(SolutionProperties) = preSolution
		HideSolutionNode = FALSE
	EndGlobalSection
	GlobalSection(NestedProjects) = preSolution
		{35C2C299-0D50-4852-B9A2-D45B75B6F5E4} = {0C2286BE-F1F4-4E52-A9FA-1EF056CD9159}
	EndGlobalSection
	GlobalSection(ExtensibilityGlobals) = postSolution
		SolutionGuid = {CA8C3962-E813-4879-BBAA-6DCA13FAC0B8}
	EndGlobalSection
EndGlobal
