
Microsoft Visual Studio Solution File, Format Version 12.00
# Visual Studio Version 16
VisualStudioVersion = 16.0.28407.52
MinimumVisualStudioVersion = 10.0.40219.1
Project("{9A19103F-16F7-4668-BE54-9A1E7A4F7556}") = "MyFirstUnitTests", "MyFirstUnitTests\MyFirstUnitTests.csproj", "{E44CA492-928C-48C5-A490-2522D3B96F10}"
EndProject
Project("{FAE04EC0-301F-11D3-BF4B-00C04F79EFBC}") = "ClassLibrary1", "ClassLibrary1\ClassLibrary1.csproj", "{8A4E5EB4-97D2-47D8-BA25-782EABB0F2D7}"
EndProject
Global
	GlobalSection(SolutionConfigurationPlatforms) = preSolution
		Debug|Any CPU = Debug|Any CPU
		Release|Any CPU = Release|Any CPU
	EndGlobalSection
	GlobalSection(ProjectConfigurationPlatforms) = postSolution
		{E44CA492-928C-48C5-A490-2522D3B96F10}.Debug|Any CPU.ActiveCfg = Debug|Any CPU
		{E44CA492-928C-48C5-A490-2522D3B96F10}.Debug|Any CPU.Build.0 = Debug|Any CPU
		{E44CA492-928C-48C5-A490-2522D3B96F10}.Release|Any CPU.ActiveCfg = Release|Any CPU
		{E44CA492-928C-48C5-A490-2522D3B96F10}.Release|Any CPU.Build.0 = Release|Any CPU
		{8A4E5EB4-97D2-47D8-BA25-782EABB0F2D7}.Debug|Any CPU.ActiveCfg = Debug|Any CPU
		{8A4E5EB4-97D2-47D8-BA25-782EABB0F2D7}.Debug|Any CPU.Build.0 = Debug|Any CPU
		{8A4E5EB4-97D2-47D8-BA25-782EABB0F2D7}.Release|Any CPU.ActiveCfg = Release|Any CPU
		{8A4E5EB4-97D2-47D8-BA25-782EABB0F2D7}.Release|Any CPU.Build.0 = Release|Any CPU
	EndGlobalSection
	GlobalSection(SolutionProperties) = preSolution
		HideSolutionNode = FALSE
	EndGlobalSection
	GlobalSection(ExtensibilityGlobals) = postSolution
		SolutionGuid = {A5F5773C-4AEC-4C44-B1EC-F8538D9BF694}
	EndGlobalSection
EndGlobal
