
Microsoft Visual Studio Solution File, Format Version 12.00
# Visual Studio 15
VisualStudioVersion = 15.0.27130.2036
MinimumVisualStudioVersion = 10.0.40219.1
Project("{2150E333-8FDC-42A3-9474-1A3956D46DE8}") = "Hangfire", "Hangfire", "{57C13718-7CA8-4CD7-819F-0F4DE3A14709}"
EndProject
Project("{2150E333-8FDC-42A3-9474-1A3956D46DE8}") = "Solution Items", "Solution Items", "{21CD1FA2-0054-4D79-AEAF-AE5E6F00FCD5}"
EndProject
Project("{9A19103F-16F7-4668-BE54-9A1E7A4F7556}") = "Asp.NetCore_WebPage", "src\Asp.NetCore_WebPage\Asp.NetCore_WebPage.csproj", "{90DE1E8A-74C2-4FBA-9928-A23FBFB3AAF1}"
EndProject
Project("{9A19103F-16F7-4668-BE54-9A1E7A4F7556}") = "Asp.NetCore_WebAPI", "src\Asp.NetCore_WebAPI\Asp.NetCore_WebAPI.csproj", "{D46C37E6-E5E2-4F84-9B16-C4DCC8F44F73}"
EndProject
Project("{9A19103F-16F7-4668-BE54-9A1E7A4F7556}") = "HangfireTest", "HangfireTest\HangfireTest.csproj", "{8C25A77F-643D-4F9B-9055-B059C8A66995}"
EndProject
Project("{9A19103F-16F7-4668-BE54-9A1E7A4F7556}") = "RedisDemo", "RedisDemo\RedisDemo.csproj", "{2CC7BD81-630A-4D2D-ADD7-D41C4A3D7F3D}"
EndProject
Project("{2150E333-8FDC-42A3-9474-1A3956D46DE8}") = "权限管理", "权限管理", "{41B51527-B645-4966-A126-8755EDB19E73}"
EndProject
Project("{9A19103F-16F7-4668-BE54-9A1E7A4F7556}") = "PolicyPrivilegeManagement", "权限管理\PolicyPrivilegeManagement\PolicyPrivilegeManagement.csproj", "{77504B63-2E07-4703-8694-AEBBF58B75B9}"
EndProject
Project("{9A19103F-16F7-4668-BE54-9A1E7A4F7556}") = "PrivilegeManagement", "权限管理\PrivilegeManagement\PrivilegeManagement.csproj", "{2D5E5412-1243-4283-A058-78DEE9AB6EED}"
EndProject
Project("{9A19103F-16F7-4668-BE54-9A1E7A4F7556}") = "RolePrivilegeManagement", "权限管理\RolePrivilegeManagement\RolePrivilegeManagement.csproj", "{4027DAE5-F4EC-4B2A-9219-E6568041ED5D}"
EndProject
Project("{2150E333-8FDC-42A3-9474-1A3956D46DE8}") = "过滤器", "过滤器", "{4DD4891C-A575-46E6-9A6E-44200DAE183B}"
EndProject
Project("{9A19103F-16F7-4668-BE54-9A1E7A4F7556}") = "FilterDemo", "过滤器\FilterDemo\FilterDemo.csproj", "{4E3BB14B-5F7B-4081-92A0-831E8B160F69}"
EndProject
Project("{9A19103F-16F7-4668-BE54-9A1E7A4F7556}") = "SwaggerDemo", "SwaggerDemo\SwaggerDemo.csproj", "{C8DEAFE1-F222-4C27-B3C0-1B1653D428FF}"
EndProject
Project("{2150E333-8FDC-42A3-9474-1A3956D46DE8}") = "Token", "Token", "{F58883E3-D498-4681-AE8D-B28C332667DF}"
EndProject
Project("{9A19103F-16F7-4668-BE54-9A1E7A4F7556}") = "Token_WebAPI", "Token\Token_WebAPI\Token_WebAPI.csproj", "{4615A2D4-81BA-482A-B15A-EACC6B87D180}"
EndProject
Project("{FAE04EC0-301F-11D3-BF4B-00C04F79EFBC}") = "Token_WebApi.Test", "Token\Token_WebApi.Test\Token_WebApi.Test.csproj", "{4939A081-9E09-4A9C-A5C9-98BCB34DEB06}"
EndProject
Project("{9A19103F-16F7-4668-BE54-9A1E7A4F7556}") = "TokenWebApi.Test", "Token\TokenWebApi.Test\TokenWebApi.Test.csproj", "{693AC63A-2455-490D-8F2E-38807BE53C94}"
EndProject
Project("{9A19103F-16F7-4668-BE54-9A1E7A4F7556}") = "TokenWebAPI", "Token\TokenWebAPI\TokenWebAPI.csproj", "{8EC00330-A0C1-4B40-A4AE-289BEBD6E066}"
EndProject
Project("{9A19103F-16F7-4668-BE54-9A1E7A4F7556}") = "Token_WebAPI01", "Token\Token_WebAPI01\Token_WebAPI01.csproj", "{3A7BEE94-B2B0-4EA2-835C-F4CAE32DC09B}"
EndProject
Project("{FAE04EC0-301F-11D3-BF4B-00C04F79EFBC}") = "Token_WebAPI01.Test", "Token\Token_WebAPI01.Test\Token_WebAPI01.Test.csproj", "{8BE0AE85-3717-45CF-AD8D-1DF7FEC9C0C8}"
EndProject
Project("{9A19103F-16F7-4668-BE54-9A1E7A4F7556}") = "ScriptClient", "Token\ScriptClient\ScriptClient.csproj", "{3F40D075-C44F-482F-9267-CD78BD046DCC}"
EndProject
Project("{2150E333-8FDC-42A3-9474-1A3956D46DE8}") = "SSO", "SSO", "{B35B45F6-F387-4339-AB8C-8C815C1F16A2}"
EndProject
Project("{9A19103F-16F7-4668-BE54-9A1E7A4F7556}") = "AuthenticationCenter", "SSO\AuthenticationCenter\AuthenticationCenter.csproj", "{046BAB77-BFBC-4860-9686-F0EC0AE214E4}"
EndProject
Project("{9A19103F-16F7-4668-BE54-9A1E7A4F7556}") = "Demo1", "SSO\Demo1\Demo1.csproj", "{CA046D94-AB7F-4F6D-9B94-9824C2B4C33B}"
EndProject
Project("{2150E333-8FDC-42A3-9474-1A3956D46DE8}") = "Orleans", "Orleans", "{1DCFA250-2AC5-4E37-849C-5D788BCD21F8}"
EndProject
Project("{FAE04EC0-301F-11D3-BF4B-00C04F79EFBC}") = "OrleansHost", "Orleans\OrleansHost\OrleansHost.csproj", "{B707071A-9A8C-48BC-82AF-D2F5DC7F5A19}"
EndProject
Project("{FAE04EC0-301F-11D3-BF4B-00C04F79EFBC}") = "Client", "Orleans\Client\Client.csproj", "{AA72E784-6A2E-43AE-9819-78E551D0FE94}"
EndProject
Project("{FAE04EC0-301F-11D3-BF4B-00C04F79EFBC}") = "Grains", "Orleans\Grains\Grains.csproj", "{F3767B82-515C-42FC-9C91-1ADF98E10BDB}"
EndProject
Project("{FAE04EC0-301F-11D3-BF4B-00C04F79EFBC}") = "IGrains", "Orleans\IGrains\IGrains.csproj", "{91EFA804-1E62-4B3E-959C-917623D2F22B}"
EndProject
Project("{2150E333-8FDC-42A3-9474-1A3956D46DE8}") = "MVC", "MVC", "{DED10F83-C87D-4CA1-8339-6AC820EC44FC}"
EndProject
Project("{9A19103F-16F7-4668-BE54-9A1E7A4F7556}") = "MVCDemo", "MVC\MVCDemo\MVCDemo.csproj", "{9AC0DD8C-5290-4BAE-87A6-39952B78FC49}"
EndProject
Project("{9A19103F-16F7-4668-BE54-9A1E7A4F7556}") = "UserManagerDemo", "MVC\UserManagerDemo\UserManagerDemo.csproj", "{05F928F8-9A8F-4587-9009-B82399B7AF52}"
EndProject
Project("{2150E333-8FDC-42A3-9474-1A3956D46DE8}") = "SpringCloud", "SpringCloud", "{E206D1B0-13CA-462D-A720-90F7D0829FB7}"
EndProject
Project("{9A19103F-16F7-4668-BE54-9A1E7A4F7556}") = "Eureka_Steeltoe", "SpringCloud\Eureka_Steeltoe\Eureka_Steeltoe.csproj", "{CCE17023-9DBC-4781-82B3-B2AB3E173927}"
EndProject
Project("{2150E333-8FDC-42A3-9474-1A3956D46DE8}") = "Dapper", "Dapper", "{282C0114-704A-4506-890B-C326A67419B4}"
EndProject
Project("{9A19103F-16F7-4668-BE54-9A1E7A4F7556}") = "DapperDemo", "DapperDemo\DapperDemo.csproj", "{8DBC8B5A-7757-46DF-BAF3-8860D1E04CBA}"
EndProject
Project("{2150E333-8FDC-42A3-9474-1A3956D46DE8}") = "SignalR", "SignalR", "{DC04B391-371A-4258-AC46-BE4D2CE89AD5}"
EndProject
Project("{2150E333-8FDC-42A3-9474-1A3956D46DE8}") = "AOP", "AOP", "{6D890CDC-ECED-4E68-977D-1D829D3E39D6}"
EndProject
Project("{9A19103F-16F7-4668-BE54-9A1E7A4F7556}") = "AOPDemo", "AOP\AOPDemo\AOPDemo.csproj", "{DC976D9E-1D51-4080-9977-68D9FDA001D0}"
EndProject
Project("{9A19103F-16F7-4668-BE54-9A1E7A4F7556}") = "CachingDemo", "CachingDemo\CachingDemo.csproj", "{4AC29798-49FA-4B5E-8883-858A8A72CBEB}"
EndProject
Project("{2150E333-8FDC-42A3-9474-1A3956D46DE8}") = "ConfigurationDemo", "ConfigurationDemo", "{82169DF9-545A-4050-ADF9-17FD3E0752A6}"
EndProject
Project("{2150E333-8FDC-42A3-9474-1A3956D46DE8}") = "LuceneDemo", "LuceneDemo", "{D19ADB59-C958-4716-953D-86F1611E6289}"
EndProject
Project("{9A19103F-16F7-4668-BE54-9A1E7A4F7556}") = "PostgresqlDemo01", "LuceneDemo\PostgresqlDemo01\PostgresqlDemo01.csproj", "{9544FFCB-0D36-4048-A507-1F57D39645AC}"
EndProject
Project("{9A19103F-16F7-4668-BE54-9A1E7A4F7556}") = "CustomerAnalysis", "LuceneDemo\CustomerAnalysis\CustomerAnalysis.csproj", "{B84A5931-B4FC-4FA2-B9A4-88A0B81A2A0D}"
EndProject
Project("{2150E333-8FDC-42A3-9474-1A3956D46DE8}") = "QuartzNetDemo", "QuartzNetDemo", "{C0B0DB24-83DF-4E4E-8799-1E832397BE76}"
EndProject
Project("{2150E333-8FDC-42A3-9474-1A3956D46DE8}") = "OcelotAndButterfly", "OcelotAndButterfly", "{3A8B0086-ADC5-4A35-9A97-28B3187667C8}"
	ProjectSection(SolutionItems) = preProject
		ReadMe.txt = ReadMe.txt
	EndProjectSection
EndProject
Project("{2150E333-8FDC-42A3-9474-1A3956D46DE8}") = "ProtoActor", "ProtoActor", "{42B39E88-504B-4F8D-B595-9141269ABF2E}"
EndProject
Project("{2150E333-8FDC-42A3-9474-1A3956D46DE8}") = "AKKA", "AKKA", "{F72F8163-1934-4185-A43D-4CAB26E78786}"
EndProject
Project("{2150E333-8FDC-42A3-9474-1A3956D46DE8}") = "Core", "Core", "{BAFF9C97-CF53-448C-8410-99FB84D613F9}"
EndProject
Project("{2150E333-8FDC-42A3-9474-1A3956D46DE8}") = "Polly", "Polly", "{C702E7ED-0A55-4DA6-B1F5-1CF9C742ABB3}"
EndProject
Project("{2150E333-8FDC-42A3-9474-1A3956D46DE8}") = "Butterfly", "Butterfly", "{61796355-A9B7-4F0D-99E5-373823E87DE7}"
EndProject
Project("{9A19103F-16F7-4668-BE54-9A1E7A4F7556}") = "OcelotGateway", "OcelotAndButterfly\OcelotGateway\OcelotGateway.csproj", "{CB39B14C-2E5E-4627-8431-C11141DE8737}"
EndProject
Project("{9A19103F-16F7-4668-BE54-9A1E7A4F7556}") = "API002", "OcelotAndButterfly\API002\API002.csproj", "{12D2BFCA-35C7-45F0-A5C7-B13128D052AC}"
EndProject
Project("{9A19103F-16F7-4668-BE54-9A1E7A4F7556}") = "API001", "OcelotAndButterfly\API001\API001.csproj", "{93A94D05-4F72-40BB-8687-FFF6C824A44A}"
EndProject
Project("{9A19103F-16F7-4668-BE54-9A1E7A4F7556}") = "TestAPI", "OcelotAndButterfly\TestAPI\TestAPI.csproj", "{2803EA39-43BD-448B-A936-0A56026D68EC}"
EndProject
Project("{9A19103F-16F7-4668-BE54-9A1E7A4F7556}") = "Ocelot", "OcelotAndButterfly\Ocelot\Ocelot.csproj", "{5FCAB369-4A82-4B98-972F-662C3250FBD8}"
EndProject
Project("{2150E333-8FDC-42A3-9474-1A3956D46DE8}") = "ConsulOcelot", "ConsulOcelot", "{DD25A49B-CB15-4487-8F1E-AC6BC1083EEF}"
EndProject
Project("{9A19103F-16F7-4668-BE54-9A1E7A4F7556}") = "ButterflyDemo", "Butterfly\ButterflyDemo\ButterflyDemo.csproj", "{B6AE5C9B-FDA7-44AB-853E-F84304B38661}"
EndProject
Project("{9A19103F-16F7-4668-BE54-9A1E7A4F7556}") = "ButterflyDemo2", "Butterfly\ButterflyDemo2\ButterflyDemo2.csproj", "{936F4FB9-F60C-4CF8-A903-3DFB4144F00C}"
EndProject
Project("{9A19103F-16F7-4668-BE54-9A1E7A4F7556}") = "PollyDemo", "Polly\PollyDemo\PollyDemo.csproj", "{8D25239E-301A-45F4-9A4C-6B98CFD4DD60}"
EndProject
Project("{9A19103F-16F7-4668-BE54-9A1E7A4F7556}") = "PollyWebDemo", "Polly\PollyWebDemo\PollyWebDemo.csproj", "{43749B63-9CF5-4FA1-A8B0-7781924F8DFD}"
EndProject
Project("{9A19103F-16F7-4668-BE54-9A1E7A4F7556}") = "ProtoActorDemo", "ProtoActor\ProtoActorDemo\ProtoActorDemo.csproj", "{D94D3365-A378-49FC-B695-12F287F37FF0}"
EndProject
Project("{9A19103F-16F7-4668-BE54-9A1E7A4F7556}") = "QuartzNetDemo1", "QuartzNet\QuartzNetDemo1\QuartzNetDemo1.csproj", "{9AA957F4-CAB7-48C3-9F72-BC35B15CD0D1}"
EndProject
Project("{9A19103F-16F7-4668-BE54-9A1E7A4F7556}") = "QuartzNetDemo2", "QuartzNet\QuartzNetDemo2\QuartzNetDemo2.csproj", "{B73D06E7-9CEC-4907-A3AE-257DA43B2E94}"
EndProject
Project("{9A19103F-16F7-4668-BE54-9A1E7A4F7556}") = "SignalRDemo", "Singal\SignalRDemo\SignalRDemo.csproj", "{BF18C9A8-DE6F-4CF6-9A55-379DA102D451}"
EndProject
Project("{9A19103F-16F7-4668-BE54-9A1E7A4F7556}") = "SignalRDemo01", "Singal\SignalRDemo01\SignalRDemo01.csproj", "{413F9020-EF57-47D2-AD89-D872496E4EA1}"
EndProject
Project("{9A19103F-16F7-4668-BE54-9A1E7A4F7556}") = "RouteDemo", "Singal\RouteDemo\RouteDemo.csproj", "{B9273633-31AB-4CC1-9595-57B5F685D0E8}"
EndProject
Project("{9A19103F-16F7-4668-BE54-9A1E7A4F7556}") = "ConfigurationDemo01", "ConfigurationDemo\ConfigurationDemo01\ConfigurationDemo01.csproj", "{D968D319-5531-43DB-80EF-6F430876CD4F}"
EndProject
Project("{9A19103F-16F7-4668-BE54-9A1E7A4F7556}") = "ConfigurationDemo02", "ConfigurationDemo\ConfigurationDemo02\ConfigurationDemo02.csproj", "{BEF7A4E6-1D01-4E49-9F37-77F24951F232}"
EndProject
Project("{FAE04EC0-301F-11D3-BF4B-00C04F79EFBC}") = "ConfigurationDemo03", "ConfigurationDemo\ConfigurationDemo03\ConfigurationDemo03.csproj", "{7862FC92-1F34-4E2F-B572-47A349CBD71E}"
EndProject
Project("{9A19103F-16F7-4668-BE54-9A1E7A4F7556}") = "OcelotGateway", "ConsulOcelot\OcelotGateway\OcelotGateway.csproj", "{6FA1C4D1-74CC-4437-9388-E176C591F6D2}"
EndProject
Project("{9A19103F-16F7-4668-BE54-9A1E7A4F7556}") = "API002", "ConsulOcelot\API002\API002.csproj", "{422496BC-A150-4667-90C5-AFE394CD0A0D}"
EndProject
Project("{9A19103F-16F7-4668-BE54-9A1E7A4F7556}") = "API001", "ConsulOcelot\API001\API001.csproj", "{9909DC13-7656-4BD8-98D0-53878BD588A1}"
EndProject
Project("{2150E333-8FDC-42A3-9474-1A3956D46DE8}") = "Consul", "Consul", "{611D1178-0D17-4175-A806-17F4B2A80C0D}"
EndProject
Project("{911E67C6-3D85-4FCE-B560-20A9C3E3FF48}") = "consul", "ConsulOcelot\consul\consul.exe", "{4F0D80E4-1918-47B9-87D1-BE197DA8CC61}"
EndProject
Project("{2150E333-8FDC-42A3-9474-1A3956D46DE8}") = "conf", "conf", "{7C580099-E98A-4F7E-80FF-D6A01740C396}"
	ProjectSection(SolutionItems) = preProject
		ConsulOcelot\consul\conf\service.json = ConsulOcelot\consul\conf\service.json
		ConsulOcelot\consul\conf\watchs.json = ConsulOcelot\consul\conf\watchs.json
		ConsulOcelot\consul\conf\xacl.json = ConsulOcelot\consul\conf\xacl.json
	EndProjectSection
EndProject
Project("{9A19103F-16F7-4668-BE54-9A1E7A4F7556}") = "TestClient", "ConsulOcelot\TestClient\TestClient.csproj", "{C6A76982-0936-4681-9565-0D27E5B89534}"
EndProject
Project("{2150E333-8FDC-42A3-9474-1A3956D46DE8}") = "ExceptionlessDemo", "ExceptionlessDemo", "{3154B798-4FDF-4A9B-8539-BC99B448FA64}"
EndProject
Project("{9A19103F-16F7-4668-BE54-9A1E7A4F7556}") = "ExceptionlessDemo01", "ExceptionlessDemo\ExceptionlessDemo01\ExceptionlessDemo01.csproj", "{33DB47E4-3588-40B7-8AD9-1AFC8AF5A391}"
EndProject
Project("{9A19103F-16F7-4668-BE54-9A1E7A4F7556}") = "MyAnalysis", "LuceneDemo\MyAnalysis\MyAnalysis.csproj", "{AC8EC8AD-A182-46D1-A9B8-899D3D7BF3F1}"
EndProject
Project("{9A19103F-16F7-4668-BE54-9A1E7A4F7556}") = "RouteDemo", "ProtoActor\RouteDemo\RouteDemo.csproj", "{3DE5453F-834F-4CE2-AEA1-BC852903378B}"
EndProject
Project("{2150E333-8FDC-42A3-9474-1A3956D46DE8}") = "Framework", "Framework", "{9EA8A7CE-569D-4A04-98D8-ECE52F9DF968}"
EndProject
Project("{2150E333-8FDC-42A3-9474-1A3956D46DE8}") = "ServerClient", "ServerClient", "{32FEB394-2529-4CB1-B4FC-2629494B20FD}"
EndProject
Project("{9A19103F-16F7-4668-BE54-9A1E7A4F7556}") = "CoreClient", "AKKA\Core\ServerClient\CoreClient\CoreClient.csproj", "{D8AF56AE-80F6-4300-9B52-CD48B257DD9D}"
EndProject
Project("{9A19103F-16F7-4668-BE54-9A1E7A4F7556}") = "CoreServer", "AKKA\Core\ServerClient\CoreServer\CoreServer.csproj", "{14C3CA16-D84E-4CB0-9586-63F708107C0F}"
EndProject
Project("{9A19103F-16F7-4668-BE54-9A1E7A4F7556}") = "StandardCommon", "AKKA\Core\ServerClient\StandardCommon\StandardCommon.csproj", "{D2A228D3-663E-4A1F-9650-D4664B38D750}"
EndProject
Project("{FAE04EC0-301F-11D3-BF4B-00C04F79EFBC}") = "Client", "AKKA\framework\Client\Client.csproj", "{DAE3BEDF-DB56-4B09-8C46-627CF6AB1086}"
EndProject
Project("{FAE04EC0-301F-11D3-BF4B-00C04F79EFBC}") = "Common", "AKKA\framework\Common\Common.csproj", "{D1277623-E109-41B8-988E-60BE333119EC}"
EndProject
Project("{FAE04EC0-301F-11D3-BF4B-00C04F79EFBC}") = "Server", "AKKA\framework\Server\Server.csproj", "{9C20171D-0C1F-44B6-9484-8D7297D0C6E2}"
EndProject
Project("{9A19103F-16F7-4668-BE54-9A1E7A4F7556}") = "Demo01", "AKKA\Core\Demo01\Demo01.csproj", "{F5FCC0E9-29ED-4906-8CDD-059D175B73E4}"
EndProject
Project("{9A19103F-16F7-4668-BE54-9A1E7A4F7556}") = "Demo02", "AKKA\Core\Demo02\Demo02.csproj", "{3CB43636-C922-41E9-AFE9-F95A2A66D78F}"
EndProject
Project("{9A19103F-16F7-4668-BE54-9A1E7A4F7556}") = "Demo03", "AKKA\Core\Demo03\Demo03.csproj", "{A1182182-EB29-4140-8299-65DD8834A9D2}"
EndProject
Project("{9A19103F-16F7-4668-BE54-9A1E7A4F7556}") = "Demo04", "AKKA\Core\Demo04\Demo04.csproj", "{D36BFDCD-A7A7-4296-9DD3-C094CF5AC126}"
EndProject
Project("{9A19103F-16F7-4668-BE54-9A1E7A4F7556}") = "Demo05", "AKKA\Core\Demo05\Demo05.csproj", "{527CECD4-A400-4A93-AAF4-23F9EFCD4497}"
EndProject
Project("{9A19103F-16F7-4668-BE54-9A1E7A4F7556}") = "Demo06", "AKKA\Core\Demo06\Demo06.csproj", "{701E4176-4C09-49ED-AAD1-541C5280C5AB}"
EndProject
Project("{FAE04EC0-301F-11D3-BF4B-00C04F79EFBC}") = "Demo07", "AKKA\Core\Demo07\Demo07.csproj", "{BDD7B010-C590-4A02-A72B-53F70DB95AD9}"
EndProject
Project("{FAE04EC0-301F-11D3-BF4B-00C04F79EFBC}") = "Demo08", "AKKA\Core\Demo08\Demo08.csproj", "{85F8C2F5-2D2F-4940-8F50-1E7788D51F23}"
EndProject
Project("{2150E333-8FDC-42A3-9474-1A3956D46DE8}") = "RabbitMQDemo", "RabbitMQDemo", "{4AA20F96-0AAD-4D37-B6E3-04A30BDCC420}"
EndProject
Project("{9A19103F-16F7-4668-BE54-9A1E7A4F7556}") = "Demo001_WebAPI", "RabbitMQDemo\Demo001_WebAPI\Demo001_WebAPI.csproj", "{01F9C912-FA34-4C9B-813B-B94D60A94510}"
EndProject
Project("{9A19103F-16F7-4668-BE54-9A1E7A4F7556}") = "Demo002_WebAPITest", "RabbitMQDemo\Demo002_WebAPITest\Demo002_WebAPITest.csproj", "{E1740C99-9E3B-45C6-9C48-51A8C38A01E5}"
EndProject
Project("{9A19103F-16F7-4668-BE54-9A1E7A4F7556}") = "Demo003", "RabbitMQDemo\Demo003\Demo003.csproj", "{497B663C-349F-4551-97F5-08EA2A6DB9A5}"
EndProject
Project("{9A19103F-16F7-4668-BE54-9A1E7A4F7556}") = "Demo004", "RabbitMQDemo\Demo004\Demo004.csproj", "{DEF79147-E553-488D-95C0-39AF804BBD25}"
EndProject
Project("{9A19103F-16F7-4668-BE54-9A1E7A4F7556}") = "Demo005", "RabbitMQDemo\Demo005\Demo005.csproj", "{D554A957-FCFB-48F4-9D26-F8FA46FF70EE}"
EndProject
Project("{9A19103F-16F7-4668-BE54-9A1E7A4F7556}") = "Demo006", "RabbitMQDemo\Demo006\Demo006.csproj", "{37EDE834-30E3-4D79-B5D7-C607658B741A}"
EndProject
Project("{9A19103F-16F7-4668-BE54-9A1E7A4F7556}") = "Demo007", "RabbitMQDemo\Demo007\Demo007.csproj", "{3D32C42E-F75C-47D2-8D7B-CF3AC17A36B7}"
EndProject
Project("{FAE04EC0-301F-11D3-BF4B-00C04F79EFBC}") = "Demo008", "RabbitMQDemo\Demo008\Demo008.csproj", "{F6DB393D-3757-4CDD-9520-4878D1CA5654}"
EndProject
Project("{FAE04EC0-301F-11D3-BF4B-00C04F79EFBC}") = "Demo009", "RabbitMQDemo\Demo009\Demo009.csproj", "{4035F40A-3F37-4570-AFFD-88BA17203C0A}"
EndProject
Project("{FAE04EC0-301F-11D3-BF4B-00C04F79EFBC}") = "Demo010", "RabbitMQDemo\Demo010\Demo010.csproj", "{775582A7-952A-41CC-B62D-5B8B5FCBCF51}"
EndProject
Project("{9A19103F-16F7-4668-BE54-9A1E7A4F7556}") = "Demo011", "RabbitMQDemo\Demo011\Demo011.csproj", "{0A3231B4-2BD3-42E0-B73D-890E771331A7}"
EndProject
Project("{9A19103F-16F7-4668-BE54-9A1E7A4F7556}") = "Demo012", "RabbitMQDemo\Demo012\Demo012.csproj", "{8AF5E148-0939-4724-9799-DCA810191C8F}"
EndProject
Project("{2150E333-8FDC-42A3-9474-1A3956D46DE8}") = "Masstransit", "Masstransit", "{B439BAED-C8AD-407E-9992-2948EA698937}"
EndProject
Project("{9A19103F-16F7-4668-BE54-9A1E7A4F7556}") = "Demo001", "Masstransit\Demo001\Demo001.csproj", "{4801A744-ACC9-4D99-8A36-786B3D4CB3E4}"
EndProject
Project("{9A19103F-16F7-4668-BE54-9A1E7A4F7556}") = "Demo002", "Masstransit\Demo0002\Demo002.csproj", "{F0D1314E-607C-481C-98C1-1EC5B90A9588}"
EndProject
Project("{FAE04EC0-301F-11D3-BF4B-00C04F79EFBC}") = "PSDemo_Publisher", "Masstransit\PSDemo_Publisher\PSDemo_Publisher.csproj", "{FE4CBE65-9B8B-4C1E-BB35-01E34CF6A492}"
EndProject
Project("{FAE04EC0-301F-11D3-BF4B-00C04F79EFBC}") = "PSDemo_Entity", "Masstransit\PSDemo_Entity\PSDemo_Entity.csproj", "{FDE71840-ED3E-423C-9286-4222C7E27F74}"
EndProject
Project("{FAE04EC0-301F-11D3-BF4B-00C04F79EFBC}") = "PSDemo_SubscriberA", "Masstransit\PSDemo_SubscriberA\PSDemo_SubscriberA.csproj", "{99605E30-E23B-4EDD-B770-C815B916829F}"
EndProject
Project("{FAE04EC0-301F-11D3-BF4B-00C04F79EFBC}") = "PSDemo_SubscriberB", "Masstransit\PSDemo_SubscriberB\PSDemo_SubscriberB.csproj", "{CDCD839B-CE2F-49DA-8A79-D479C4366F35}"
EndProject
Project("{FAE04EC0-301F-11D3-BF4B-00C04F79EFBC}") = "MEDemo_Entity", "Masstransit\MEDemo_Entity\MEDemo_Entity.csproj", "{8DC6E756-E0AA-40BF-B530-1CD619F2C67F}"
EndProject
Project("{FAE04EC0-301F-11D3-BF4B-00C04F79EFBC}") = "MEDemo_Producer", "Masstransit\MEDemo_Producer\MEDemo_Producer.csproj", "{DB1A3D5B-99A5-4BBE-85F7-79B69DF33542}"
EndProject
Project("{FAE04EC0-301F-11D3-BF4B-00C04F79EFBC}") = "MEDemo_ConsumerA", "Masstransit\MEDemo_ConsumerA\MEDemo_ConsumerA.csproj", "{46671B86-ECD6-4A78-AE85-E12DC35D235C}"
EndProject
Project("{9A19103F-16F7-4668-BE54-9A1E7A4F7556}") = "RRDemo_Entity", "Masstransit\RRDemo_Entity\RRDemo_Entity.csproj", "{18DA7D4B-2772-4140-BDE4-A7473FC7A1F2}"
EndProject
Project("{9A19103F-16F7-4668-BE54-9A1E7A4F7556}") = "RRDemo_Client", "Masstransit\RRDemo_Client\RRDemo_Client.csproj", "{244044FA-C520-4325-80DA-320540919D7D}"
EndProject
Project("{9A19103F-16F7-4668-BE54-9A1E7A4F7556}") = "RRDemo_Server", "Masstransit\RRDemo_Server\RRDemo_Server.csproj", "{88A4D296-B6DD-4097-953F-3541B9764D5E}"
EndProject
Project("{2150E333-8FDC-42A3-9474-1A3956D46DE8}") = "DDD", "DDD", "{2C867451-88A8-4743-B818-8D31C94D0A1F}"
EndProject
Project("{9A19103F-16F7-4668-BE54-9A1E7A4F7556}") = "Demo.Application", "DDD\Demo.Application\Demo.Application.csproj", "{F9F3BB67-5640-43F4-83B1-0C19477805EF}"
EndProject
Project("{9A19103F-16F7-4668-BE54-9A1E7A4F7556}") = "Demo.Domain", "DDD\Demo.Domain\Demo.Domain.csproj", "{43374717-8681-4A27-B8C3-ED084DEC660B}"
EndProject
Project("{9A19103F-16F7-4668-BE54-9A1E7A4F7556}") = "Demo.Infrastructure", "DDD\Demo.Infrastructure\Demo.Infrastructure.csproj", "{44046A3D-9EF1-44DF-9344-ABBBA775668C}"
EndProject
Project("{2150E333-8FDC-42A3-9474-1A3956D46DE8}") = "MediatRSample和FluentValidation", "MediatRSample和FluentValidation", "{C686181D-E016-4CA8-976A-3307776406A2}"
EndProject
Project("{9A19103F-16F7-4668-BE54-9A1E7A4F7556}") = "TTT.ABC.MediatRDemo", "MediatRSample\MediatRDemo\TTT.ABC.MediatRDemo.csproj", "{812DCF09-C80F-4049-990F-5CE6D5E0F8A1}"
EndProject
Project("{9A19103F-16F7-4668-BE54-9A1E7A4F7556}") = "TTT.ABC", "MediatRSample\TTT.ABC\TTT.ABC.csproj", "{26AB5261-40F8-467D-92A1-B54E04ED14D1}"
EndProject
Project("{2150E333-8FDC-42A3-9474-1A3956D46DE8}") = "Doc", "Doc", "{00AFA80D-AAC4-4C92-9585-2BF34E9492F3}"
	ProjectSection(SolutionItems) = preProject
		DDD\Doc\DDD.docx = DDD\Doc\DDD.docx
	EndProjectSection
EndProject
Project("{9A19103F-16F7-4668-BE54-9A1E7A4F7556}") = "PollyDemo01", "Polly\PollyDemo01\PollyDemo01.csproj", "{051255FA-D8C1-4AC5-8E91-2338521AD056}"
EndProject
Project("{2150E333-8FDC-42A3-9474-1A3956D46DE8}") = "ORM", "ORM", "{0AF7A0CE-A08D-4768-8D64-78592F4C658E}"
EndProject
Project("{9A19103F-16F7-4668-BE54-9A1E7A4F7556}") = "SqlSugarDemo", "ORM\SqlSugarDemo\SqlSugarDemo.csproj", "{34C535BE-A5E8-42BC-9ACA-01BAB32DFB0F}"
EndProject
Project("{FAE04EC0-301F-11D3-BF4B-00C04F79EFBC}") = "DosORMDemo", "ORM\DosORMDemo\DosORMDemo.csproj", "{4C211947-0BDB-40C7-83A6-9DCB7CB8DA38}"
EndProject
Project("{FAE04EC0-301F-11D3-BF4B-00C04F79EFBC}") = "ChloeDemo", "ORM\ChloeDemo\ChloeDemo.csproj", "{BADA4F6A-A889-420B-ACCE-08A96C74B935}"
EndProject
Project("{9A19103F-16F7-4668-BE54-9A1E7A4F7556}") = "ORMLiteDemo", "ORM\ORMLiteDemo\ORMLiteDemo.csproj", "{D828AB64-FD7C-45AA-8E1D-1E5189EC0BF5}"
EndProject
Project("{FAE04EC0-301F-11D3-BF4B-00C04F79EFBC}") = "Linq2DBDemo", "ORM\Linq2DBDemo\Linq2DBDemo.csproj", "{A22234EE-2357-4FB0-A95E-F1A664730FA9}"
EndProject
Global
	GlobalSection(SolutionConfigurationPlatforms) = preSolution
		Debug|Any CPU = Debug|Any CPU
		Debug|x64 = Debug|x64
		Release|Any CPU = Release|Any CPU
		Release|x64 = Release|x64
	EndGlobalSection
	GlobalSection(ProjectConfigurationPlatforms) = postSolution
		{90DE1E8A-74C2-4FBA-9928-A23FBFB3AAF1}.Debug|Any CPU.ActiveCfg = Debug|Any CPU
		{90DE1E8A-74C2-4FBA-9928-A23FBFB3AAF1}.Debug|Any CPU.Build.0 = Debug|Any CPU
		{90DE1E8A-74C2-4FBA-9928-A23FBFB3AAF1}.Debug|x64.ActiveCfg = Debug|Any CPU
		{90DE1E8A-74C2-4FBA-9928-A23FBFB3AAF1}.Release|Any CPU.ActiveCfg = Release|Any CPU
		{90DE1E8A-74C2-4FBA-9928-A23FBFB3AAF1}.Release|Any CPU.Build.0 = Release|Any CPU
		{90DE1E8A-74C2-4FBA-9928-A23FBFB3AAF1}.Release|x64.ActiveCfg = Release|Any CPU
		{D46C37E6-E5E2-4F84-9B16-C4DCC8F44F73}.Debug|Any CPU.ActiveCfg = Debug|Any CPU
		{D46C37E6-E5E2-4F84-9B16-C4DCC8F44F73}.Debug|Any CPU.Build.0 = Debug|Any CPU
		{D46C37E6-E5E2-4F84-9B16-C4DCC8F44F73}.Debug|x64.ActiveCfg = Debug|Any CPU
		{D46C37E6-E5E2-4F84-9B16-C4DCC8F44F73}.Release|Any CPU.ActiveCfg = Release|Any CPU
		{D46C37E6-E5E2-4F84-9B16-C4DCC8F44F73}.Release|Any CPU.Build.0 = Release|Any CPU
		{D46C37E6-E5E2-4F84-9B16-C4DCC8F44F73}.Release|x64.ActiveCfg = Release|Any CPU
		{8C25A77F-643D-4F9B-9055-B059C8A66995}.Debug|Any CPU.ActiveCfg = Debug|Any CPU
		{8C25A77F-643D-4F9B-9055-B059C8A66995}.Debug|Any CPU.Build.0 = Debug|Any CPU
		{8C25A77F-643D-4F9B-9055-B059C8A66995}.Debug|x64.ActiveCfg = Debug|Any CPU
		{8C25A77F-643D-4F9B-9055-B059C8A66995}.Release|Any CPU.ActiveCfg = Release|Any CPU
		{8C25A77F-643D-4F9B-9055-B059C8A66995}.Release|Any CPU.Build.0 = Release|Any CPU
		{8C25A77F-643D-4F9B-9055-B059C8A66995}.Release|x64.ActiveCfg = Release|Any CPU
		{2CC7BD81-630A-4D2D-ADD7-D41C4A3D7F3D}.Debug|Any CPU.ActiveCfg = Debug|Any CPU
		{2CC7BD81-630A-4D2D-ADD7-D41C4A3D7F3D}.Debug|Any CPU.Build.0 = Debug|Any CPU
		{2CC7BD81-630A-4D2D-ADD7-D41C4A3D7F3D}.Debug|x64.ActiveCfg = Debug|Any CPU
		{2CC7BD81-630A-4D2D-ADD7-D41C4A3D7F3D}.Release|Any CPU.ActiveCfg = Release|Any CPU
		{2CC7BD81-630A-4D2D-ADD7-D41C4A3D7F3D}.Release|Any CPU.Build.0 = Release|Any CPU
		{2CC7BD81-630A-4D2D-ADD7-D41C4A3D7F3D}.Release|x64.ActiveCfg = Release|Any CPU
		{77504B63-2E07-4703-8694-AEBBF58B75B9}.Debug|Any CPU.ActiveCfg = Debug|Any CPU
		{77504B63-2E07-4703-8694-AEBBF58B75B9}.Debug|Any CPU.Build.0 = Debug|Any CPU
		{77504B63-2E07-4703-8694-AEBBF58B75B9}.Debug|x64.ActiveCfg = Debug|Any CPU
		{77504B63-2E07-4703-8694-AEBBF58B75B9}.Release|Any CPU.ActiveCfg = Release|Any CPU
		{77504B63-2E07-4703-8694-AEBBF58B75B9}.Release|Any CPU.Build.0 = Release|Any CPU
		{77504B63-2E07-4703-8694-AEBBF58B75B9}.Release|x64.ActiveCfg = Release|Any CPU
		{2D5E5412-1243-4283-A058-78DEE9AB6EED}.Debug|Any CPU.ActiveCfg = Debug|Any CPU
		{2D5E5412-1243-4283-A058-78DEE9AB6EED}.Debug|Any CPU.Build.0 = Debug|Any CPU
		{2D5E5412-1243-4283-A058-78DEE9AB6EED}.Debug|x64.ActiveCfg = Debug|Any CPU
		{2D5E5412-1243-4283-A058-78DEE9AB6EED}.Release|Any CPU.ActiveCfg = Release|Any CPU
		{2D5E5412-1243-4283-A058-78DEE9AB6EED}.Release|Any CPU.Build.0 = Release|Any CPU
		{2D5E5412-1243-4283-A058-78DEE9AB6EED}.Release|x64.ActiveCfg = Release|Any CPU
		{4027DAE5-F4EC-4B2A-9219-E6568041ED5D}.Debug|Any CPU.ActiveCfg = Debug|Any CPU
		{4027DAE5-F4EC-4B2A-9219-E6568041ED5D}.Debug|Any CPU.Build.0 = Debug|Any CPU
		{4027DAE5-F4EC-4B2A-9219-E6568041ED5D}.Debug|x64.ActiveCfg = Debug|Any CPU
		{4027DAE5-F4EC-4B2A-9219-E6568041ED5D}.Release|Any CPU.ActiveCfg = Release|Any CPU
		{4027DAE5-F4EC-4B2A-9219-E6568041ED5D}.Release|Any CPU.Build.0 = Release|Any CPU
		{4027DAE5-F4EC-4B2A-9219-E6568041ED5D}.Release|x64.ActiveCfg = Release|Any CPU
		{4E3BB14B-5F7B-4081-92A0-831E8B160F69}.Debug|Any CPU.ActiveCfg = Debug|Any CPU
		{4E3BB14B-5F7B-4081-92A0-831E8B160F69}.Debug|Any CPU.Build.0 = Debug|Any CPU
		{4E3BB14B-5F7B-4081-92A0-831E8B160F69}.Debug|x64.ActiveCfg = Debug|Any CPU
		{4E3BB14B-5F7B-4081-92A0-831E8B160F69}.Release|Any CPU.ActiveCfg = Release|Any CPU
		{4E3BB14B-5F7B-4081-92A0-831E8B160F69}.Release|Any CPU.Build.0 = Release|Any CPU
		{4E3BB14B-5F7B-4081-92A0-831E8B160F69}.Release|x64.ActiveCfg = Release|Any CPU
		{C8DEAFE1-F222-4C27-B3C0-1B1653D428FF}.Debug|Any CPU.ActiveCfg = Debug|Any CPU
		{C8DEAFE1-F222-4C27-B3C0-1B1653D428FF}.Debug|Any CPU.Build.0 = Debug|Any CPU
		{C8DEAFE1-F222-4C27-B3C0-1B1653D428FF}.Debug|x64.ActiveCfg = Debug|Any CPU
		{C8DEAFE1-F222-4C27-B3C0-1B1653D428FF}.Debug|x64.Build.0 = Debug|Any CPU
		{C8DEAFE1-F222-4C27-B3C0-1B1653D428FF}.Release|Any CPU.ActiveCfg = Release|Any CPU
		{C8DEAFE1-F222-4C27-B3C0-1B1653D428FF}.Release|Any CPU.Build.0 = Release|Any CPU
		{C8DEAFE1-F222-4C27-B3C0-1B1653D428FF}.Release|x64.ActiveCfg = Release|Any CPU
		{C8DEAFE1-F222-4C27-B3C0-1B1653D428FF}.Release|x64.Build.0 = Release|Any CPU
		{4615A2D4-81BA-482A-B15A-EACC6B87D180}.Debug|Any CPU.ActiveCfg = Debug|Any CPU
		{4615A2D4-81BA-482A-B15A-EACC6B87D180}.Debug|Any CPU.Build.0 = Debug|Any CPU
		{4615A2D4-81BA-482A-B15A-EACC6B87D180}.Debug|x64.ActiveCfg = Debug|Any CPU
		{4615A2D4-81BA-482A-B15A-EACC6B87D180}.Release|Any CPU.ActiveCfg = Release|Any CPU
		{4615A2D4-81BA-482A-B15A-EACC6B87D180}.Release|Any CPU.Build.0 = Release|Any CPU
		{4615A2D4-81BA-482A-B15A-EACC6B87D180}.Release|x64.ActiveCfg = Release|Any CPU
		{4939A081-9E09-4A9C-A5C9-98BCB34DEB06}.Debug|Any CPU.ActiveCfg = Debug|Any CPU
		{4939A081-9E09-4A9C-A5C9-98BCB34DEB06}.Debug|Any CPU.Build.0 = Debug|Any CPU
		{4939A081-9E09-4A9C-A5C9-98BCB34DEB06}.Debug|x64.ActiveCfg = Debug|Any CPU
		{4939A081-9E09-4A9C-A5C9-98BCB34DEB06}.Release|Any CPU.ActiveCfg = Release|Any CPU
		{4939A081-9E09-4A9C-A5C9-98BCB34DEB06}.Release|Any CPU.Build.0 = Release|Any CPU
		{4939A081-9E09-4A9C-A5C9-98BCB34DEB06}.Release|x64.ActiveCfg = Release|Any CPU
		{693AC63A-2455-490D-8F2E-38807BE53C94}.Debug|Any CPU.ActiveCfg = Debug|Any CPU
		{693AC63A-2455-490D-8F2E-38807BE53C94}.Debug|Any CPU.Build.0 = Debug|Any CPU
		{693AC63A-2455-490D-8F2E-38807BE53C94}.Debug|x64.ActiveCfg = Debug|Any CPU
		{693AC63A-2455-490D-8F2E-38807BE53C94}.Release|Any CPU.ActiveCfg = Release|Any CPU
		{693AC63A-2455-490D-8F2E-38807BE53C94}.Release|Any CPU.Build.0 = Release|Any CPU
		{693AC63A-2455-490D-8F2E-38807BE53C94}.Release|x64.ActiveCfg = Release|Any CPU
		{8EC00330-A0C1-4B40-A4AE-289BEBD6E066}.Debug|Any CPU.ActiveCfg = Debug|Any CPU
		{8EC00330-A0C1-4B40-A4AE-289BEBD6E066}.Debug|Any CPU.Build.0 = Debug|Any CPU
		{8EC00330-A0C1-4B40-A4AE-289BEBD6E066}.Debug|x64.ActiveCfg = Debug|Any CPU
		{8EC00330-A0C1-4B40-A4AE-289BEBD6E066}.Release|Any CPU.ActiveCfg = Release|Any CPU
		{8EC00330-A0C1-4B40-A4AE-289BEBD6E066}.Release|Any CPU.Build.0 = Release|Any CPU
		{8EC00330-A0C1-4B40-A4AE-289BEBD6E066}.Release|x64.ActiveCfg = Release|Any CPU
		{3A7BEE94-B2B0-4EA2-835C-F4CAE32DC09B}.Debug|Any CPU.ActiveCfg = Debug|Any CPU
		{3A7BEE94-B2B0-4EA2-835C-F4CAE32DC09B}.Debug|Any CPU.Build.0 = Debug|Any CPU
		{3A7BEE94-B2B0-4EA2-835C-F4CAE32DC09B}.Debug|x64.ActiveCfg = Debug|Any CPU
		{3A7BEE94-B2B0-4EA2-835C-F4CAE32DC09B}.Release|Any CPU.ActiveCfg = Release|Any CPU
		{3A7BEE94-B2B0-4EA2-835C-F4CAE32DC09B}.Release|Any CPU.Build.0 = Release|Any CPU
		{3A7BEE94-B2B0-4EA2-835C-F4CAE32DC09B}.Release|x64.ActiveCfg = Release|Any CPU
		{8BE0AE85-3717-45CF-AD8D-1DF7FEC9C0C8}.Debug|Any CPU.ActiveCfg = Debug|Any CPU
		{8BE0AE85-3717-45CF-AD8D-1DF7FEC9C0C8}.Debug|Any CPU.Build.0 = Debug|Any CPU
		{8BE0AE85-3717-45CF-AD8D-1DF7FEC9C0C8}.Debug|x64.ActiveCfg = Debug|Any CPU
		{8BE0AE85-3717-45CF-AD8D-1DF7FEC9C0C8}.Release|Any CPU.ActiveCfg = Release|Any CPU
		{8BE0AE85-3717-45CF-AD8D-1DF7FEC9C0C8}.Release|Any CPU.Build.0 = Release|Any CPU
		{8BE0AE85-3717-45CF-AD8D-1DF7FEC9C0C8}.Release|x64.ActiveCfg = Release|Any CPU
		{3F40D075-C44F-482F-9267-CD78BD046DCC}.Debug|Any CPU.ActiveCfg = Debug|Any CPU
		{3F40D075-C44F-482F-9267-CD78BD046DCC}.Debug|Any CPU.Build.0 = Debug|Any CPU
		{3F40D075-C44F-482F-9267-CD78BD046DCC}.Debug|x64.ActiveCfg = Debug|Any CPU
		{3F40D075-C44F-482F-9267-CD78BD046DCC}.Release|Any CPU.ActiveCfg = Release|Any CPU
		{3F40D075-C44F-482F-9267-CD78BD046DCC}.Release|Any CPU.Build.0 = Release|Any CPU
		{3F40D075-C44F-482F-9267-CD78BD046DCC}.Release|x64.ActiveCfg = Release|Any CPU
		{046BAB77-BFBC-4860-9686-F0EC0AE214E4}.Debug|Any CPU.ActiveCfg = Debug|Any CPU
		{046BAB77-BFBC-4860-9686-F0EC0AE214E4}.Debug|Any CPU.Build.0 = Debug|Any CPU
		{046BAB77-BFBC-4860-9686-F0EC0AE214E4}.Debug|x64.ActiveCfg = Debug|Any CPU
		{046BAB77-BFBC-4860-9686-F0EC0AE214E4}.Release|Any CPU.ActiveCfg = Release|Any CPU
		{046BAB77-BFBC-4860-9686-F0EC0AE214E4}.Release|Any CPU.Build.0 = Release|Any CPU
		{046BAB77-BFBC-4860-9686-F0EC0AE214E4}.Release|x64.ActiveCfg = Release|Any CPU
		{CA046D94-AB7F-4F6D-9B94-9824C2B4C33B}.Debug|Any CPU.ActiveCfg = Debug|Any CPU
		{CA046D94-AB7F-4F6D-9B94-9824C2B4C33B}.Debug|Any CPU.Build.0 = Debug|Any CPU
		{CA046D94-AB7F-4F6D-9B94-9824C2B4C33B}.Debug|x64.ActiveCfg = Debug|Any CPU
		{CA046D94-AB7F-4F6D-9B94-9824C2B4C33B}.Release|Any CPU.ActiveCfg = Release|Any CPU
		{CA046D94-AB7F-4F6D-9B94-9824C2B4C33B}.Release|Any CPU.Build.0 = Release|Any CPU
		{CA046D94-AB7F-4F6D-9B94-9824C2B4C33B}.Release|x64.ActiveCfg = Release|Any CPU
		{B707071A-9A8C-48BC-82AF-D2F5DC7F5A19}.Debug|Any CPU.ActiveCfg = Debug|Any CPU
		{B707071A-9A8C-48BC-82AF-D2F5DC7F5A19}.Debug|Any CPU.Build.0 = Debug|Any CPU
		{B707071A-9A8C-48BC-82AF-D2F5DC7F5A19}.Debug|x64.ActiveCfg = Debug|Any CPU
		{B707071A-9A8C-48BC-82AF-D2F5DC7F5A19}.Release|Any CPU.ActiveCfg = Release|Any CPU
		{B707071A-9A8C-48BC-82AF-D2F5DC7F5A19}.Release|Any CPU.Build.0 = Release|Any CPU
		{B707071A-9A8C-48BC-82AF-D2F5DC7F5A19}.Release|x64.ActiveCfg = Release|Any CPU
		{AA72E784-6A2E-43AE-9819-78E551D0FE94}.Debug|Any CPU.ActiveCfg = Debug|Any CPU
		{AA72E784-6A2E-43AE-9819-78E551D0FE94}.Debug|Any CPU.Build.0 = Debug|Any CPU
		{AA72E784-6A2E-43AE-9819-78E551D0FE94}.Debug|x64.ActiveCfg = Debug|Any CPU
		{AA72E784-6A2E-43AE-9819-78E551D0FE94}.Release|Any CPU.ActiveCfg = Release|Any CPU
		{AA72E784-6A2E-43AE-9819-78E551D0FE94}.Release|Any CPU.Build.0 = Release|Any CPU
		{AA72E784-6A2E-43AE-9819-78E551D0FE94}.Release|x64.ActiveCfg = Release|Any CPU
		{F3767B82-515C-42FC-9C91-1ADF98E10BDB}.Debug|Any CPU.ActiveCfg = Debug|Any CPU
		{F3767B82-515C-42FC-9C91-1ADF98E10BDB}.Debug|Any CPU.Build.0 = Debug|Any CPU
		{F3767B82-515C-42FC-9C91-1ADF98E10BDB}.Debug|x64.ActiveCfg = Debug|Any CPU
		{F3767B82-515C-42FC-9C91-1ADF98E10BDB}.Release|Any CPU.ActiveCfg = Release|Any CPU
		{F3767B82-515C-42FC-9C91-1ADF98E10BDB}.Release|Any CPU.Build.0 = Release|Any CPU
		{F3767B82-515C-42FC-9C91-1ADF98E10BDB}.Release|x64.ActiveCfg = Release|Any CPU
		{91EFA804-1E62-4B3E-959C-917623D2F22B}.Debug|Any CPU.ActiveCfg = Debug|Any CPU
		{91EFA804-1E62-4B3E-959C-917623D2F22B}.Debug|Any CPU.Build.0 = Debug|Any CPU
		{91EFA804-1E62-4B3E-959C-917623D2F22B}.Debug|x64.ActiveCfg = Debug|Any CPU
		{91EFA804-1E62-4B3E-959C-917623D2F22B}.Release|Any CPU.ActiveCfg = Release|Any CPU
		{91EFA804-1E62-4B3E-959C-917623D2F22B}.Release|Any CPU.Build.0 = Release|Any CPU
		{91EFA804-1E62-4B3E-959C-917623D2F22B}.Release|x64.ActiveCfg = Release|Any CPU
		{9AC0DD8C-5290-4BAE-87A6-39952B78FC49}.Debug|Any CPU.ActiveCfg = Debug|Any CPU
		{9AC0DD8C-5290-4BAE-87A6-39952B78FC49}.Debug|Any CPU.Build.0 = Debug|Any CPU
		{9AC0DD8C-5290-4BAE-87A6-39952B78FC49}.Debug|x64.ActiveCfg = Debug|Any CPU
		{9AC0DD8C-5290-4BAE-87A6-39952B78FC49}.Release|Any CPU.ActiveCfg = Release|Any CPU
		{9AC0DD8C-5290-4BAE-87A6-39952B78FC49}.Release|Any CPU.Build.0 = Release|Any CPU
		{9AC0DD8C-5290-4BAE-87A6-39952B78FC49}.Release|x64.ActiveCfg = Release|Any CPU
		{05F928F8-9A8F-4587-9009-B82399B7AF52}.Debug|Any CPU.ActiveCfg = Debug|Any CPU
		{05F928F8-9A8F-4587-9009-B82399B7AF52}.Debug|Any CPU.Build.0 = Debug|Any CPU
		{05F928F8-9A8F-4587-9009-B82399B7AF52}.Debug|x64.ActiveCfg = Debug|Any CPU
		{05F928F8-9A8F-4587-9009-B82399B7AF52}.Release|Any CPU.ActiveCfg = Release|Any CPU
		{05F928F8-9A8F-4587-9009-B82399B7AF52}.Release|Any CPU.Build.0 = Release|Any CPU
		{05F928F8-9A8F-4587-9009-B82399B7AF52}.Release|x64.ActiveCfg = Release|Any CPU
		{CCE17023-9DBC-4781-82B3-B2AB3E173927}.Debug|Any CPU.ActiveCfg = Debug|Any CPU
		{CCE17023-9DBC-4781-82B3-B2AB3E173927}.Debug|Any CPU.Build.0 = Debug|Any CPU
		{CCE17023-9DBC-4781-82B3-B2AB3E173927}.Debug|x64.ActiveCfg = Debug|Any CPU
		{CCE17023-9DBC-4781-82B3-B2AB3E173927}.Release|Any CPU.ActiveCfg = Release|Any CPU
		{CCE17023-9DBC-4781-82B3-B2AB3E173927}.Release|Any CPU.Build.0 = Release|Any CPU
		{CCE17023-9DBC-4781-82B3-B2AB3E173927}.Release|x64.ActiveCfg = Release|Any CPU
		{8DBC8B5A-7757-46DF-BAF3-8860D1E04CBA}.Debug|Any CPU.ActiveCfg = Debug|Any CPU
		{8DBC8B5A-7757-46DF-BAF3-8860D1E04CBA}.Debug|Any CPU.Build.0 = Debug|Any CPU
		{8DBC8B5A-7757-46DF-BAF3-8860D1E04CBA}.Debug|x64.ActiveCfg = Debug|Any CPU
		{8DBC8B5A-7757-46DF-BAF3-8860D1E04CBA}.Release|Any CPU.ActiveCfg = Release|Any CPU
		{8DBC8B5A-7757-46DF-BAF3-8860D1E04CBA}.Release|Any CPU.Build.0 = Release|Any CPU
		{8DBC8B5A-7757-46DF-BAF3-8860D1E04CBA}.Release|x64.ActiveCfg = Release|Any CPU
		{DC976D9E-1D51-4080-9977-68D9FDA001D0}.Debug|Any CPU.ActiveCfg = Debug|Any CPU
		{DC976D9E-1D51-4080-9977-68D9FDA001D0}.Debug|Any CPU.Build.0 = Debug|Any CPU
		{DC976D9E-1D51-4080-9977-68D9FDA001D0}.Debug|x64.ActiveCfg = Debug|Any CPU
		{DC976D9E-1D51-4080-9977-68D9FDA001D0}.Release|Any CPU.ActiveCfg = Release|Any CPU
		{DC976D9E-1D51-4080-9977-68D9FDA001D0}.Release|Any CPU.Build.0 = Release|Any CPU
		{DC976D9E-1D51-4080-9977-68D9FDA001D0}.Release|x64.ActiveCfg = Release|Any CPU
		{4AC29798-49FA-4B5E-8883-858A8A72CBEB}.Debug|Any CPU.ActiveCfg = Debug|Any CPU
		{4AC29798-49FA-4B5E-8883-858A8A72CBEB}.Debug|Any CPU.Build.0 = Debug|Any CPU
		{4AC29798-49FA-4B5E-8883-858A8A72CBEB}.Debug|x64.ActiveCfg = Debug|Any CPU
		{4AC29798-49FA-4B5E-8883-858A8A72CBEB}.Release|Any CPU.ActiveCfg = Release|Any CPU
		{4AC29798-49FA-4B5E-8883-858A8A72CBEB}.Release|Any CPU.Build.0 = Release|Any CPU
		{4AC29798-49FA-4B5E-8883-858A8A72CBEB}.Release|x64.ActiveCfg = Release|Any CPU
		{9544FFCB-0D36-4048-A507-1F57D39645AC}.Debug|Any CPU.ActiveCfg = Debug|Any CPU
		{9544FFCB-0D36-4048-A507-1F57D39645AC}.Debug|Any CPU.Build.0 = Debug|Any CPU
		{9544FFCB-0D36-4048-A507-1F57D39645AC}.Debug|x64.ActiveCfg = Debug|Any CPU
		{9544FFCB-0D36-4048-A507-1F57D39645AC}.Debug|x64.Build.0 = Debug|Any CPU
		{9544FFCB-0D36-4048-A507-1F57D39645AC}.Release|Any CPU.ActiveCfg = Release|Any CPU
		{9544FFCB-0D36-4048-A507-1F57D39645AC}.Release|Any CPU.Build.0 = Release|Any CPU
		{9544FFCB-0D36-4048-A507-1F57D39645AC}.Release|x64.ActiveCfg = Release|Any CPU
		{9544FFCB-0D36-4048-A507-1F57D39645AC}.Release|x64.Build.0 = Release|Any CPU
		{B84A5931-B4FC-4FA2-B9A4-88A0B81A2A0D}.Debug|Any CPU.ActiveCfg = Debug|Any CPU
		{B84A5931-B4FC-4FA2-B9A4-88A0B81A2A0D}.Debug|Any CPU.Build.0 = Debug|Any CPU
		{B84A5931-B4FC-4FA2-B9A4-88A0B81A2A0D}.Debug|x64.ActiveCfg = Debug|Any CPU
		{B84A5931-B4FC-4FA2-B9A4-88A0B81A2A0D}.Release|Any CPU.ActiveCfg = Release|Any CPU
		{B84A5931-B4FC-4FA2-B9A4-88A0B81A2A0D}.Release|Any CPU.Build.0 = Release|Any CPU
		{B84A5931-B4FC-4FA2-B9A4-88A0B81A2A0D}.Release|x64.ActiveCfg = Release|Any CPU
		{CB39B14C-2E5E-4627-8431-C11141DE8737}.Debug|Any CPU.ActiveCfg = Debug|Any CPU
		{CB39B14C-2E5E-4627-8431-C11141DE8737}.Debug|Any CPU.Build.0 = Debug|Any CPU
		{CB39B14C-2E5E-4627-8431-C11141DE8737}.Debug|x64.ActiveCfg = Debug|Any CPU
		{CB39B14C-2E5E-4627-8431-C11141DE8737}.Release|Any CPU.ActiveCfg = Release|Any CPU
		{CB39B14C-2E5E-4627-8431-C11141DE8737}.Release|Any CPU.Build.0 = Release|Any CPU
		{CB39B14C-2E5E-4627-8431-C11141DE8737}.Release|x64.ActiveCfg = Release|Any CPU
		{12D2BFCA-35C7-45F0-A5C7-B13128D052AC}.Debug|Any CPU.ActiveCfg = Debug|Any CPU
		{12D2BFCA-35C7-45F0-A5C7-B13128D052AC}.Debug|Any CPU.Build.0 = Debug|Any CPU
		{12D2BFCA-35C7-45F0-A5C7-B13128D052AC}.Debug|x64.ActiveCfg = Debug|Any CPU
		{12D2BFCA-35C7-45F0-A5C7-B13128D052AC}.Release|Any CPU.ActiveCfg = Release|Any CPU
		{12D2BFCA-35C7-45F0-A5C7-B13128D052AC}.Release|Any CPU.Build.0 = Release|Any CPU
		{12D2BFCA-35C7-45F0-A5C7-B13128D052AC}.Release|x64.ActiveCfg = Release|Any CPU
		{93A94D05-4F72-40BB-8687-FFF6C824A44A}.Debug|Any CPU.ActiveCfg = Debug|Any CPU
		{93A94D05-4F72-40BB-8687-FFF6C824A44A}.Debug|Any CPU.Build.0 = Debug|Any CPU
		{93A94D05-4F72-40BB-8687-FFF6C824A44A}.Debug|x64.ActiveCfg = Debug|Any CPU
		{93A94D05-4F72-40BB-8687-FFF6C824A44A}.Release|Any CPU.ActiveCfg = Release|Any CPU
		{93A94D05-4F72-40BB-8687-FFF6C824A44A}.Release|Any CPU.Build.0 = Release|Any CPU
		{93A94D05-4F72-40BB-8687-FFF6C824A44A}.Release|x64.ActiveCfg = Release|Any CPU
		{2803EA39-43BD-448B-A936-0A56026D68EC}.Debug|Any CPU.ActiveCfg = Debug|Any CPU
		{2803EA39-43BD-448B-A936-0A56026D68EC}.Debug|Any CPU.Build.0 = Debug|Any CPU
		{2803EA39-43BD-448B-A936-0A56026D68EC}.Debug|x64.ActiveCfg = Debug|Any CPU
		{2803EA39-43BD-448B-A936-0A56026D68EC}.Debug|x64.Build.0 = Debug|Any CPU
		{2803EA39-43BD-448B-A936-0A56026D68EC}.Release|Any CPU.ActiveCfg = Release|Any CPU
		{2803EA39-43BD-448B-A936-0A56026D68EC}.Release|Any CPU.Build.0 = Release|Any CPU
		{2803EA39-43BD-448B-A936-0A56026D68EC}.Release|x64.ActiveCfg = Release|Any CPU
		{2803EA39-43BD-448B-A936-0A56026D68EC}.Release|x64.Build.0 = Release|Any CPU
		{5FCAB369-4A82-4B98-972F-662C3250FBD8}.Debug|Any CPU.ActiveCfg = Debug|Any CPU
		{5FCAB369-4A82-4B98-972F-662C3250FBD8}.Debug|Any CPU.Build.0 = Debug|Any CPU
		{5FCAB369-4A82-4B98-972F-662C3250FBD8}.Debug|x64.ActiveCfg = Debug|Any CPU
		{5FCAB369-4A82-4B98-972F-662C3250FBD8}.Release|Any CPU.ActiveCfg = Release|Any CPU
		{5FCAB369-4A82-4B98-972F-662C3250FBD8}.Release|Any CPU.Build.0 = Release|Any CPU
		{5FCAB369-4A82-4B98-972F-662C3250FBD8}.Release|x64.ActiveCfg = Release|Any CPU
		{B6AE5C9B-FDA7-44AB-853E-F84304B38661}.Debug|Any CPU.ActiveCfg = Debug|Any CPU
		{B6AE5C9B-FDA7-44AB-853E-F84304B38661}.Debug|Any CPU.Build.0 = Debug|Any CPU
		{B6AE5C9B-FDA7-44AB-853E-F84304B38661}.Debug|x64.ActiveCfg = Debug|Any CPU
		{B6AE5C9B-FDA7-44AB-853E-F84304B38661}.Release|Any CPU.ActiveCfg = Release|Any CPU
		{B6AE5C9B-FDA7-44AB-853E-F84304B38661}.Release|Any CPU.Build.0 = Release|Any CPU
		{B6AE5C9B-FDA7-44AB-853E-F84304B38661}.Release|x64.ActiveCfg = Release|Any CPU
		{936F4FB9-F60C-4CF8-A903-3DFB4144F00C}.Debug|Any CPU.ActiveCfg = Debug|Any CPU
		{936F4FB9-F60C-4CF8-A903-3DFB4144F00C}.Debug|Any CPU.Build.0 = Debug|Any CPU
		{936F4FB9-F60C-4CF8-A903-3DFB4144F00C}.Debug|x64.ActiveCfg = Debug|Any CPU
		{936F4FB9-F60C-4CF8-A903-3DFB4144F00C}.Release|Any CPU.ActiveCfg = Release|Any CPU
		{936F4FB9-F60C-4CF8-A903-3DFB4144F00C}.Release|Any CPU.Build.0 = Release|Any CPU
		{936F4FB9-F60C-4CF8-A903-3DFB4144F00C}.Release|x64.ActiveCfg = Release|Any CPU
		{8D25239E-301A-45F4-9A4C-6B98CFD4DD60}.Debug|Any CPU.ActiveCfg = Debug|Any CPU
		{8D25239E-301A-45F4-9A4C-6B98CFD4DD60}.Debug|Any CPU.Build.0 = Debug|Any CPU
		{8D25239E-301A-45F4-9A4C-6B98CFD4DD60}.Debug|x64.ActiveCfg = Debug|Any CPU
		{8D25239E-301A-45F4-9A4C-6B98CFD4DD60}.Release|Any CPU.ActiveCfg = Release|Any CPU
		{8D25239E-301A-45F4-9A4C-6B98CFD4DD60}.Release|Any CPU.Build.0 = Release|Any CPU
		{8D25239E-301A-45F4-9A4C-6B98CFD4DD60}.Release|x64.ActiveCfg = Release|Any CPU
		{43749B63-9CF5-4FA1-A8B0-7781924F8DFD}.Debug|Any CPU.ActiveCfg = Debug|Any CPU
		{43749B63-9CF5-4FA1-A8B0-7781924F8DFD}.Debug|Any CPU.Build.0 = Debug|Any CPU
		{43749B63-9CF5-4FA1-A8B0-7781924F8DFD}.Debug|x64.ActiveCfg = Debug|Any CPU
		{43749B63-9CF5-4FA1-A8B0-7781924F8DFD}.Release|Any CPU.ActiveCfg = Release|Any CPU
		{43749B63-9CF5-4FA1-A8B0-7781924F8DFD}.Release|Any CPU.Build.0 = Release|Any CPU
		{43749B63-9CF5-4FA1-A8B0-7781924F8DFD}.Release|x64.ActiveCfg = Release|Any CPU
		{D94D3365-A378-49FC-B695-12F287F37FF0}.Debug|Any CPU.ActiveCfg = Debug|Any CPU
		{D94D3365-A378-49FC-B695-12F287F37FF0}.Debug|Any CPU.Build.0 = Debug|Any CPU
		{D94D3365-A378-49FC-B695-12F287F37FF0}.Debug|x64.ActiveCfg = Debug|Any CPU
		{D94D3365-A378-49FC-B695-12F287F37FF0}.Release|Any CPU.ActiveCfg = Release|Any CPU
		{D94D3365-A378-49FC-B695-12F287F37FF0}.Release|Any CPU.Build.0 = Release|Any CPU
		{D94D3365-A378-49FC-B695-12F287F37FF0}.Release|x64.ActiveCfg = Release|Any CPU
		{9AA957F4-CAB7-48C3-9F72-BC35B15CD0D1}.Debug|Any CPU.ActiveCfg = Debug|Any CPU
		{9AA957F4-CAB7-48C3-9F72-BC35B15CD0D1}.Debug|Any CPU.Build.0 = Debug|Any CPU
		{9AA957F4-CAB7-48C3-9F72-BC35B15CD0D1}.Debug|x64.ActiveCfg = Debug|Any CPU
		{9AA957F4-CAB7-48C3-9F72-BC35B15CD0D1}.Release|Any CPU.ActiveCfg = Release|Any CPU
		{9AA957F4-CAB7-48C3-9F72-BC35B15CD0D1}.Release|Any CPU.Build.0 = Release|Any CPU
		{9AA957F4-CAB7-48C3-9F72-BC35B15CD0D1}.Release|x64.ActiveCfg = Release|Any CPU
		{B73D06E7-9CEC-4907-A3AE-257DA43B2E94}.Debug|Any CPU.ActiveCfg = Debug|Any CPU
		{B73D06E7-9CEC-4907-A3AE-257DA43B2E94}.Debug|Any CPU.Build.0 = Debug|Any CPU
		{B73D06E7-9CEC-4907-A3AE-257DA43B2E94}.Debug|x64.ActiveCfg = Debug|Any CPU
		{B73D06E7-9CEC-4907-A3AE-257DA43B2E94}.Release|Any CPU.ActiveCfg = Release|Any CPU
		{B73D06E7-9CEC-4907-A3AE-257DA43B2E94}.Release|Any CPU.Build.0 = Release|Any CPU
		{B73D06E7-9CEC-4907-A3AE-257DA43B2E94}.Release|x64.ActiveCfg = Release|Any CPU
		{BF18C9A8-DE6F-4CF6-9A55-379DA102D451}.Debug|Any CPU.ActiveCfg = Debug|Any CPU
		{BF18C9A8-DE6F-4CF6-9A55-379DA102D451}.Debug|Any CPU.Build.0 = Debug|Any CPU
		{BF18C9A8-DE6F-4CF6-9A55-379DA102D451}.Debug|x64.ActiveCfg = Debug|Any CPU
		{BF18C9A8-DE6F-4CF6-9A55-379DA102D451}.Release|Any CPU.ActiveCfg = Release|Any CPU
		{BF18C9A8-DE6F-4CF6-9A55-379DA102D451}.Release|Any CPU.Build.0 = Release|Any CPU
		{BF18C9A8-DE6F-4CF6-9A55-379DA102D451}.Release|x64.ActiveCfg = Release|Any CPU
		{413F9020-EF57-47D2-AD89-D872496E4EA1}.Debug|Any CPU.ActiveCfg = Debug|Any CPU
		{413F9020-EF57-47D2-AD89-D872496E4EA1}.Debug|Any CPU.Build.0 = Debug|Any CPU
		{413F9020-EF57-47D2-AD89-D872496E4EA1}.Debug|x64.ActiveCfg = Debug|Any CPU
		{413F9020-EF57-47D2-AD89-D872496E4EA1}.Release|Any CPU.ActiveCfg = Release|Any CPU
		{413F9020-EF57-47D2-AD89-D872496E4EA1}.Release|Any CPU.Build.0 = Release|Any CPU
		{413F9020-EF57-47D2-AD89-D872496E4EA1}.Release|x64.ActiveCfg = Release|Any CPU
		{B9273633-31AB-4CC1-9595-57B5F685D0E8}.Debug|Any CPU.ActiveCfg = Debug|Any CPU
		{B9273633-31AB-4CC1-9595-57B5F685D0E8}.Debug|Any CPU.Build.0 = Debug|Any CPU
		{B9273633-31AB-4CC1-9595-57B5F685D0E8}.Debug|x64.ActiveCfg = Debug|Any CPU
		{B9273633-31AB-4CC1-9595-57B5F685D0E8}.Release|Any CPU.ActiveCfg = Release|Any CPU
		{B9273633-31AB-4CC1-9595-57B5F685D0E8}.Release|Any CPU.Build.0 = Release|Any CPU
		{B9273633-31AB-4CC1-9595-57B5F685D0E8}.Release|x64.ActiveCfg = Release|Any CPU
		{D968D319-5531-43DB-80EF-6F430876CD4F}.Debug|Any CPU.ActiveCfg = Debug|Any CPU
		{D968D319-5531-43DB-80EF-6F430876CD4F}.Debug|Any CPU.Build.0 = Debug|Any CPU
		{D968D319-5531-43DB-80EF-6F430876CD4F}.Debug|x64.ActiveCfg = Debug|Any CPU
		{D968D319-5531-43DB-80EF-6F430876CD4F}.Release|Any CPU.ActiveCfg = Release|Any CPU
		{D968D319-5531-43DB-80EF-6F430876CD4F}.Release|Any CPU.Build.0 = Release|Any CPU
		{D968D319-5531-43DB-80EF-6F430876CD4F}.Release|x64.ActiveCfg = Release|Any CPU
		{BEF7A4E6-1D01-4E49-9F37-77F24951F232}.Debug|Any CPU.ActiveCfg = Debug|Any CPU
		{BEF7A4E6-1D01-4E49-9F37-77F24951F232}.Debug|Any CPU.Build.0 = Debug|Any CPU
		{BEF7A4E6-1D01-4E49-9F37-77F24951F232}.Debug|x64.ActiveCfg = Debug|Any CPU
		{BEF7A4E6-1D01-4E49-9F37-77F24951F232}.Release|Any CPU.ActiveCfg = Release|Any CPU
		{BEF7A4E6-1D01-4E49-9F37-77F24951F232}.Release|Any CPU.Build.0 = Release|Any CPU
		{BEF7A4E6-1D01-4E49-9F37-77F24951F232}.Release|x64.ActiveCfg = Release|Any CPU
		{7862FC92-1F34-4E2F-B572-47A349CBD71E}.Debug|Any CPU.ActiveCfg = Debug|Any CPU
		{7862FC92-1F34-4E2F-B572-47A349CBD71E}.Debug|Any CPU.Build.0 = Debug|Any CPU
		{7862FC92-1F34-4E2F-B572-47A349CBD71E}.Debug|x64.ActiveCfg = Debug|Any CPU
		{7862FC92-1F34-4E2F-B572-47A349CBD71E}.Release|Any CPU.ActiveCfg = Release|Any CPU
		{7862FC92-1F34-4E2F-B572-47A349CBD71E}.Release|Any CPU.Build.0 = Release|Any CPU
		{7862FC92-1F34-4E2F-B572-47A349CBD71E}.Release|x64.ActiveCfg = Release|Any CPU
		{6FA1C4D1-74CC-4437-9388-E176C591F6D2}.Debug|Any CPU.ActiveCfg = Debug|Any CPU
		{6FA1C4D1-74CC-4437-9388-E176C591F6D2}.Debug|Any CPU.Build.0 = Debug|Any CPU
		{6FA1C4D1-74CC-4437-9388-E176C591F6D2}.Debug|x64.ActiveCfg = Debug|Any CPU
		{6FA1C4D1-74CC-4437-9388-E176C591F6D2}.Debug|x64.Build.0 = Debug|Any CPU
		{6FA1C4D1-74CC-4437-9388-E176C591F6D2}.Release|Any CPU.ActiveCfg = Release|Any CPU
		{6FA1C4D1-74CC-4437-9388-E176C591F6D2}.Release|Any CPU.Build.0 = Release|Any CPU
		{6FA1C4D1-74CC-4437-9388-E176C591F6D2}.Release|x64.ActiveCfg = Release|Any CPU
		{6FA1C4D1-74CC-4437-9388-E176C591F6D2}.Release|x64.Build.0 = Release|Any CPU
		{422496BC-A150-4667-90C5-AFE394CD0A0D}.Debug|Any CPU.ActiveCfg = Debug|Any CPU
		{422496BC-A150-4667-90C5-AFE394CD0A0D}.Debug|Any CPU.Build.0 = Debug|Any CPU
		{422496BC-A150-4667-90C5-AFE394CD0A0D}.Debug|x64.ActiveCfg = Debug|Any CPU
		{422496BC-A150-4667-90C5-AFE394CD0A0D}.Debug|x64.Build.0 = Debug|Any CPU
		{422496BC-A150-4667-90C5-AFE394CD0A0D}.Release|Any CPU.ActiveCfg = Release|Any CPU
		{422496BC-A150-4667-90C5-AFE394CD0A0D}.Release|Any CPU.Build.0 = Release|Any CPU
		{422496BC-A150-4667-90C5-AFE394CD0A0D}.Release|x64.ActiveCfg = Release|Any CPU
		{422496BC-A150-4667-90C5-AFE394CD0A0D}.Release|x64.Build.0 = Release|Any CPU
		{9909DC13-7656-4BD8-98D0-53878BD588A1}.Debug|Any CPU.ActiveCfg = Debug|Any CPU
		{9909DC13-7656-4BD8-98D0-53878BD588A1}.Debug|Any CPU.Build.0 = Debug|Any CPU
		{9909DC13-7656-4BD8-98D0-53878BD588A1}.Debug|x64.ActiveCfg = Debug|Any CPU
		{9909DC13-7656-4BD8-98D0-53878BD588A1}.Debug|x64.Build.0 = Debug|Any CPU
		{9909DC13-7656-4BD8-98D0-53878BD588A1}.Release|Any CPU.ActiveCfg = Release|Any CPU
		{9909DC13-7656-4BD8-98D0-53878BD588A1}.Release|Any CPU.Build.0 = Release|Any CPU
		{9909DC13-7656-4BD8-98D0-53878BD588A1}.Release|x64.ActiveCfg = Release|Any CPU
		{9909DC13-7656-4BD8-98D0-53878BD588A1}.Release|x64.Build.0 = Release|Any CPU
		{4F0D80E4-1918-47B9-87D1-BE197DA8CC61}.Debug|Any CPU.ActiveCfg = Release|x64
		{4F0D80E4-1918-47B9-87D1-BE197DA8CC61}.Debug|x64.ActiveCfg = Release|x64
		{4F0D80E4-1918-47B9-87D1-BE197DA8CC61}.Release|Any CPU.ActiveCfg = Release|x64
		{4F0D80E4-1918-47B9-87D1-BE197DA8CC61}.Release|x64.ActiveCfg = Release|x64
		{C6A76982-0936-4681-9565-0D27E5B89534}.Debug|Any CPU.ActiveCfg = Debug|Any CPU
		{C6A76982-0936-4681-9565-0D27E5B89534}.Debug|Any CPU.Build.0 = Debug|Any CPU
		{C6A76982-0936-4681-9565-0D27E5B89534}.Debug|x64.ActiveCfg = Debug|Any CPU
		{C6A76982-0936-4681-9565-0D27E5B89534}.Debug|x64.Build.0 = Debug|Any CPU
		{C6A76982-0936-4681-9565-0D27E5B89534}.Release|Any CPU.ActiveCfg = Release|Any CPU
		{C6A76982-0936-4681-9565-0D27E5B89534}.Release|Any CPU.Build.0 = Release|Any CPU
		{C6A76982-0936-4681-9565-0D27E5B89534}.Release|x64.ActiveCfg = Release|Any CPU
		{C6A76982-0936-4681-9565-0D27E5B89534}.Release|x64.Build.0 = Release|Any CPU
		{33DB47E4-3588-40B7-8AD9-1AFC8AF5A391}.Debug|Any CPU.ActiveCfg = Debug|Any CPU
		{33DB47E4-3588-40B7-8AD9-1AFC8AF5A391}.Debug|Any CPU.Build.0 = Debug|Any CPU
		{33DB47E4-3588-40B7-8AD9-1AFC8AF5A391}.Debug|x64.ActiveCfg = Debug|Any CPU
		{33DB47E4-3588-40B7-8AD9-1AFC8AF5A391}.Debug|x64.Build.0 = Debug|Any CPU
		{33DB47E4-3588-40B7-8AD9-1AFC8AF5A391}.Release|Any CPU.ActiveCfg = Release|Any CPU
		{33DB47E4-3588-40B7-8AD9-1AFC8AF5A391}.Release|Any CPU.Build.0 = Release|Any CPU
		{33DB47E4-3588-40B7-8AD9-1AFC8AF5A391}.Release|x64.ActiveCfg = Release|Any CPU
		{33DB47E4-3588-40B7-8AD9-1AFC8AF5A391}.Release|x64.Build.0 = Release|Any CPU
		{AC8EC8AD-A182-46D1-A9B8-899D3D7BF3F1}.Debug|Any CPU.ActiveCfg = Debug|Any CPU
		{AC8EC8AD-A182-46D1-A9B8-899D3D7BF3F1}.Debug|Any CPU.Build.0 = Debug|Any CPU
		{AC8EC8AD-A182-46D1-A9B8-899D3D7BF3F1}.Debug|x64.ActiveCfg = Debug|Any CPU
		{AC8EC8AD-A182-46D1-A9B8-899D3D7BF3F1}.Debug|x64.Build.0 = Debug|Any CPU
		{AC8EC8AD-A182-46D1-A9B8-899D3D7BF3F1}.Release|Any CPU.ActiveCfg = Release|Any CPU
		{AC8EC8AD-A182-46D1-A9B8-899D3D7BF3F1}.Release|Any CPU.Build.0 = Release|Any CPU
		{AC8EC8AD-A182-46D1-A9B8-899D3D7BF3F1}.Release|x64.ActiveCfg = Release|Any CPU
		{AC8EC8AD-A182-46D1-A9B8-899D3D7BF3F1}.Release|x64.Build.0 = Release|Any CPU
		{3DE5453F-834F-4CE2-AEA1-BC852903378B}.Debug|Any CPU.ActiveCfg = Debug|Any CPU
		{3DE5453F-834F-4CE2-AEA1-BC852903378B}.Debug|Any CPU.Build.0 = Debug|Any CPU
		{3DE5453F-834F-4CE2-AEA1-BC852903378B}.Debug|x64.ActiveCfg = Debug|Any CPU
		{3DE5453F-834F-4CE2-AEA1-BC852903378B}.Debug|x64.Build.0 = Debug|Any CPU
		{3DE5453F-834F-4CE2-AEA1-BC852903378B}.Release|Any CPU.ActiveCfg = Release|Any CPU
		{3DE5453F-834F-4CE2-AEA1-BC852903378B}.Release|Any CPU.Build.0 = Release|Any CPU
		{3DE5453F-834F-4CE2-AEA1-BC852903378B}.Release|x64.ActiveCfg = Release|Any CPU
		{3DE5453F-834F-4CE2-AEA1-BC852903378B}.Release|x64.Build.0 = Release|Any CPU
		{D8AF56AE-80F6-4300-9B52-CD48B257DD9D}.Debug|Any CPU.ActiveCfg = Debug|Any CPU
		{D8AF56AE-80F6-4300-9B52-CD48B257DD9D}.Debug|Any CPU.Build.0 = Debug|Any CPU
		{D8AF56AE-80F6-4300-9B52-CD48B257DD9D}.Debug|x64.ActiveCfg = Debug|Any CPU
		{D8AF56AE-80F6-4300-9B52-CD48B257DD9D}.Debug|x64.Build.0 = Debug|Any CPU
		{D8AF56AE-80F6-4300-9B52-CD48B257DD9D}.Release|Any CPU.ActiveCfg = Release|Any CPU
		{D8AF56AE-80F6-4300-9B52-CD48B257DD9D}.Release|Any CPU.Build.0 = Release|Any CPU
		{D8AF56AE-80F6-4300-9B52-CD48B257DD9D}.Release|x64.ActiveCfg = Release|Any CPU
		{D8AF56AE-80F6-4300-9B52-CD48B257DD9D}.Release|x64.Build.0 = Release|Any CPU
		{14C3CA16-D84E-4CB0-9586-63F708107C0F}.Debug|Any CPU.ActiveCfg = Debug|Any CPU
		{14C3CA16-D84E-4CB0-9586-63F708107C0F}.Debug|Any CPU.Build.0 = Debug|Any CPU
		{14C3CA16-D84E-4CB0-9586-63F708107C0F}.Debug|x64.ActiveCfg = Debug|Any CPU
		{14C3CA16-D84E-4CB0-9586-63F708107C0F}.Debug|x64.Build.0 = Debug|Any CPU
		{14C3CA16-D84E-4CB0-9586-63F708107C0F}.Release|Any CPU.ActiveCfg = Release|Any CPU
		{14C3CA16-D84E-4CB0-9586-63F708107C0F}.Release|Any CPU.Build.0 = Release|Any CPU
		{14C3CA16-D84E-4CB0-9586-63F708107C0F}.Release|x64.ActiveCfg = Release|Any CPU
		{14C3CA16-D84E-4CB0-9586-63F708107C0F}.Release|x64.Build.0 = Release|Any CPU
		{D2A228D3-663E-4A1F-9650-D4664B38D750}.Debug|Any CPU.ActiveCfg = Debug|Any CPU
		{D2A228D3-663E-4A1F-9650-D4664B38D750}.Debug|Any CPU.Build.0 = Debug|Any CPU
		{D2A228D3-663E-4A1F-9650-D4664B38D750}.Debug|x64.ActiveCfg = Debug|Any CPU
		{D2A228D3-663E-4A1F-9650-D4664B38D750}.Debug|x64.Build.0 = Debug|Any CPU
		{D2A228D3-663E-4A1F-9650-D4664B38D750}.Release|Any CPU.ActiveCfg = Release|Any CPU
		{D2A228D3-663E-4A1F-9650-D4664B38D750}.Release|Any CPU.Build.0 = Release|Any CPU
		{D2A228D3-663E-4A1F-9650-D4664B38D750}.Release|x64.ActiveCfg = Release|Any CPU
		{D2A228D3-663E-4A1F-9650-D4664B38D750}.Release|x64.Build.0 = Release|Any CPU
		{DAE3BEDF-DB56-4B09-8C46-627CF6AB1086}.Debug|Any CPU.ActiveCfg = Debug|Any CPU
		{DAE3BEDF-DB56-4B09-8C46-627CF6AB1086}.Debug|Any CPU.Build.0 = Debug|Any CPU
		{DAE3BEDF-DB56-4B09-8C46-627CF6AB1086}.Debug|x64.ActiveCfg = Debug|Any CPU
		{DAE3BEDF-DB56-4B09-8C46-627CF6AB1086}.Debug|x64.Build.0 = Debug|Any CPU
		{DAE3BEDF-DB56-4B09-8C46-627CF6AB1086}.Release|Any CPU.ActiveCfg = Release|Any CPU
		{DAE3BEDF-DB56-4B09-8C46-627CF6AB1086}.Release|Any CPU.Build.0 = Release|Any CPU
		{DAE3BEDF-DB56-4B09-8C46-627CF6AB1086}.Release|x64.ActiveCfg = Release|Any CPU
		{DAE3BEDF-DB56-4B09-8C46-627CF6AB1086}.Release|x64.Build.0 = Release|Any CPU
		{D1277623-E109-41B8-988E-60BE333119EC}.Debug|Any CPU.ActiveCfg = Debug|Any CPU
		{D1277623-E109-41B8-988E-60BE333119EC}.Debug|Any CPU.Build.0 = Debug|Any CPU
		{D1277623-E109-41B8-988E-60BE333119EC}.Debug|x64.ActiveCfg = Debug|Any CPU
		{D1277623-E109-41B8-988E-60BE333119EC}.Debug|x64.Build.0 = Debug|Any CPU
		{D1277623-E109-41B8-988E-60BE333119EC}.Release|Any CPU.ActiveCfg = Release|Any CPU
		{D1277623-E109-41B8-988E-60BE333119EC}.Release|Any CPU.Build.0 = Release|Any CPU
		{D1277623-E109-41B8-988E-60BE333119EC}.Release|x64.ActiveCfg = Release|Any CPU
		{D1277623-E109-41B8-988E-60BE333119EC}.Release|x64.Build.0 = Release|Any CPU
		{9C20171D-0C1F-44B6-9484-8D7297D0C6E2}.Debug|Any CPU.ActiveCfg = Debug|Any CPU
		{9C20171D-0C1F-44B6-9484-8D7297D0C6E2}.Debug|Any CPU.Build.0 = Debug|Any CPU
		{9C20171D-0C1F-44B6-9484-8D7297D0C6E2}.Debug|x64.ActiveCfg = Debug|Any CPU
		{9C20171D-0C1F-44B6-9484-8D7297D0C6E2}.Debug|x64.Build.0 = Debug|Any CPU
		{9C20171D-0C1F-44B6-9484-8D7297D0C6E2}.Release|Any CPU.ActiveCfg = Release|Any CPU
		{9C20171D-0C1F-44B6-9484-8D7297D0C6E2}.Release|Any CPU.Build.0 = Release|Any CPU
		{9C20171D-0C1F-44B6-9484-8D7297D0C6E2}.Release|x64.ActiveCfg = Release|Any CPU
		{9C20171D-0C1F-44B6-9484-8D7297D0C6E2}.Release|x64.Build.0 = Release|Any CPU
		{F5FCC0E9-29ED-4906-8CDD-059D175B73E4}.Debug|Any CPU.ActiveCfg = Debug|Any CPU
		{F5FCC0E9-29ED-4906-8CDD-059D175B73E4}.Debug|Any CPU.Build.0 = Debug|Any CPU
		{F5FCC0E9-29ED-4906-8CDD-059D175B73E4}.Debug|x64.ActiveCfg = Debug|Any CPU
		{F5FCC0E9-29ED-4906-8CDD-059D175B73E4}.Debug|x64.Build.0 = Debug|Any CPU
		{F5FCC0E9-29ED-4906-8CDD-059D175B73E4}.Release|Any CPU.ActiveCfg = Release|Any CPU
		{F5FCC0E9-29ED-4906-8CDD-059D175B73E4}.Release|Any CPU.Build.0 = Release|Any CPU
		{F5FCC0E9-29ED-4906-8CDD-059D175B73E4}.Release|x64.ActiveCfg = Release|Any CPU
		{F5FCC0E9-29ED-4906-8CDD-059D175B73E4}.Release|x64.Build.0 = Release|Any CPU
		{3CB43636-C922-41E9-AFE9-F95A2A66D78F}.Debug|Any CPU.ActiveCfg = Debug|Any CPU
		{3CB43636-C922-41E9-AFE9-F95A2A66D78F}.Debug|Any CPU.Build.0 = Debug|Any CPU
		{3CB43636-C922-41E9-AFE9-F95A2A66D78F}.Debug|x64.ActiveCfg = Debug|Any CPU
		{3CB43636-C922-41E9-AFE9-F95A2A66D78F}.Debug|x64.Build.0 = Debug|Any CPU
		{3CB43636-C922-41E9-AFE9-F95A2A66D78F}.Release|Any CPU.ActiveCfg = Release|Any CPU
		{3CB43636-C922-41E9-AFE9-F95A2A66D78F}.Release|Any CPU.Build.0 = Release|Any CPU
		{3CB43636-C922-41E9-AFE9-F95A2A66D78F}.Release|x64.ActiveCfg = Release|Any CPU
		{3CB43636-C922-41E9-AFE9-F95A2A66D78F}.Release|x64.Build.0 = Release|Any CPU
		{A1182182-EB29-4140-8299-65DD8834A9D2}.Debug|Any CPU.ActiveCfg = Debug|Any CPU
		{A1182182-EB29-4140-8299-65DD8834A9D2}.Debug|Any CPU.Build.0 = Debug|Any CPU
		{A1182182-EB29-4140-8299-65DD8834A9D2}.Debug|x64.ActiveCfg = Debug|Any CPU
		{A1182182-EB29-4140-8299-65DD8834A9D2}.Debug|x64.Build.0 = Debug|Any CPU
		{A1182182-EB29-4140-8299-65DD8834A9D2}.Release|Any CPU.ActiveCfg = Release|Any CPU
		{A1182182-EB29-4140-8299-65DD8834A9D2}.Release|Any CPU.Build.0 = Release|Any CPU
		{A1182182-EB29-4140-8299-65DD8834A9D2}.Release|x64.ActiveCfg = Release|Any CPU
		{A1182182-EB29-4140-8299-65DD8834A9D2}.Release|x64.Build.0 = Release|Any CPU
		{D36BFDCD-A7A7-4296-9DD3-C094CF5AC126}.Debug|Any CPU.ActiveCfg = Debug|Any CPU
		{D36BFDCD-A7A7-4296-9DD3-C094CF5AC126}.Debug|Any CPU.Build.0 = Debug|Any CPU
		{D36BFDCD-A7A7-4296-9DD3-C094CF5AC126}.Debug|x64.ActiveCfg = Debug|Any CPU
		{D36BFDCD-A7A7-4296-9DD3-C094CF5AC126}.Debug|x64.Build.0 = Debug|Any CPU
		{D36BFDCD-A7A7-4296-9DD3-C094CF5AC126}.Release|Any CPU.ActiveCfg = Release|Any CPU
		{D36BFDCD-A7A7-4296-9DD3-C094CF5AC126}.Release|Any CPU.Build.0 = Release|Any CPU
		{D36BFDCD-A7A7-4296-9DD3-C094CF5AC126}.Release|x64.ActiveCfg = Release|Any CPU
		{D36BFDCD-A7A7-4296-9DD3-C094CF5AC126}.Release|x64.Build.0 = Release|Any CPU
		{527CECD4-A400-4A93-AAF4-23F9EFCD4497}.Debug|Any CPU.ActiveCfg = Debug|Any CPU
		{527CECD4-A400-4A93-AAF4-23F9EFCD4497}.Debug|Any CPU.Build.0 = Debug|Any CPU
		{527CECD4-A400-4A93-AAF4-23F9EFCD4497}.Debug|x64.ActiveCfg = Debug|Any CPU
		{527CECD4-A400-4A93-AAF4-23F9EFCD4497}.Debug|x64.Build.0 = Debug|Any CPU
		{527CECD4-A400-4A93-AAF4-23F9EFCD4497}.Release|Any CPU.ActiveCfg = Release|Any CPU
		{527CECD4-A400-4A93-AAF4-23F9EFCD4497}.Release|Any CPU.Build.0 = Release|Any CPU
		{527CECD4-A400-4A93-AAF4-23F9EFCD4497}.Release|x64.ActiveCfg = Release|Any CPU
		{527CECD4-A400-4A93-AAF4-23F9EFCD4497}.Release|x64.Build.0 = Release|Any CPU
		{701E4176-4C09-49ED-AAD1-541C5280C5AB}.Debug|Any CPU.ActiveCfg = Debug|Any CPU
		{701E4176-4C09-49ED-AAD1-541C5280C5AB}.Debug|Any CPU.Build.0 = Debug|Any CPU
		{701E4176-4C09-49ED-AAD1-541C5280C5AB}.Debug|x64.ActiveCfg = Debug|Any CPU
		{701E4176-4C09-49ED-AAD1-541C5280C5AB}.Debug|x64.Build.0 = Debug|Any CPU
		{701E4176-4C09-49ED-AAD1-541C5280C5AB}.Release|Any CPU.ActiveCfg = Release|Any CPU
		{701E4176-4C09-49ED-AAD1-541C5280C5AB}.Release|Any CPU.Build.0 = Release|Any CPU
		{701E4176-4C09-49ED-AAD1-541C5280C5AB}.Release|x64.ActiveCfg = Release|Any CPU
		{701E4176-4C09-49ED-AAD1-541C5280C5AB}.Release|x64.Build.0 = Release|Any CPU
		{BDD7B010-C590-4A02-A72B-53F70DB95AD9}.Debug|Any CPU.ActiveCfg = Debug|Any CPU
		{BDD7B010-C590-4A02-A72B-53F70DB95AD9}.Debug|Any CPU.Build.0 = Debug|Any CPU
		{BDD7B010-C590-4A02-A72B-53F70DB95AD9}.Debug|x64.ActiveCfg = Debug|Any CPU
		{BDD7B010-C590-4A02-A72B-53F70DB95AD9}.Debug|x64.Build.0 = Debug|Any CPU
		{BDD7B010-C590-4A02-A72B-53F70DB95AD9}.Release|Any CPU.ActiveCfg = Release|Any CPU
		{BDD7B010-C590-4A02-A72B-53F70DB95AD9}.Release|Any CPU.Build.0 = Release|Any CPU
		{BDD7B010-C590-4A02-A72B-53F70DB95AD9}.Release|x64.ActiveCfg = Release|Any CPU
		{BDD7B010-C590-4A02-A72B-53F70DB95AD9}.Release|x64.Build.0 = Release|Any CPU
		{85F8C2F5-2D2F-4940-8F50-1E7788D51F23}.Debug|Any CPU.ActiveCfg = Debug|Any CPU
		{85F8C2F5-2D2F-4940-8F50-1E7788D51F23}.Debug|Any CPU.Build.0 = Debug|Any CPU
		{85F8C2F5-2D2F-4940-8F50-1E7788D51F23}.Debug|x64.ActiveCfg = Debug|Any CPU
		{85F8C2F5-2D2F-4940-8F50-1E7788D51F23}.Debug|x64.Build.0 = Debug|Any CPU
		{85F8C2F5-2D2F-4940-8F50-1E7788D51F23}.Release|Any CPU.ActiveCfg = Release|Any CPU
		{85F8C2F5-2D2F-4940-8F50-1E7788D51F23}.Release|Any CPU.Build.0 = Release|Any CPU
		{85F8C2F5-2D2F-4940-8F50-1E7788D51F23}.Release|x64.ActiveCfg = Release|Any CPU
		{85F8C2F5-2D2F-4940-8F50-1E7788D51F23}.Release|x64.Build.0 = Release|Any CPU
		{01F9C912-FA34-4C9B-813B-B94D60A94510}.Debug|Any CPU.ActiveCfg = Debug|Any CPU
		{01F9C912-FA34-4C9B-813B-B94D60A94510}.Debug|Any CPU.Build.0 = Debug|Any CPU
		{01F9C912-FA34-4C9B-813B-B94D60A94510}.Debug|x64.ActiveCfg = Debug|Any CPU
		{01F9C912-FA34-4C9B-813B-B94D60A94510}.Debug|x64.Build.0 = Debug|Any CPU
		{01F9C912-FA34-4C9B-813B-B94D60A94510}.Release|Any CPU.ActiveCfg = Release|Any CPU
		{01F9C912-FA34-4C9B-813B-B94D60A94510}.Release|Any CPU.Build.0 = Release|Any CPU
		{01F9C912-FA34-4C9B-813B-B94D60A94510}.Release|x64.ActiveCfg = Release|Any CPU
		{01F9C912-FA34-4C9B-813B-B94D60A94510}.Release|x64.Build.0 = Release|Any CPU
		{E1740C99-9E3B-45C6-9C48-51A8C38A01E5}.Debug|Any CPU.ActiveCfg = Debug|Any CPU
		{E1740C99-9E3B-45C6-9C48-51A8C38A01E5}.Debug|Any CPU.Build.0 = Debug|Any CPU
		{E1740C99-9E3B-45C6-9C48-51A8C38A01E5}.Debug|x64.ActiveCfg = Debug|Any CPU
		{E1740C99-9E3B-45C6-9C48-51A8C38A01E5}.Debug|x64.Build.0 = Debug|Any CPU
		{E1740C99-9E3B-45C6-9C48-51A8C38A01E5}.Release|Any CPU.ActiveCfg = Release|Any CPU
		{E1740C99-9E3B-45C6-9C48-51A8C38A01E5}.Release|Any CPU.Build.0 = Release|Any CPU
		{E1740C99-9E3B-45C6-9C48-51A8C38A01E5}.Release|x64.ActiveCfg = Release|Any CPU
		{E1740C99-9E3B-45C6-9C48-51A8C38A01E5}.Release|x64.Build.0 = Release|Any CPU
		{497B663C-349F-4551-97F5-08EA2A6DB9A5}.Debug|Any CPU.ActiveCfg = Debug|Any CPU
		{497B663C-349F-4551-97F5-08EA2A6DB9A5}.Debug|Any CPU.Build.0 = Debug|Any CPU
		{497B663C-349F-4551-97F5-08EA2A6DB9A5}.Debug|x64.ActiveCfg = Debug|Any CPU
		{497B663C-349F-4551-97F5-08EA2A6DB9A5}.Debug|x64.Build.0 = Debug|Any CPU
		{497B663C-349F-4551-97F5-08EA2A6DB9A5}.Release|Any CPU.ActiveCfg = Release|Any CPU
		{497B663C-349F-4551-97F5-08EA2A6DB9A5}.Release|Any CPU.Build.0 = Release|Any CPU
		{497B663C-349F-4551-97F5-08EA2A6DB9A5}.Release|x64.ActiveCfg = Release|Any CPU
		{497B663C-349F-4551-97F5-08EA2A6DB9A5}.Release|x64.Build.0 = Release|Any CPU
		{DEF79147-E553-488D-95C0-39AF804BBD25}.Debug|Any CPU.ActiveCfg = Debug|Any CPU
		{DEF79147-E553-488D-95C0-39AF804BBD25}.Debug|Any CPU.Build.0 = Debug|Any CPU
		{DEF79147-E553-488D-95C0-39AF804BBD25}.Debug|x64.ActiveCfg = Debug|Any CPU
		{DEF79147-E553-488D-95C0-39AF804BBD25}.Debug|x64.Build.0 = Debug|Any CPU
		{DEF79147-E553-488D-95C0-39AF804BBD25}.Release|Any CPU.ActiveCfg = Release|Any CPU
		{DEF79147-E553-488D-95C0-39AF804BBD25}.Release|Any CPU.Build.0 = Release|Any CPU
		{DEF79147-E553-488D-95C0-39AF804BBD25}.Release|x64.ActiveCfg = Release|Any CPU
		{DEF79147-E553-488D-95C0-39AF804BBD25}.Release|x64.Build.0 = Release|Any CPU
		{D554A957-FCFB-48F4-9D26-F8FA46FF70EE}.Debug|Any CPU.ActiveCfg = Debug|Any CPU
		{D554A957-FCFB-48F4-9D26-F8FA46FF70EE}.Debug|Any CPU.Build.0 = Debug|Any CPU
		{D554A957-FCFB-48F4-9D26-F8FA46FF70EE}.Debug|x64.ActiveCfg = Debug|Any CPU
		{D554A957-FCFB-48F4-9D26-F8FA46FF70EE}.Debug|x64.Build.0 = Debug|Any CPU
		{D554A957-FCFB-48F4-9D26-F8FA46FF70EE}.Release|Any CPU.ActiveCfg = Release|Any CPU
		{D554A957-FCFB-48F4-9D26-F8FA46FF70EE}.Release|Any CPU.Build.0 = Release|Any CPU
		{D554A957-FCFB-48F4-9D26-F8FA46FF70EE}.Release|x64.ActiveCfg = Release|Any CPU
		{D554A957-FCFB-48F4-9D26-F8FA46FF70EE}.Release|x64.Build.0 = Release|Any CPU
		{37EDE834-30E3-4D79-B5D7-C607658B741A}.Debug|Any CPU.ActiveCfg = Debug|Any CPU
		{37EDE834-30E3-4D79-B5D7-C607658B741A}.Debug|Any CPU.Build.0 = Debug|Any CPU
		{37EDE834-30E3-4D79-B5D7-C607658B741A}.Debug|x64.ActiveCfg = Debug|Any CPU
		{37EDE834-30E3-4D79-B5D7-C607658B741A}.Debug|x64.Build.0 = Debug|Any CPU
		{37EDE834-30E3-4D79-B5D7-C607658B741A}.Release|Any CPU.ActiveCfg = Release|Any CPU
		{37EDE834-30E3-4D79-B5D7-C607658B741A}.Release|Any CPU.Build.0 = Release|Any CPU
		{37EDE834-30E3-4D79-B5D7-C607658B741A}.Release|x64.ActiveCfg = Release|Any CPU
		{37EDE834-30E3-4D79-B5D7-C607658B741A}.Release|x64.Build.0 = Release|Any CPU
		{3D32C42E-F75C-47D2-8D7B-CF3AC17A36B7}.Debug|Any CPU.ActiveCfg = Debug|Any CPU
		{3D32C42E-F75C-47D2-8D7B-CF3AC17A36B7}.Debug|Any CPU.Build.0 = Debug|Any CPU
		{3D32C42E-F75C-47D2-8D7B-CF3AC17A36B7}.Debug|x64.ActiveCfg = Debug|Any CPU
		{3D32C42E-F75C-47D2-8D7B-CF3AC17A36B7}.Debug|x64.Build.0 = Debug|Any CPU
		{3D32C42E-F75C-47D2-8D7B-CF3AC17A36B7}.Release|Any CPU.ActiveCfg = Release|Any CPU
		{3D32C42E-F75C-47D2-8D7B-CF3AC17A36B7}.Release|Any CPU.Build.0 = Release|Any CPU
		{3D32C42E-F75C-47D2-8D7B-CF3AC17A36B7}.Release|x64.ActiveCfg = Release|Any CPU
		{3D32C42E-F75C-47D2-8D7B-CF3AC17A36B7}.Release|x64.Build.0 = Release|Any CPU
		{F6DB393D-3757-4CDD-9520-4878D1CA5654}.Debug|Any CPU.ActiveCfg = Debug|Any CPU
		{F6DB393D-3757-4CDD-9520-4878D1CA5654}.Debug|Any CPU.Build.0 = Debug|Any CPU
		{F6DB393D-3757-4CDD-9520-4878D1CA5654}.Debug|x64.ActiveCfg = Debug|Any CPU
		{F6DB393D-3757-4CDD-9520-4878D1CA5654}.Debug|x64.Build.0 = Debug|Any CPU
		{F6DB393D-3757-4CDD-9520-4878D1CA5654}.Release|Any CPU.ActiveCfg = Release|Any CPU
		{F6DB393D-3757-4CDD-9520-4878D1CA5654}.Release|Any CPU.Build.0 = Release|Any CPU
		{F6DB393D-3757-4CDD-9520-4878D1CA5654}.Release|x64.ActiveCfg = Release|Any CPU
		{F6DB393D-3757-4CDD-9520-4878D1CA5654}.Release|x64.Build.0 = Release|Any CPU
		{4035F40A-3F37-4570-AFFD-88BA17203C0A}.Debug|Any CPU.ActiveCfg = Debug|Any CPU
		{4035F40A-3F37-4570-AFFD-88BA17203C0A}.Debug|Any CPU.Build.0 = Debug|Any CPU
		{4035F40A-3F37-4570-AFFD-88BA17203C0A}.Debug|x64.ActiveCfg = Debug|Any CPU
		{4035F40A-3F37-4570-AFFD-88BA17203C0A}.Debug|x64.Build.0 = Debug|Any CPU
		{4035F40A-3F37-4570-AFFD-88BA17203C0A}.Release|Any CPU.ActiveCfg = Release|Any CPU
		{4035F40A-3F37-4570-AFFD-88BA17203C0A}.Release|Any CPU.Build.0 = Release|Any CPU
		{4035F40A-3F37-4570-AFFD-88BA17203C0A}.Release|x64.ActiveCfg = Release|Any CPU
		{4035F40A-3F37-4570-AFFD-88BA17203C0A}.Release|x64.Build.0 = Release|Any CPU
		{775582A7-952A-41CC-B62D-5B8B5FCBCF51}.Debug|Any CPU.ActiveCfg = Debug|Any CPU
		{775582A7-952A-41CC-B62D-5B8B5FCBCF51}.Debug|Any CPU.Build.0 = Debug|Any CPU
		{775582A7-952A-41CC-B62D-5B8B5FCBCF51}.Debug|x64.ActiveCfg = Debug|Any CPU
		{775582A7-952A-41CC-B62D-5B8B5FCBCF51}.Debug|x64.Build.0 = Debug|Any CPU
		{775582A7-952A-41CC-B62D-5B8B5FCBCF51}.Release|Any CPU.ActiveCfg = Release|Any CPU
		{775582A7-952A-41CC-B62D-5B8B5FCBCF51}.Release|Any CPU.Build.0 = Release|Any CPU
		{775582A7-952A-41CC-B62D-5B8B5FCBCF51}.Release|x64.ActiveCfg = Release|Any CPU
		{775582A7-952A-41CC-B62D-5B8B5FCBCF51}.Release|x64.Build.0 = Release|Any CPU
		{0A3231B4-2BD3-42E0-B73D-890E771331A7}.Debug|Any CPU.ActiveCfg = Debug|Any CPU
		{0A3231B4-2BD3-42E0-B73D-890E771331A7}.Debug|Any CPU.Build.0 = Debug|Any CPU
		{0A3231B4-2BD3-42E0-B73D-890E771331A7}.Debug|x64.ActiveCfg = Debug|Any CPU
		{0A3231B4-2BD3-42E0-B73D-890E771331A7}.Debug|x64.Build.0 = Debug|Any CPU
		{0A3231B4-2BD3-42E0-B73D-890E771331A7}.Release|Any CPU.ActiveCfg = Release|Any CPU
		{0A3231B4-2BD3-42E0-B73D-890E771331A7}.Release|Any CPU.Build.0 = Release|Any CPU
		{0A3231B4-2BD3-42E0-B73D-890E771331A7}.Release|x64.ActiveCfg = Release|Any CPU
		{0A3231B4-2BD3-42E0-B73D-890E771331A7}.Release|x64.Build.0 = Release|Any CPU
		{8AF5E148-0939-4724-9799-DCA810191C8F}.Debug|Any CPU.ActiveCfg = Debug|Any CPU
		{8AF5E148-0939-4724-9799-DCA810191C8F}.Debug|Any CPU.Build.0 = Debug|Any CPU
		{8AF5E148-0939-4724-9799-DCA810191C8F}.Debug|x64.ActiveCfg = Debug|Any CPU
		{8AF5E148-0939-4724-9799-DCA810191C8F}.Debug|x64.Build.0 = Debug|Any CPU
		{8AF5E148-0939-4724-9799-DCA810191C8F}.Release|Any CPU.ActiveCfg = Release|Any CPU
		{8AF5E148-0939-4724-9799-DCA810191C8F}.Release|Any CPU.Build.0 = Release|Any CPU
		{8AF5E148-0939-4724-9799-DCA810191C8F}.Release|x64.ActiveCfg = Release|Any CPU
		{8AF5E148-0939-4724-9799-DCA810191C8F}.Release|x64.Build.0 = Release|Any CPU
		{4801A744-ACC9-4D99-8A36-786B3D4CB3E4}.Debug|Any CPU.ActiveCfg = Debug|Any CPU
		{4801A744-ACC9-4D99-8A36-786B3D4CB3E4}.Debug|Any CPU.Build.0 = Debug|Any CPU
		{4801A744-ACC9-4D99-8A36-786B3D4CB3E4}.Debug|x64.ActiveCfg = Debug|Any CPU
		{4801A744-ACC9-4D99-8A36-786B3D4CB3E4}.Debug|x64.Build.0 = Debug|Any CPU
		{4801A744-ACC9-4D99-8A36-786B3D4CB3E4}.Release|Any CPU.ActiveCfg = Release|Any CPU
		{4801A744-ACC9-4D99-8A36-786B3D4CB3E4}.Release|Any CPU.Build.0 = Release|Any CPU
		{4801A744-ACC9-4D99-8A36-786B3D4CB3E4}.Release|x64.ActiveCfg = Release|Any CPU
		{4801A744-ACC9-4D99-8A36-786B3D4CB3E4}.Release|x64.Build.0 = Release|Any CPU
		{F0D1314E-607C-481C-98C1-1EC5B90A9588}.Debug|Any CPU.ActiveCfg = Debug|Any CPU
		{F0D1314E-607C-481C-98C1-1EC5B90A9588}.Debug|Any CPU.Build.0 = Debug|Any CPU
		{F0D1314E-607C-481C-98C1-1EC5B90A9588}.Debug|x64.ActiveCfg = Debug|Any CPU
		{F0D1314E-607C-481C-98C1-1EC5B90A9588}.Debug|x64.Build.0 = Debug|Any CPU
		{F0D1314E-607C-481C-98C1-1EC5B90A9588}.Release|Any CPU.ActiveCfg = Release|Any CPU
		{F0D1314E-607C-481C-98C1-1EC5B90A9588}.Release|Any CPU.Build.0 = Release|Any CPU
		{F0D1314E-607C-481C-98C1-1EC5B90A9588}.Release|x64.ActiveCfg = Release|Any CPU
		{F0D1314E-607C-481C-98C1-1EC5B90A9588}.Release|x64.Build.0 = Release|Any CPU
		{FE4CBE65-9B8B-4C1E-BB35-01E34CF6A492}.Debug|Any CPU.ActiveCfg = Debug|Any CPU
		{FE4CBE65-9B8B-4C1E-BB35-01E34CF6A492}.Debug|Any CPU.Build.0 = Debug|Any CPU
		{FE4CBE65-9B8B-4C1E-BB35-01E34CF6A492}.Debug|x64.ActiveCfg = Debug|Any CPU
		{FE4CBE65-9B8B-4C1E-BB35-01E34CF6A492}.Debug|x64.Build.0 = Debug|Any CPU
		{FE4CBE65-9B8B-4C1E-BB35-01E34CF6A492}.Release|Any CPU.ActiveCfg = Release|Any CPU
		{FE4CBE65-9B8B-4C1E-BB35-01E34CF6A492}.Release|Any CPU.Build.0 = Release|Any CPU
		{FE4CBE65-9B8B-4C1E-BB35-01E34CF6A492}.Release|x64.ActiveCfg = Release|Any CPU
		{FE4CBE65-9B8B-4C1E-BB35-01E34CF6A492}.Release|x64.Build.0 = Release|Any CPU
		{FDE71840-ED3E-423C-9286-4222C7E27F74}.Debug|Any CPU.ActiveCfg = Debug|Any CPU
		{FDE71840-ED3E-423C-9286-4222C7E27F74}.Debug|Any CPU.Build.0 = Debug|Any CPU
		{FDE71840-ED3E-423C-9286-4222C7E27F74}.Debug|x64.ActiveCfg = Debug|Any CPU
		{FDE71840-ED3E-423C-9286-4222C7E27F74}.Debug|x64.Build.0 = Debug|Any CPU
		{FDE71840-ED3E-423C-9286-4222C7E27F74}.Release|Any CPU.ActiveCfg = Release|Any CPU
		{FDE71840-ED3E-423C-9286-4222C7E27F74}.Release|Any CPU.Build.0 = Release|Any CPU
		{FDE71840-ED3E-423C-9286-4222C7E27F74}.Release|x64.ActiveCfg = Release|Any CPU
		{FDE71840-ED3E-423C-9286-4222C7E27F74}.Release|x64.Build.0 = Release|Any CPU
		{99605E30-E23B-4EDD-B770-C815B916829F}.Debug|Any CPU.ActiveCfg = Debug|Any CPU
		{99605E30-E23B-4EDD-B770-C815B916829F}.Debug|Any CPU.Build.0 = Debug|Any CPU
		{99605E30-E23B-4EDD-B770-C815B916829F}.Debug|x64.ActiveCfg = Debug|Any CPU
		{99605E30-E23B-4EDD-B770-C815B916829F}.Debug|x64.Build.0 = Debug|Any CPU
		{99605E30-E23B-4EDD-B770-C815B916829F}.Release|Any CPU.ActiveCfg = Release|Any CPU
		{99605E30-E23B-4EDD-B770-C815B916829F}.Release|Any CPU.Build.0 = Release|Any CPU
		{99605E30-E23B-4EDD-B770-C815B916829F}.Release|x64.ActiveCfg = Release|Any CPU
		{99605E30-E23B-4EDD-B770-C815B916829F}.Release|x64.Build.0 = Release|Any CPU
		{CDCD839B-CE2F-49DA-8A79-D479C4366F35}.Debug|Any CPU.ActiveCfg = Debug|Any CPU
		{CDCD839B-CE2F-49DA-8A79-D479C4366F35}.Debug|Any CPU.Build.0 = Debug|Any CPU
		{CDCD839B-CE2F-49DA-8A79-D479C4366F35}.Debug|x64.ActiveCfg = Debug|Any CPU
		{CDCD839B-CE2F-49DA-8A79-D479C4366F35}.Debug|x64.Build.0 = Debug|Any CPU
		{CDCD839B-CE2F-49DA-8A79-D479C4366F35}.Release|Any CPU.ActiveCfg = Release|Any CPU
		{CDCD839B-CE2F-49DA-8A79-D479C4366F35}.Release|Any CPU.Build.0 = Release|Any CPU
		{CDCD839B-CE2F-49DA-8A79-D479C4366F35}.Release|x64.ActiveCfg = Release|Any CPU
		{CDCD839B-CE2F-49DA-8A79-D479C4366F35}.Release|x64.Build.0 = Release|Any CPU
		{8DC6E756-E0AA-40BF-B530-1CD619F2C67F}.Debug|Any CPU.ActiveCfg = Debug|Any CPU
		{8DC6E756-E0AA-40BF-B530-1CD619F2C67F}.Debug|Any CPU.Build.0 = Debug|Any CPU
		{8DC6E756-E0AA-40BF-B530-1CD619F2C67F}.Debug|x64.ActiveCfg = Debug|Any CPU
		{8DC6E756-E0AA-40BF-B530-1CD619F2C67F}.Debug|x64.Build.0 = Debug|Any CPU
		{8DC6E756-E0AA-40BF-B530-1CD619F2C67F}.Release|Any CPU.ActiveCfg = Release|Any CPU
		{8DC6E756-E0AA-40BF-B530-1CD619F2C67F}.Release|Any CPU.Build.0 = Release|Any CPU
		{8DC6E756-E0AA-40BF-B530-1CD619F2C67F}.Release|x64.ActiveCfg = Release|Any CPU
		{8DC6E756-E0AA-40BF-B530-1CD619F2C67F}.Release|x64.Build.0 = Release|Any CPU
		{DB1A3D5B-99A5-4BBE-85F7-79B69DF33542}.Debug|Any CPU.ActiveCfg = Debug|Any CPU
		{DB1A3D5B-99A5-4BBE-85F7-79B69DF33542}.Debug|Any CPU.Build.0 = Debug|Any CPU
		{DB1A3D5B-99A5-4BBE-85F7-79B69DF33542}.Debug|x64.ActiveCfg = Debug|Any CPU
		{DB1A3D5B-99A5-4BBE-85F7-79B69DF33542}.Debug|x64.Build.0 = Debug|Any CPU
		{DB1A3D5B-99A5-4BBE-85F7-79B69DF33542}.Release|Any CPU.ActiveCfg = Release|Any CPU
		{DB1A3D5B-99A5-4BBE-85F7-79B69DF33542}.Release|Any CPU.Build.0 = Release|Any CPU
		{DB1A3D5B-99A5-4BBE-85F7-79B69DF33542}.Release|x64.ActiveCfg = Release|Any CPU
		{DB1A3D5B-99A5-4BBE-85F7-79B69DF33542}.Release|x64.Build.0 = Release|Any CPU
		{46671B86-ECD6-4A78-AE85-E12DC35D235C}.Debug|Any CPU.ActiveCfg = Debug|Any CPU
		{46671B86-ECD6-4A78-AE85-E12DC35D235C}.Debug|Any CPU.Build.0 = Debug|Any CPU
		{46671B86-ECD6-4A78-AE85-E12DC35D235C}.Debug|x64.ActiveCfg = Debug|Any CPU
		{46671B86-ECD6-4A78-AE85-E12DC35D235C}.Debug|x64.Build.0 = Debug|Any CPU
		{46671B86-ECD6-4A78-AE85-E12DC35D235C}.Release|Any CPU.ActiveCfg = Release|Any CPU
		{46671B86-ECD6-4A78-AE85-E12DC35D235C}.Release|Any CPU.Build.0 = Release|Any CPU
		{46671B86-ECD6-4A78-AE85-E12DC35D235C}.Release|x64.ActiveCfg = Release|Any CPU
		{46671B86-ECD6-4A78-AE85-E12DC35D235C}.Release|x64.Build.0 = Release|Any CPU
		{18DA7D4B-2772-4140-BDE4-A7473FC7A1F2}.Debug|Any CPU.ActiveCfg = Debug|Any CPU
		{18DA7D4B-2772-4140-BDE4-A7473FC7A1F2}.Debug|Any CPU.Build.0 = Debug|Any CPU
		{18DA7D4B-2772-4140-BDE4-A7473FC7A1F2}.Debug|x64.ActiveCfg = Debug|Any CPU
		{18DA7D4B-2772-4140-BDE4-A7473FC7A1F2}.Debug|x64.Build.0 = Debug|Any CPU
		{18DA7D4B-2772-4140-BDE4-A7473FC7A1F2}.Release|Any CPU.ActiveCfg = Release|Any CPU
		{18DA7D4B-2772-4140-BDE4-A7473FC7A1F2}.Release|Any CPU.Build.0 = Release|Any CPU
		{18DA7D4B-2772-4140-BDE4-A7473FC7A1F2}.Release|x64.ActiveCfg = Release|Any CPU
		{18DA7D4B-2772-4140-BDE4-A7473FC7A1F2}.Release|x64.Build.0 = Release|Any CPU
		{244044FA-C520-4325-80DA-320540919D7D}.Debug|Any CPU.ActiveCfg = Debug|Any CPU
		{244044FA-C520-4325-80DA-320540919D7D}.Debug|Any CPU.Build.0 = Debug|Any CPU
		{244044FA-C520-4325-80DA-320540919D7D}.Debug|x64.ActiveCfg = Debug|Any CPU
		{244044FA-C520-4325-80DA-320540919D7D}.Debug|x64.Build.0 = Debug|Any CPU
		{244044FA-C520-4325-80DA-320540919D7D}.Release|Any CPU.ActiveCfg = Release|Any CPU
		{244044FA-C520-4325-80DA-320540919D7D}.Release|Any CPU.Build.0 = Release|Any CPU
		{244044FA-C520-4325-80DA-320540919D7D}.Release|x64.ActiveCfg = Release|Any CPU
		{244044FA-C520-4325-80DA-320540919D7D}.Release|x64.Build.0 = Release|Any CPU
		{88A4D296-B6DD-4097-953F-3541B9764D5E}.Debug|Any CPU.ActiveCfg = Debug|Any CPU
		{88A4D296-B6DD-4097-953F-3541B9764D5E}.Debug|Any CPU.Build.0 = Debug|Any CPU
		{88A4D296-B6DD-4097-953F-3541B9764D5E}.Debug|x64.ActiveCfg = Debug|Any CPU
		{88A4D296-B6DD-4097-953F-3541B9764D5E}.Debug|x64.Build.0 = Debug|Any CPU
		{88A4D296-B6DD-4097-953F-3541B9764D5E}.Release|Any CPU.ActiveCfg = Release|Any CPU
		{88A4D296-B6DD-4097-953F-3541B9764D5E}.Release|Any CPU.Build.0 = Release|Any CPU
		{88A4D296-B6DD-4097-953F-3541B9764D5E}.Release|x64.ActiveCfg = Release|Any CPU
		{88A4D296-B6DD-4097-953F-3541B9764D5E}.Release|x64.Build.0 = Release|Any CPU
		{F9F3BB67-5640-43F4-83B1-0C19477805EF}.Debug|Any CPU.ActiveCfg = Debug|Any CPU
		{F9F3BB67-5640-43F4-83B1-0C19477805EF}.Debug|Any CPU.Build.0 = Debug|Any CPU
		{F9F3BB67-5640-43F4-83B1-0C19477805EF}.Debug|x64.ActiveCfg = Debug|Any CPU
		{F9F3BB67-5640-43F4-83B1-0C19477805EF}.Debug|x64.Build.0 = Debug|Any CPU
		{F9F3BB67-5640-43F4-83B1-0C19477805EF}.Release|Any CPU.ActiveCfg = Release|Any CPU
		{F9F3BB67-5640-43F4-83B1-0C19477805EF}.Release|Any CPU.Build.0 = Release|Any CPU
		{F9F3BB67-5640-43F4-83B1-0C19477805EF}.Release|x64.ActiveCfg = Release|Any CPU
		{F9F3BB67-5640-43F4-83B1-0C19477805EF}.Release|x64.Build.0 = Release|Any CPU
		{43374717-8681-4A27-B8C3-ED084DEC660B}.Debug|Any CPU.ActiveCfg = Debug|Any CPU
		{43374717-8681-4A27-B8C3-ED084DEC660B}.Debug|Any CPU.Build.0 = Debug|Any CPU
		{43374717-8681-4A27-B8C3-ED084DEC660B}.Debug|x64.ActiveCfg = Debug|Any CPU
		{43374717-8681-4A27-B8C3-ED084DEC660B}.Debug|x64.Build.0 = Debug|Any CPU
		{43374717-8681-4A27-B8C3-ED084DEC660B}.Release|Any CPU.ActiveCfg = Release|Any CPU
		{43374717-8681-4A27-B8C3-ED084DEC660B}.Release|Any CPU.Build.0 = Release|Any CPU
		{43374717-8681-4A27-B8C3-ED084DEC660B}.Release|x64.ActiveCfg = Release|Any CPU
		{43374717-8681-4A27-B8C3-ED084DEC660B}.Release|x64.Build.0 = Release|Any CPU
		{44046A3D-9EF1-44DF-9344-ABBBA775668C}.Debug|Any CPU.ActiveCfg = Debug|Any CPU
		{44046A3D-9EF1-44DF-9344-ABBBA775668C}.Debug|Any CPU.Build.0 = Debug|Any CPU
		{44046A3D-9EF1-44DF-9344-ABBBA775668C}.Debug|x64.ActiveCfg = Debug|Any CPU
		{44046A3D-9EF1-44DF-9344-ABBBA775668C}.Debug|x64.Build.0 = Debug|Any CPU
		{44046A3D-9EF1-44DF-9344-ABBBA775668C}.Release|Any CPU.ActiveCfg = Release|Any CPU
		{44046A3D-9EF1-44DF-9344-ABBBA775668C}.Release|Any CPU.Build.0 = Release|Any CPU
		{44046A3D-9EF1-44DF-9344-ABBBA775668C}.Release|x64.ActiveCfg = Release|Any CPU
		{44046A3D-9EF1-44DF-9344-ABBBA775668C}.Release|x64.Build.0 = Release|Any CPU
		{812DCF09-C80F-4049-990F-5CE6D5E0F8A1}.Debug|Any CPU.ActiveCfg = Debug|Any CPU
		{812DCF09-C80F-4049-990F-5CE6D5E0F8A1}.Debug|Any CPU.Build.0 = Debug|Any CPU
		{812DCF09-C80F-4049-990F-5CE6D5E0F8A1}.Debug|x64.ActiveCfg = Debug|Any CPU
		{812DCF09-C80F-4049-990F-5CE6D5E0F8A1}.Debug|x64.Build.0 = Debug|Any CPU
		{812DCF09-C80F-4049-990F-5CE6D5E0F8A1}.Release|Any CPU.ActiveCfg = Release|Any CPU
		{812DCF09-C80F-4049-990F-5CE6D5E0F8A1}.Release|Any CPU.Build.0 = Release|Any CPU
		{812DCF09-C80F-4049-990F-5CE6D5E0F8A1}.Release|x64.ActiveCfg = Release|Any CPU
		{812DCF09-C80F-4049-990F-5CE6D5E0F8A1}.Release|x64.Build.0 = Release|Any CPU
		{26AB5261-40F8-467D-92A1-B54E04ED14D1}.Debug|Any CPU.ActiveCfg = Debug|Any CPU
		{26AB5261-40F8-467D-92A1-B54E04ED14D1}.Debug|Any CPU.Build.0 = Debug|Any CPU
		{26AB5261-40F8-467D-92A1-B54E04ED14D1}.Debug|x64.ActiveCfg = Debug|Any CPU
		{26AB5261-40F8-467D-92A1-B54E04ED14D1}.Debug|x64.Build.0 = Debug|Any CPU
		{26AB5261-40F8-467D-92A1-B54E04ED14D1}.Release|Any CPU.ActiveCfg = Release|Any CPU
		{26AB5261-40F8-467D-92A1-B54E04ED14D1}.Release|Any CPU.Build.0 = Release|Any CPU
		{26AB5261-40F8-467D-92A1-B54E04ED14D1}.Release|x64.ActiveCfg = Release|Any CPU
		{26AB5261-40F8-467D-92A1-B54E04ED14D1}.Release|x64.Build.0 = Release|Any CPU
		{051255FA-D8C1-4AC5-8E91-2338521AD056}.Debug|Any CPU.ActiveCfg = Debug|Any CPU
		{051255FA-D8C1-4AC5-8E91-2338521AD056}.Debug|Any CPU.Build.0 = Debug|Any CPU
		{051255FA-D8C1-4AC5-8E91-2338521AD056}.Debug|x64.ActiveCfg = Debug|Any CPU
		{051255FA-D8C1-4AC5-8E91-2338521AD056}.Debug|x64.Build.0 = Debug|Any CPU
		{051255FA-D8C1-4AC5-8E91-2338521AD056}.Release|Any CPU.ActiveCfg = Release|Any CPU
		{051255FA-D8C1-4AC5-8E91-2338521AD056}.Release|Any CPU.Build.0 = Release|Any CPU
		{051255FA-D8C1-4AC5-8E91-2338521AD056}.Release|x64.ActiveCfg = Release|Any CPU
		{051255FA-D8C1-4AC5-8E91-2338521AD056}.Release|x64.Build.0 = Release|Any CPU
		{34C535BE-A5E8-42BC-9ACA-01BAB32DFB0F}.Debug|Any CPU.ActiveCfg = Debug|Any CPU
		{34C535BE-A5E8-42BC-9ACA-01BAB32DFB0F}.Debug|Any CPU.Build.0 = Debug|Any CPU
		{34C535BE-A5E8-42BC-9ACA-01BAB32DFB0F}.Debug|x64.ActiveCfg = Debug|Any CPU
		{34C535BE-A5E8-42BC-9ACA-01BAB32DFB0F}.Debug|x64.Build.0 = Debug|Any CPU
		{34C535BE-A5E8-42BC-9ACA-01BAB32DFB0F}.Release|Any CPU.ActiveCfg = Release|Any CPU
		{34C535BE-A5E8-42BC-9ACA-01BAB32DFB0F}.Release|Any CPU.Build.0 = Release|Any CPU
		{34C535BE-A5E8-42BC-9ACA-01BAB32DFB0F}.Release|x64.ActiveCfg = Release|Any CPU
		{34C535BE-A5E8-42BC-9ACA-01BAB32DFB0F}.Release|x64.Build.0 = Release|Any CPU
		{4C211947-0BDB-40C7-83A6-9DCB7CB8DA38}.Debug|Any CPU.ActiveCfg = Debug|Any CPU
		{4C211947-0BDB-40C7-83A6-9DCB7CB8DA38}.Debug|Any CPU.Build.0 = Debug|Any CPU
		{4C211947-0BDB-40C7-83A6-9DCB7CB8DA38}.Debug|x64.ActiveCfg = Debug|Any CPU
		{4C211947-0BDB-40C7-83A6-9DCB7CB8DA38}.Debug|x64.Build.0 = Debug|Any CPU
		{4C211947-0BDB-40C7-83A6-9DCB7CB8DA38}.Release|Any CPU.ActiveCfg = Release|Any CPU
		{4C211947-0BDB-40C7-83A6-9DCB7CB8DA38}.Release|Any CPU.Build.0 = Release|Any CPU
		{4C211947-0BDB-40C7-83A6-9DCB7CB8DA38}.Release|x64.ActiveCfg = Release|Any CPU
		{4C211947-0BDB-40C7-83A6-9DCB7CB8DA38}.Release|x64.Build.0 = Release|Any CPU
		{BADA4F6A-A889-420B-ACCE-08A96C74B935}.Debug|Any CPU.ActiveCfg = Debug|Any CPU
		{BADA4F6A-A889-420B-ACCE-08A96C74B935}.Debug|Any CPU.Build.0 = Debug|Any CPU
		{BADA4F6A-A889-420B-ACCE-08A96C74B935}.Debug|x64.ActiveCfg = Debug|Any CPU
		{BADA4F6A-A889-420B-ACCE-08A96C74B935}.Debug|x64.Build.0 = Debug|Any CPU
		{BADA4F6A-A889-420B-ACCE-08A96C74B935}.Release|Any CPU.ActiveCfg = Release|Any CPU
		{BADA4F6A-A889-420B-ACCE-08A96C74B935}.Release|Any CPU.Build.0 = Release|Any CPU
		{BADA4F6A-A889-420B-ACCE-08A96C74B935}.Release|x64.ActiveCfg = Release|Any CPU
		{BADA4F6A-A889-420B-ACCE-08A96C74B935}.Release|x64.Build.0 = Release|Any CPU
		{D828AB64-FD7C-45AA-8E1D-1E5189EC0BF5}.Debug|Any CPU.ActiveCfg = Debug|Any CPU
		{D828AB64-FD7C-45AA-8E1D-1E5189EC0BF5}.Debug|Any CPU.Build.0 = Debug|Any CPU
		{D828AB64-FD7C-45AA-8E1D-1E5189EC0BF5}.Debug|x64.ActiveCfg = Debug|Any CPU
		{D828AB64-FD7C-45AA-8E1D-1E5189EC0BF5}.Debug|x64.Build.0 = Debug|Any CPU
		{D828AB64-FD7C-45AA-8E1D-1E5189EC0BF5}.Release|Any CPU.ActiveCfg = Release|Any CPU
		{D828AB64-FD7C-45AA-8E1D-1E5189EC0BF5}.Release|Any CPU.Build.0 = Release|Any CPU
		{D828AB64-FD7C-45AA-8E1D-1E5189EC0BF5}.Release|x64.ActiveCfg = Release|Any CPU
		{D828AB64-FD7C-45AA-8E1D-1E5189EC0BF5}.Release|x64.Build.0 = Release|Any CPU
		{A22234EE-2357-4FB0-A95E-F1A664730FA9}.Debug|Any CPU.ActiveCfg = Debug|Any CPU
		{A22234EE-2357-4FB0-A95E-F1A664730FA9}.Debug|Any CPU.Build.0 = Debug|Any CPU
		{A22234EE-2357-4FB0-A95E-F1A664730FA9}.Debug|x64.ActiveCfg = Debug|Any CPU
		{A22234EE-2357-4FB0-A95E-F1A664730FA9}.Debug|x64.Build.0 = Debug|Any CPU
		{A22234EE-2357-4FB0-A95E-F1A664730FA9}.Release|Any CPU.ActiveCfg = Release|Any CPU
		{A22234EE-2357-4FB0-A95E-F1A664730FA9}.Release|Any CPU.Build.0 = Release|Any CPU
		{A22234EE-2357-4FB0-A95E-F1A664730FA9}.Release|x64.ActiveCfg = Release|Any CPU
		{A22234EE-2357-4FB0-A95E-F1A664730FA9}.Release|x64.Build.0 = Release|Any CPU
	EndGlobalSection
	GlobalSection(SolutionProperties) = preSolution
		HideSolutionNode = FALSE
	EndGlobalSection
	GlobalSection(NestedProjects) = preSolution
		{90DE1E8A-74C2-4FBA-9928-A23FBFB3AAF1} = {57C13718-7CA8-4CD7-819F-0F4DE3A14709}
		{D46C37E6-E5E2-4F84-9B16-C4DCC8F44F73} = {57C13718-7CA8-4CD7-819F-0F4DE3A14709}
		{8C25A77F-643D-4F9B-9055-B059C8A66995} = {57C13718-7CA8-4CD7-819F-0F4DE3A14709}
		{77504B63-2E07-4703-8694-AEBBF58B75B9} = {41B51527-B645-4966-A126-8755EDB19E73}
		{2D5E5412-1243-4283-A058-78DEE9AB6EED} = {41B51527-B645-4966-A126-8755EDB19E73}
		{4027DAE5-F4EC-4B2A-9219-E6568041ED5D} = {41B51527-B645-4966-A126-8755EDB19E73}
		{4E3BB14B-5F7B-4081-92A0-831E8B160F69} = {4DD4891C-A575-46E6-9A6E-44200DAE183B}
		{4615A2D4-81BA-482A-B15A-EACC6B87D180} = {F58883E3-D498-4681-AE8D-B28C332667DF}
		{4939A081-9E09-4A9C-A5C9-98BCB34DEB06} = {F58883E3-D498-4681-AE8D-B28C332667DF}
		{693AC63A-2455-490D-8F2E-38807BE53C94} = {F58883E3-D498-4681-AE8D-B28C332667DF}
		{8EC00330-A0C1-4B40-A4AE-289BEBD6E066} = {F58883E3-D498-4681-AE8D-B28C332667DF}
		{3A7BEE94-B2B0-4EA2-835C-F4CAE32DC09B} = {F58883E3-D498-4681-AE8D-B28C332667DF}
		{8BE0AE85-3717-45CF-AD8D-1DF7FEC9C0C8} = {F58883E3-D498-4681-AE8D-B28C332667DF}
		{3F40D075-C44F-482F-9267-CD78BD046DCC} = {F58883E3-D498-4681-AE8D-B28C332667DF}
		{046BAB77-BFBC-4860-9686-F0EC0AE214E4} = {B35B45F6-F387-4339-AB8C-8C815C1F16A2}
		{CA046D94-AB7F-4F6D-9B94-9824C2B4C33B} = {B35B45F6-F387-4339-AB8C-8C815C1F16A2}
		{B707071A-9A8C-48BC-82AF-D2F5DC7F5A19} = {1DCFA250-2AC5-4E37-849C-5D788BCD21F8}
		{AA72E784-6A2E-43AE-9819-78E551D0FE94} = {1DCFA250-2AC5-4E37-849C-5D788BCD21F8}
		{F3767B82-515C-42FC-9C91-1ADF98E10BDB} = {1DCFA250-2AC5-4E37-849C-5D788BCD21F8}
		{91EFA804-1E62-4B3E-959C-917623D2F22B} = {1DCFA250-2AC5-4E37-849C-5D788BCD21F8}
		{9AC0DD8C-5290-4BAE-87A6-39952B78FC49} = {DED10F83-C87D-4CA1-8339-6AC820EC44FC}
		{05F928F8-9A8F-4587-9009-B82399B7AF52} = {DED10F83-C87D-4CA1-8339-6AC820EC44FC}
		{CCE17023-9DBC-4781-82B3-B2AB3E173927} = {E206D1B0-13CA-462D-A720-90F7D0829FB7}
		{8DBC8B5A-7757-46DF-BAF3-8860D1E04CBA} = {282C0114-704A-4506-890B-C326A67419B4}
		{DC976D9E-1D51-4080-9977-68D9FDA001D0} = {6D890CDC-ECED-4E68-977D-1D829D3E39D6}
		{B84A5931-B4FC-4FA2-B9A4-88A0B81A2A0D} = {D19ADB59-C958-4716-953D-86F1611E6289}
		{BAFF9C97-CF53-448C-8410-99FB84D613F9} = {F72F8163-1934-4185-A43D-4CAB26E78786}
		{CB39B14C-2E5E-4627-8431-C11141DE8737} = {3A8B0086-ADC5-4A35-9A97-28B3187667C8}
		{12D2BFCA-35C7-45F0-A5C7-B13128D052AC} = {3A8B0086-ADC5-4A35-9A97-28B3187667C8}
		{93A94D05-4F72-40BB-8687-FFF6C824A44A} = {3A8B0086-ADC5-4A35-9A97-28B3187667C8}
		{2803EA39-43BD-448B-A936-0A56026D68EC} = {3A8B0086-ADC5-4A35-9A97-28B3187667C8}
		{5FCAB369-4A82-4B98-972F-662C3250FBD8} = {3A8B0086-ADC5-4A35-9A97-28B3187667C8}
		{B6AE5C9B-FDA7-44AB-853E-F84304B38661} = {61796355-A9B7-4F0D-99E5-373823E87DE7}
		{936F4FB9-F60C-4CF8-A903-3DFB4144F00C} = {61796355-A9B7-4F0D-99E5-373823E87DE7}
		{8D25239E-301A-45F4-9A4C-6B98CFD4DD60} = {C702E7ED-0A55-4DA6-B1F5-1CF9C742ABB3}
		{43749B63-9CF5-4FA1-A8B0-7781924F8DFD} = {C702E7ED-0A55-4DA6-B1F5-1CF9C742ABB3}
		{D94D3365-A378-49FC-B695-12F287F37FF0} = {42B39E88-504B-4F8D-B595-9141269ABF2E}
		{9AA957F4-CAB7-48C3-9F72-BC35B15CD0D1} = {C0B0DB24-83DF-4E4E-8799-1E832397BE76}
		{B73D06E7-9CEC-4907-A3AE-257DA43B2E94} = {C0B0DB24-83DF-4E4E-8799-1E832397BE76}
		{BF18C9A8-DE6F-4CF6-9A55-379DA102D451} = {DC04B391-371A-4258-AC46-BE4D2CE89AD5}
		{413F9020-EF57-47D2-AD89-D872496E4EA1} = {DC04B391-371A-4258-AC46-BE4D2CE89AD5}
		{B9273633-31AB-4CC1-9595-57B5F685D0E8} = {DC04B391-371A-4258-AC46-BE4D2CE89AD5}
		{D968D319-5531-43DB-80EF-6F430876CD4F} = {82169DF9-545A-4050-ADF9-17FD3E0752A6}
		{BEF7A4E6-1D01-4E49-9F37-77F24951F232} = {82169DF9-545A-4050-ADF9-17FD3E0752A6}
		{7862FC92-1F34-4E2F-B572-47A349CBD71E} = {82169DF9-545A-4050-ADF9-17FD3E0752A6}
		{6FA1C4D1-74CC-4437-9388-E176C591F6D2} = {DD25A49B-CB15-4487-8F1E-AC6BC1083EEF}
		{422496BC-A150-4667-90C5-AFE394CD0A0D} = {DD25A49B-CB15-4487-8F1E-AC6BC1083EEF}
		{9909DC13-7656-4BD8-98D0-53878BD588A1} = {DD25A49B-CB15-4487-8F1E-AC6BC1083EEF}
		{611D1178-0D17-4175-A806-17F4B2A80C0D} = {DD25A49B-CB15-4487-8F1E-AC6BC1083EEF}
		{4F0D80E4-1918-47B9-87D1-BE197DA8CC61} = {611D1178-0D17-4175-A806-17F4B2A80C0D}
		{7C580099-E98A-4F7E-80FF-D6A01740C396} = {611D1178-0D17-4175-A806-17F4B2A80C0D}
		{C6A76982-0936-4681-9565-0D27E5B89534} = {DD25A49B-CB15-4487-8F1E-AC6BC1083EEF}
		{33DB47E4-3588-40B7-8AD9-1AFC8AF5A391} = {3154B798-4FDF-4A9B-8539-BC99B448FA64}
		{AC8EC8AD-A182-46D1-A9B8-899D3D7BF3F1} = {D19ADB59-C958-4716-953D-86F1611E6289}
		{3DE5453F-834F-4CE2-AEA1-BC852903378B} = {42B39E88-504B-4F8D-B595-9141269ABF2E}
		{9EA8A7CE-569D-4A04-98D8-ECE52F9DF968} = {F72F8163-1934-4185-A43D-4CAB26E78786}
		{32FEB394-2529-4CB1-B4FC-2629494B20FD} = {BAFF9C97-CF53-448C-8410-99FB84D613F9}
		{D8AF56AE-80F6-4300-9B52-CD48B257DD9D} = {32FEB394-2529-4CB1-B4FC-2629494B20FD}
		{14C3CA16-D84E-4CB0-9586-63F708107C0F} = {32FEB394-2529-4CB1-B4FC-2629494B20FD}
		{D2A228D3-663E-4A1F-9650-D4664B38D750} = {32FEB394-2529-4CB1-B4FC-2629494B20FD}
		{DAE3BEDF-DB56-4B09-8C46-627CF6AB1086} = {9EA8A7CE-569D-4A04-98D8-ECE52F9DF968}
		{D1277623-E109-41B8-988E-60BE333119EC} = {9EA8A7CE-569D-4A04-98D8-ECE52F9DF968}
		{9C20171D-0C1F-44B6-9484-8D7297D0C6E2} = {9EA8A7CE-569D-4A04-98D8-ECE52F9DF968}
		{F5FCC0E9-29ED-4906-8CDD-059D175B73E4} = {BAFF9C97-CF53-448C-8410-99FB84D613F9}
		{3CB43636-C922-41E9-AFE9-F95A2A66D78F} = {BAFF9C97-CF53-448C-8410-99FB84D613F9}
		{A1182182-EB29-4140-8299-65DD8834A9D2} = {BAFF9C97-CF53-448C-8410-99FB84D613F9}
		{D36BFDCD-A7A7-4296-9DD3-C094CF5AC126} = {BAFF9C97-CF53-448C-8410-99FB84D613F9}
		{527CECD4-A400-4A93-AAF4-23F9EFCD4497} = {BAFF9C97-CF53-448C-8410-99FB84D613F9}
		{701E4176-4C09-49ED-AAD1-541C5280C5AB} = {BAFF9C97-CF53-448C-8410-99FB84D613F9}
		{BDD7B010-C590-4A02-A72B-53F70DB95AD9} = {BAFF9C97-CF53-448C-8410-99FB84D613F9}
		{85F8C2F5-2D2F-4940-8F50-1E7788D51F23} = {BAFF9C97-CF53-448C-8410-99FB84D613F9}
		{01F9C912-FA34-4C9B-813B-B94D60A94510} = {4AA20F96-0AAD-4D37-B6E3-04A30BDCC420}
		{E1740C99-9E3B-45C6-9C48-51A8C38A01E5} = {4AA20F96-0AAD-4D37-B6E3-04A30BDCC420}
		{497B663C-349F-4551-97F5-08EA2A6DB9A5} = {4AA20F96-0AAD-4D37-B6E3-04A30BDCC420}
		{DEF79147-E553-488D-95C0-39AF804BBD25} = {4AA20F96-0AAD-4D37-B6E3-04A30BDCC420}
		{D554A957-FCFB-48F4-9D26-F8FA46FF70EE} = {4AA20F96-0AAD-4D37-B6E3-04A30BDCC420}
		{37EDE834-30E3-4D79-B5D7-C607658B741A} = {4AA20F96-0AAD-4D37-B6E3-04A30BDCC420}
		{3D32C42E-F75C-47D2-8D7B-CF3AC17A36B7} = {4AA20F96-0AAD-4D37-B6E3-04A30BDCC420}
		{F6DB393D-3757-4CDD-9520-4878D1CA5654} = {4AA20F96-0AAD-4D37-B6E3-04A30BDCC420}
		{4035F40A-3F37-4570-AFFD-88BA17203C0A} = {4AA20F96-0AAD-4D37-B6E3-04A30BDCC420}
		{775582A7-952A-41CC-B62D-5B8B5FCBCF51} = {4AA20F96-0AAD-4D37-B6E3-04A30BDCC420}
		{0A3231B4-2BD3-42E0-B73D-890E771331A7} = {4AA20F96-0AAD-4D37-B6E3-04A30BDCC420}
		{8AF5E148-0939-4724-9799-DCA810191C8F} = {4AA20F96-0AAD-4D37-B6E3-04A30BDCC420}
		{4801A744-ACC9-4D99-8A36-786B3D4CB3E4} = {B439BAED-C8AD-407E-9992-2948EA698937}
		{F0D1314E-607C-481C-98C1-1EC5B90A9588} = {B439BAED-C8AD-407E-9992-2948EA698937}
		{FE4CBE65-9B8B-4C1E-BB35-01E34CF6A492} = {B439BAED-C8AD-407E-9992-2948EA698937}
		{FDE71840-ED3E-423C-9286-4222C7E27F74} = {B439BAED-C8AD-407E-9992-2948EA698937}
		{99605E30-E23B-4EDD-B770-C815B916829F} = {B439BAED-C8AD-407E-9992-2948EA698937}
		{CDCD839B-CE2F-49DA-8A79-D479C4366F35} = {B439BAED-C8AD-407E-9992-2948EA698937}
		{8DC6E756-E0AA-40BF-B530-1CD619F2C67F} = {B439BAED-C8AD-407E-9992-2948EA698937}
		{DB1A3D5B-99A5-4BBE-85F7-79B69DF33542} = {B439BAED-C8AD-407E-9992-2948EA698937}
		{46671B86-ECD6-4A78-AE85-E12DC35D235C} = {B439BAED-C8AD-407E-9992-2948EA698937}
		{18DA7D4B-2772-4140-BDE4-A7473FC7A1F2} = {B439BAED-C8AD-407E-9992-2948EA698937}
		{244044FA-C520-4325-80DA-320540919D7D} = {B439BAED-C8AD-407E-9992-2948EA698937}
		{88A4D296-B6DD-4097-953F-3541B9764D5E} = {B439BAED-C8AD-407E-9992-2948EA698937}
		{F9F3BB67-5640-43F4-83B1-0C19477805EF} = {2C867451-88A8-4743-B818-8D31C94D0A1F}
		{43374717-8681-4A27-B8C3-ED084DEC660B} = {2C867451-88A8-4743-B818-8D31C94D0A1F}
		{44046A3D-9EF1-44DF-9344-ABBBA775668C} = {2C867451-88A8-4743-B818-8D31C94D0A1F}
		{812DCF09-C80F-4049-990F-5CE6D5E0F8A1} = {C686181D-E016-4CA8-976A-3307776406A2}
		{26AB5261-40F8-467D-92A1-B54E04ED14D1} = {C686181D-E016-4CA8-976A-3307776406A2}
		{00AFA80D-AAC4-4C92-9585-2BF34E9492F3} = {2C867451-88A8-4743-B818-8D31C94D0A1F}
		{051255FA-D8C1-4AC5-8E91-2338521AD056} = {C702E7ED-0A55-4DA6-B1F5-1CF9C742ABB3}
		{34C535BE-A5E8-42BC-9ACA-01BAB32DFB0F} = {0AF7A0CE-A08D-4768-8D64-78592F4C658E}
		{4C211947-0BDB-40C7-83A6-9DCB7CB8DA38} = {0AF7A0CE-A08D-4768-8D64-78592F4C658E}
		{BADA4F6A-A889-420B-ACCE-08A96C74B935} = {0AF7A0CE-A08D-4768-8D64-78592F4C658E}
		{D828AB64-FD7C-45AA-8E1D-1E5189EC0BF5} = {0AF7A0CE-A08D-4768-8D64-78592F4C658E}
		{A22234EE-2357-4FB0-A95E-F1A664730FA9} = {0AF7A0CE-A08D-4768-8D64-78592F4C658E}
	EndGlobalSection
	GlobalSection(ExtensibilityGlobals) = postSolution
		SolutionGuid = {CA8C3962-E813-4879-BBAA-6DCA13FAC0B8}
	EndGlobalSection
EndGlobal
