
Microsoft Visual Studio Solution File, Format Version 12.00
# Visual Studio 15
VisualStudioVersion = 15.0.27130.2026
MinimumVisualStudioVersion = 10.0.40219.1
Project("{2150E333-8FDC-42A3-9474-1A3956D46DE8}") = "src", "src", "{57C13718-7CA8-4CD7-819F-0F4DE3A14709}"
EndProject
Project("{2150E333-8FDC-42A3-9474-1A3956D46DE8}") = "Solution Items", "Solution Items", "{21CD1FA2-0054-4D79-AEAF-AE5E6F00FCD5}"
EndProject
Project("{9A19103F-16F7-4668-BE54-9A1E7A4F7556}") = "Asp.NetCore_WebPage", "src\Asp.NetCore_WebPage\Asp.NetCore_WebPage.csproj", "{90DE1E8A-74C2-4FBA-9928-A23FBFB3AAF1}"
EndProject
Project("{9A19103F-16F7-4668-BE54-9A1E7A4F7556}") = "Asp.NetCore_WebAPI", "src\Asp.NetCore_WebAPI\Asp.NetCore_WebAPI.csproj", "{D46C37E6-E5E2-4F84-9B16-C4DCC8F44F73}"
EndProject
Project("{9A19103F-16F7-4668-BE54-9A1E7A4F7556}") = "HangfireTest", "HangfireTest\HangfireTest.csproj", "{8C25A77F-643D-4F9B-9055-B059C8A66995}"
EndProject
Project("{9A19103F-16F7-4668-BE54-9A1E7A4F7556}") = "DesignPatterns", "DesignPatterns\DesignPatterns.csproj", "{D23FE658-777A-452A-B130-4A61F73BFBA9}"
EndProject
Project("{9A19103F-16F7-4668-BE54-9A1E7A4F7556}") = "RedisDemo", "RedisDemo\RedisDemo.csproj", "{2CC7BD81-630A-4D2D-ADD7-D41C4A3D7F3D}"
EndProject
Project("{2150E333-8FDC-42A3-9474-1A3956D46DE8}") = "权限管理", "权限管理", "{41B51527-B645-4966-A126-8755EDB19E73}"
EndProject
Project("{9A19103F-16F7-4668-BE54-9A1E7A4F7556}") = "PolicyPrivilegeManagement", "权限管理\PolicyPrivilegeManagement\PolicyPrivilegeManagement.csproj", "{77504B63-2E07-4703-8694-AEBBF58B75B9}"
EndProject
Project("{9A19103F-16F7-4668-BE54-9A1E7A4F7556}") = "PrivilegeManagement", "权限管理\PrivilegeManagement\PrivilegeManagement.csproj", "{2D5E5412-1243-4283-A058-78DEE9AB6EED}"
EndProject
Project("{9A19103F-16F7-4668-BE54-9A1E7A4F7556}") = "RolePrivilegeManagement", "权限管理\RolePrivilegeManagement\RolePrivilegeManagement.csproj", "{4027DAE5-F4EC-4B2A-9219-E6568041ED5D}"
EndProject
Project("{9A19103F-16F7-4668-BE54-9A1E7A4F7556}") = "SignalRDemo", "SignalRDemo\SignalRDemo.csproj", "{FE3D28AA-6638-40B1-9919-B681187984F6}"
EndProject
Project("{2150E333-8FDC-42A3-9474-1A3956D46DE8}") = "过滤器", "过滤器", "{4DD4891C-A575-46E6-9A6E-44200DAE183B}"
EndProject
Project("{9A19103F-16F7-4668-BE54-9A1E7A4F7556}") = "FilterDemo", "过滤器\FilterDemo\FilterDemo.csproj", "{4E3BB14B-5F7B-4081-92A0-831E8B160F69}"
EndProject
Project("{9A19103F-16F7-4668-BE54-9A1E7A4F7556}") = "SwaggerDemo", "SwaggerDemo\SwaggerDemo.csproj", "{C8DEAFE1-F222-4C27-B3C0-1B1653D428FF}"
EndProject
Project("{9A19103F-16F7-4668-BE54-9A1E7A4F7556}") = "RouteDemo", "RouteDemo\RouteDemo.csproj", "{594BF8A5-653C-4722-8490-13E38D4EABDD}"
EndProject
Project("{2150E333-8FDC-42A3-9474-1A3956D46DE8}") = "Token", "Token", "{F58883E3-D498-4681-AE8D-B28C332667DF}"
EndProject
Project("{9A19103F-16F7-4668-BE54-9A1E7A4F7556}") = "Token_WebAPI", "Token\Token_WebAPI\Token_WebAPI.csproj", "{4615A2D4-81BA-482A-B15A-EACC6B87D180}"
EndProject
Project("{FAE04EC0-301F-11D3-BF4B-00C04F79EFBC}") = "Token_WebApi.Test", "Token\Token_WebApi.Test\Token_WebApi.Test.csproj", "{4939A081-9E09-4A9C-A5C9-98BCB34DEB06}"
EndProject
Project("{9A19103F-16F7-4668-BE54-9A1E7A4F7556}") = "TokenWebApi.Test", "Token\TokenWebApi.Test\TokenWebApi.Test.csproj", "{693AC63A-2455-490D-8F2E-38807BE53C94}"
EndProject
Project("{9A19103F-16F7-4668-BE54-9A1E7A4F7556}") = "TokenWebAPI", "Token\TokenWebAPI\TokenWebAPI.csproj", "{8EC00330-A0C1-4B40-A4AE-289BEBD6E066}"
EndProject
Project("{9A19103F-16F7-4668-BE54-9A1E7A4F7556}") = "Token_WebAPI01", "Token\Token_WebAPI01\Token_WebAPI01.csproj", "{3A7BEE94-B2B0-4EA2-835C-F4CAE32DC09B}"
EndProject
Project("{FAE04EC0-301F-11D3-BF4B-00C04F79EFBC}") = "Token_WebAPI01.Test", "Token\Token_WebAPI01.Test\Token_WebAPI01.Test.csproj", "{8BE0AE85-3717-45CF-AD8D-1DF7FEC9C0C8}"
EndProject
Project("{9A19103F-16F7-4668-BE54-9A1E7A4F7556}") = "ScriptClient", "Token\ScriptClient\ScriptClient.csproj", "{3F40D075-C44F-482F-9267-CD78BD046DCC}"
EndProject
Project("{2150E333-8FDC-42A3-9474-1A3956D46DE8}") = "SSO", "SSO", "{B35B45F6-F387-4339-AB8C-8C815C1F16A2}"
EndProject
Project("{9A19103F-16F7-4668-BE54-9A1E7A4F7556}") = "AuthenticationCenter", "SSO\AuthenticationCenter\AuthenticationCenter.csproj", "{046BAB77-BFBC-4860-9686-F0EC0AE214E4}"
EndProject
Project("{9A19103F-16F7-4668-BE54-9A1E7A4F7556}") = "Demo1", "SSO\Demo1\Demo1.csproj", "{CA046D94-AB7F-4F6D-9B94-9824C2B4C33B}"
EndProject
Project("{2150E333-8FDC-42A3-9474-1A3956D46DE8}") = "Orleans", "Orleans", "{1DCFA250-2AC5-4E37-849C-5D788BCD21F8}"
EndProject
Project("{FAE04EC0-301F-11D3-BF4B-00C04F79EFBC}") = "OrleansHost", "Orleans\OrleansHost\OrleansHost.csproj", "{B707071A-9A8C-48BC-82AF-D2F5DC7F5A19}"
EndProject
Project("{FAE04EC0-301F-11D3-BF4B-00C04F79EFBC}") = "Client", "Orleans\Client\Client.csproj", "{AA72E784-6A2E-43AE-9819-78E551D0FE94}"
EndProject
Project("{FAE04EC0-301F-11D3-BF4B-00C04F79EFBC}") = "Grains", "Orleans\Grains\Grains.csproj", "{F3767B82-515C-42FC-9C91-1ADF98E10BDB}"
EndProject
Project("{FAE04EC0-301F-11D3-BF4B-00C04F79EFBC}") = "IGrains", "Orleans\IGrains\IGrains.csproj", "{91EFA804-1E62-4B3E-959C-917623D2F22B}"
EndProject
Project("{2150E333-8FDC-42A3-9474-1A3956D46DE8}") = "MVC", "MVC", "{DED10F83-C87D-4CA1-8339-6AC820EC44FC}"
EndProject
Project("{9A19103F-16F7-4668-BE54-9A1E7A4F7556}") = "MVCDemo", "MVC\MVCDemo\MVCDemo.csproj", "{9AC0DD8C-5290-4BAE-87A6-39952B78FC49}"
EndProject
Project("{9A19103F-16F7-4668-BE54-9A1E7A4F7556}") = "UserManagerDemo", "MVC\UserManagerDemo\UserManagerDemo.csproj", "{05F928F8-9A8F-4587-9009-B82399B7AF52}"
EndProject
Project("{2150E333-8FDC-42A3-9474-1A3956D46DE8}") = "SpringCloud", "SpringCloud", "{E206D1B0-13CA-462D-A720-90F7D0829FB7}"
EndProject
Project("{9A19103F-16F7-4668-BE54-9A1E7A4F7556}") = "Eureka_Steeltoe", "SpringCloud\Eureka_Steeltoe\Eureka_Steeltoe.csproj", "{CCE17023-9DBC-4781-82B3-B2AB3E173927}"
EndProject
Project("{2150E333-8FDC-42A3-9474-1A3956D46DE8}") = "Dapper", "Dapper", "{282C0114-704A-4506-890B-C326A67419B4}"
EndProject
Project("{9A19103F-16F7-4668-BE54-9A1E7A4F7556}") = "DapperDemo", "DapperDemo\DapperDemo.csproj", "{8DBC8B5A-7757-46DF-BAF3-8860D1E04CBA}"
EndProject
Project("{2150E333-8FDC-42A3-9474-1A3956D46DE8}") = "SignalR", "SignalR", "{DC04B391-371A-4258-AC46-BE4D2CE89AD5}"
EndProject
Project("{9A19103F-16F7-4668-BE54-9A1E7A4F7556}") = "SignalRDemo01", "SignalRDemo01\SignalRDemo01.csproj", "{A37E626B-470F-468E-87D6-77A511B676ED}"
EndProject
Project("{2150E333-8FDC-42A3-9474-1A3956D46DE8}") = "AOP", "AOP", "{6D890CDC-ECED-4E68-977D-1D829D3E39D6}"
EndProject
Project("{9A19103F-16F7-4668-BE54-9A1E7A4F7556}") = "AOPDemo", "AOP\AOPDemo\AOPDemo.csproj", "{DC976D9E-1D51-4080-9977-68D9FDA001D0}"
EndProject
Project("{9A19103F-16F7-4668-BE54-9A1E7A4F7556}") = "ActorDemo", "ActorDemo\ActorDemo.csproj", "{AA2E37AA-3E7B-4024-9C3A-C340B285A5B5}"
EndProject
Project("{9A19103F-16F7-4668-BE54-9A1E7A4F7556}") = "CachingDemo", "CachingDemo\CachingDemo.csproj", "{4AC29798-49FA-4B5E-8883-858A8A72CBEB}"
EndProject
Project("{9A19103F-16F7-4668-BE54-9A1E7A4F7556}") = "SnapshotDemo", "SnapshotDemo\SnapshotDemo.csproj", "{72E6A4A6-BFC8-4348-B95B-0A2EDA87A07A}"
EndProject
Project("{2150E333-8FDC-42A3-9474-1A3956D46DE8}") = "ConfigurationDemo", "ConfigurationDemo", "{82169DF9-545A-4050-ADF9-17FD3E0752A6}"
EndProject
Project("{9A19103F-16F7-4668-BE54-9A1E7A4F7556}") = "ConfigurationDemo01", "ConfigurationDemo01\ConfigurationDemo01.csproj", "{6B307BE2-D82C-4D40-A54C-5EDF782811E8}"
EndProject
Project("{9A19103F-16F7-4668-BE54-9A1E7A4F7556}") = "ConfigurationDemo02", "ConfigurationDemo02\ConfigurationDemo02.csproj", "{DC7C3390-F8D7-4A64-AB37-80BF5CD030D3}"
EndProject
Project("{FAE04EC0-301F-11D3-BF4B-00C04F79EFBC}") = "ConfigurationDemo03", "ConfigurationDemo03\ConfigurationDemo03.csproj", "{7862FC92-1F34-4E2F-B572-47A349CBD71E}"
EndProject
Project("{2150E333-8FDC-42A3-9474-1A3956D46DE8}") = "LuceneDemo", "LuceneDemo", "{D19ADB59-C958-4716-953D-86F1611E6289}"
EndProject
Project("{9A19103F-16F7-4668-BE54-9A1E7A4F7556}") = "PostgresqlDemo01", "LuceneDemo\PostgresqlDemo01\PostgresqlDemo01.csproj", "{9544FFCB-0D36-4048-A507-1F57D39645AC}"
EndProject
Project("{9A19103F-16F7-4668-BE54-9A1E7A4F7556}") = "CustomerAnalysis", "LuceneDemo\CustomerAnalysis\CustomerAnalysis.csproj", "{B84A5931-B4FC-4FA2-B9A4-88A0B81A2A0D}"
EndProject
Project("{FAE04EC0-301F-11D3-BF4B-00C04F79EFBC}") = "MyAnalysis", "MyAnalysis\MyAnalysis.csproj", "{D45B2D05-CBED-41B8-952B-3144C7E7D4BB}"
EndProject
Project("{FAE04EC0-301F-11D3-BF4B-00C04F79EFBC}") = "ProtoActorDemo", "ProtoActorDemo\ProtoActorDemo.csproj", "{8DF780C4-B717-4841-9466-5B0BF7CC2709}"
EndProject
Global
	GlobalSection(SolutionConfigurationPlatforms) = preSolution
		Debug|Any CPU = Debug|Any CPU
		Release|Any CPU = Release|Any CPU
	EndGlobalSection
	GlobalSection(ProjectConfigurationPlatforms) = postSolution
		{90DE1E8A-74C2-4FBA-9928-A23FBFB3AAF1}.Debug|Any CPU.ActiveCfg = Debug|Any CPU
		{90DE1E8A-74C2-4FBA-9928-A23FBFB3AAF1}.Debug|Any CPU.Build.0 = Debug|Any CPU
		{90DE1E8A-74C2-4FBA-9928-A23FBFB3AAF1}.Release|Any CPU.ActiveCfg = Release|Any CPU
		{90DE1E8A-74C2-4FBA-9928-A23FBFB3AAF1}.Release|Any CPU.Build.0 = Release|Any CPU
		{D46C37E6-E5E2-4F84-9B16-C4DCC8F44F73}.Debug|Any CPU.ActiveCfg = Debug|Any CPU
		{D46C37E6-E5E2-4F84-9B16-C4DCC8F44F73}.Debug|Any CPU.Build.0 = Debug|Any CPU
		{D46C37E6-E5E2-4F84-9B16-C4DCC8F44F73}.Release|Any CPU.ActiveCfg = Release|Any CPU
		{D46C37E6-E5E2-4F84-9B16-C4DCC8F44F73}.Release|Any CPU.Build.0 = Release|Any CPU
		{8C25A77F-643D-4F9B-9055-B059C8A66995}.Debug|Any CPU.ActiveCfg = Debug|Any CPU
		{8C25A77F-643D-4F9B-9055-B059C8A66995}.Debug|Any CPU.Build.0 = Debug|Any CPU
		{8C25A77F-643D-4F9B-9055-B059C8A66995}.Release|Any CPU.ActiveCfg = Release|Any CPU
		{8C25A77F-643D-4F9B-9055-B059C8A66995}.Release|Any CPU.Build.0 = Release|Any CPU
		{D23FE658-777A-452A-B130-4A61F73BFBA9}.Debug|Any CPU.ActiveCfg = Debug|Any CPU
		{D23FE658-777A-452A-B130-4A61F73BFBA9}.Debug|Any CPU.Build.0 = Debug|Any CPU
		{D23FE658-777A-452A-B130-4A61F73BFBA9}.Release|Any CPU.ActiveCfg = Release|Any CPU
		{D23FE658-777A-452A-B130-4A61F73BFBA9}.Release|Any CPU.Build.0 = Release|Any CPU
		{2CC7BD81-630A-4D2D-ADD7-D41C4A3D7F3D}.Debug|Any CPU.ActiveCfg = Debug|Any CPU
		{2CC7BD81-630A-4D2D-ADD7-D41C4A3D7F3D}.Debug|Any CPU.Build.0 = Debug|Any CPU
		{2CC7BD81-630A-4D2D-ADD7-D41C4A3D7F3D}.Release|Any CPU.ActiveCfg = Release|Any CPU
		{2CC7BD81-630A-4D2D-ADD7-D41C4A3D7F3D}.Release|Any CPU.Build.0 = Release|Any CPU
		{77504B63-2E07-4703-8694-AEBBF58B75B9}.Debug|Any CPU.ActiveCfg = Debug|Any CPU
		{77504B63-2E07-4703-8694-AEBBF58B75B9}.Debug|Any CPU.Build.0 = Debug|Any CPU
		{77504B63-2E07-4703-8694-AEBBF58B75B9}.Release|Any CPU.ActiveCfg = Release|Any CPU
		{77504B63-2E07-4703-8694-AEBBF58B75B9}.Release|Any CPU.Build.0 = Release|Any CPU
		{2D5E5412-1243-4283-A058-78DEE9AB6EED}.Debug|Any CPU.ActiveCfg = Debug|Any CPU
		{2D5E5412-1243-4283-A058-78DEE9AB6EED}.Debug|Any CPU.Build.0 = Debug|Any CPU
		{2D5E5412-1243-4283-A058-78DEE9AB6EED}.Release|Any CPU.ActiveCfg = Release|Any CPU
		{2D5E5412-1243-4283-A058-78DEE9AB6EED}.Release|Any CPU.Build.0 = Release|Any CPU
		{4027DAE5-F4EC-4B2A-9219-E6568041ED5D}.Debug|Any CPU.ActiveCfg = Debug|Any CPU
		{4027DAE5-F4EC-4B2A-9219-E6568041ED5D}.Debug|Any CPU.Build.0 = Debug|Any CPU
		{4027DAE5-F4EC-4B2A-9219-E6568041ED5D}.Release|Any CPU.ActiveCfg = Release|Any CPU
		{4027DAE5-F4EC-4B2A-9219-E6568041ED5D}.Release|Any CPU.Build.0 = Release|Any CPU
		{FE3D28AA-6638-40B1-9919-B681187984F6}.Debug|Any CPU.ActiveCfg = Debug|Any CPU
		{FE3D28AA-6638-40B1-9919-B681187984F6}.Debug|Any CPU.Build.0 = Debug|Any CPU
		{FE3D28AA-6638-40B1-9919-B681187984F6}.Release|Any CPU.ActiveCfg = Release|Any CPU
		{FE3D28AA-6638-40B1-9919-B681187984F6}.Release|Any CPU.Build.0 = Release|Any CPU
		{4E3BB14B-5F7B-4081-92A0-831E8B160F69}.Debug|Any CPU.ActiveCfg = Debug|Any CPU
		{4E3BB14B-5F7B-4081-92A0-831E8B160F69}.Debug|Any CPU.Build.0 = Debug|Any CPU
		{4E3BB14B-5F7B-4081-92A0-831E8B160F69}.Release|Any CPU.ActiveCfg = Release|Any CPU
		{4E3BB14B-5F7B-4081-92A0-831E8B160F69}.Release|Any CPU.Build.0 = Release|Any CPU
		{C8DEAFE1-F222-4C27-B3C0-1B1653D428FF}.Debug|Any CPU.ActiveCfg = Debug|Any CPU
		{C8DEAFE1-F222-4C27-B3C0-1B1653D428FF}.Debug|Any CPU.Build.0 = Debug|Any CPU
		{C8DEAFE1-F222-4C27-B3C0-1B1653D428FF}.Release|Any CPU.ActiveCfg = Release|Any CPU
		{C8DEAFE1-F222-4C27-B3C0-1B1653D428FF}.Release|Any CPU.Build.0 = Release|Any CPU
		{594BF8A5-653C-4722-8490-13E38D4EABDD}.Debug|Any CPU.ActiveCfg = Debug|Any CPU
		{594BF8A5-653C-4722-8490-13E38D4EABDD}.Debug|Any CPU.Build.0 = Debug|Any CPU
		{594BF8A5-653C-4722-8490-13E38D4EABDD}.Release|Any CPU.ActiveCfg = Release|Any CPU
		{594BF8A5-653C-4722-8490-13E38D4EABDD}.Release|Any CPU.Build.0 = Release|Any CPU
		{4615A2D4-81BA-482A-B15A-EACC6B87D180}.Debug|Any CPU.ActiveCfg = Debug|Any CPU
		{4615A2D4-81BA-482A-B15A-EACC6B87D180}.Debug|Any CPU.Build.0 = Debug|Any CPU
		{4615A2D4-81BA-482A-B15A-EACC6B87D180}.Release|Any CPU.ActiveCfg = Release|Any CPU
		{4615A2D4-81BA-482A-B15A-EACC6B87D180}.Release|Any CPU.Build.0 = Release|Any CPU
		{4939A081-9E09-4A9C-A5C9-98BCB34DEB06}.Debug|Any CPU.ActiveCfg = Debug|Any CPU
		{4939A081-9E09-4A9C-A5C9-98BCB34DEB06}.Debug|Any CPU.Build.0 = Debug|Any CPU
		{4939A081-9E09-4A9C-A5C9-98BCB34DEB06}.Release|Any CPU.ActiveCfg = Release|Any CPU
		{4939A081-9E09-4A9C-A5C9-98BCB34DEB06}.Release|Any CPU.Build.0 = Release|Any CPU
		{693AC63A-2455-490D-8F2E-38807BE53C94}.Debug|Any CPU.ActiveCfg = Debug|Any CPU
		{693AC63A-2455-490D-8F2E-38807BE53C94}.Debug|Any CPU.Build.0 = Debug|Any CPU
		{693AC63A-2455-490D-8F2E-38807BE53C94}.Release|Any CPU.ActiveCfg = Release|Any CPU
		{693AC63A-2455-490D-8F2E-38807BE53C94}.Release|Any CPU.Build.0 = Release|Any CPU
		{8EC00330-A0C1-4B40-A4AE-289BEBD6E066}.Debug|Any CPU.ActiveCfg = Debug|Any CPU
		{8EC00330-A0C1-4B40-A4AE-289BEBD6E066}.Debug|Any CPU.Build.0 = Debug|Any CPU
		{8EC00330-A0C1-4B40-A4AE-289BEBD6E066}.Release|Any CPU.ActiveCfg = Release|Any CPU
		{8EC00330-A0C1-4B40-A4AE-289BEBD6E066}.Release|Any CPU.Build.0 = Release|Any CPU
		{3A7BEE94-B2B0-4EA2-835C-F4CAE32DC09B}.Debug|Any CPU.ActiveCfg = Debug|Any CPU
		{3A7BEE94-B2B0-4EA2-835C-F4CAE32DC09B}.Debug|Any CPU.Build.0 = Debug|Any CPU
		{3A7BEE94-B2B0-4EA2-835C-F4CAE32DC09B}.Release|Any CPU.ActiveCfg = Release|Any CPU
		{3A7BEE94-B2B0-4EA2-835C-F4CAE32DC09B}.Release|Any CPU.Build.0 = Release|Any CPU
		{8BE0AE85-3717-45CF-AD8D-1DF7FEC9C0C8}.Debug|Any CPU.ActiveCfg = Debug|Any CPU
		{8BE0AE85-3717-45CF-AD8D-1DF7FEC9C0C8}.Debug|Any CPU.Build.0 = Debug|Any CPU
		{8BE0AE85-3717-45CF-AD8D-1DF7FEC9C0C8}.Release|Any CPU.ActiveCfg = Release|Any CPU
		{8BE0AE85-3717-45CF-AD8D-1DF7FEC9C0C8}.Release|Any CPU.Build.0 = Release|Any CPU
		{3F40D075-C44F-482F-9267-CD78BD046DCC}.Debug|Any CPU.ActiveCfg = Debug|Any CPU
		{3F40D075-C44F-482F-9267-CD78BD046DCC}.Debug|Any CPU.Build.0 = Debug|Any CPU
		{3F40D075-C44F-482F-9267-CD78BD046DCC}.Release|Any CPU.ActiveCfg = Release|Any CPU
		{3F40D075-C44F-482F-9267-CD78BD046DCC}.Release|Any CPU.Build.0 = Release|Any CPU
		{046BAB77-BFBC-4860-9686-F0EC0AE214E4}.Debug|Any CPU.ActiveCfg = Debug|Any CPU
		{046BAB77-BFBC-4860-9686-F0EC0AE214E4}.Debug|Any CPU.Build.0 = Debug|Any CPU
		{046BAB77-BFBC-4860-9686-F0EC0AE214E4}.Release|Any CPU.ActiveCfg = Release|Any CPU
		{046BAB77-BFBC-4860-9686-F0EC0AE214E4}.Release|Any CPU.Build.0 = Release|Any CPU
		{CA046D94-AB7F-4F6D-9B94-9824C2B4C33B}.Debug|Any CPU.ActiveCfg = Debug|Any CPU
		{CA046D94-AB7F-4F6D-9B94-9824C2B4C33B}.Debug|Any CPU.Build.0 = Debug|Any CPU
		{CA046D94-AB7F-4F6D-9B94-9824C2B4C33B}.Release|Any CPU.ActiveCfg = Release|Any CPU
		{CA046D94-AB7F-4F6D-9B94-9824C2B4C33B}.Release|Any CPU.Build.0 = Release|Any CPU
		{B707071A-9A8C-48BC-82AF-D2F5DC7F5A19}.Debug|Any CPU.ActiveCfg = Debug|Any CPU
		{B707071A-9A8C-48BC-82AF-D2F5DC7F5A19}.Debug|Any CPU.Build.0 = Debug|Any CPU
		{B707071A-9A8C-48BC-82AF-D2F5DC7F5A19}.Release|Any CPU.ActiveCfg = Release|Any CPU
		{B707071A-9A8C-48BC-82AF-D2F5DC7F5A19}.Release|Any CPU.Build.0 = Release|Any CPU
		{AA72E784-6A2E-43AE-9819-78E551D0FE94}.Debug|Any CPU.ActiveCfg = Debug|Any CPU
		{AA72E784-6A2E-43AE-9819-78E551D0FE94}.Debug|Any CPU.Build.0 = Debug|Any CPU
		{AA72E784-6A2E-43AE-9819-78E551D0FE94}.Release|Any CPU.ActiveCfg = Release|Any CPU
		{AA72E784-6A2E-43AE-9819-78E551D0FE94}.Release|Any CPU.Build.0 = Release|Any CPU
		{F3767B82-515C-42FC-9C91-1ADF98E10BDB}.Debug|Any CPU.ActiveCfg = Debug|Any CPU
		{F3767B82-515C-42FC-9C91-1ADF98E10BDB}.Debug|Any CPU.Build.0 = Debug|Any CPU
		{F3767B82-515C-42FC-9C91-1ADF98E10BDB}.Release|Any CPU.ActiveCfg = Release|Any CPU
		{F3767B82-515C-42FC-9C91-1ADF98E10BDB}.Release|Any CPU.Build.0 = Release|Any CPU
		{91EFA804-1E62-4B3E-959C-917623D2F22B}.Debug|Any CPU.ActiveCfg = Debug|Any CPU
		{91EFA804-1E62-4B3E-959C-917623D2F22B}.Debug|Any CPU.Build.0 = Debug|Any CPU
		{91EFA804-1E62-4B3E-959C-917623D2F22B}.Release|Any CPU.ActiveCfg = Release|Any CPU
		{91EFA804-1E62-4B3E-959C-917623D2F22B}.Release|Any CPU.Build.0 = Release|Any CPU
		{9AC0DD8C-5290-4BAE-87A6-39952B78FC49}.Debug|Any CPU.ActiveCfg = Debug|Any CPU
		{9AC0DD8C-5290-4BAE-87A6-39952B78FC49}.Debug|Any CPU.Build.0 = Debug|Any CPU
		{9AC0DD8C-5290-4BAE-87A6-39952B78FC49}.Release|Any CPU.ActiveCfg = Release|Any CPU
		{9AC0DD8C-5290-4BAE-87A6-39952B78FC49}.Release|Any CPU.Build.0 = Release|Any CPU
		{05F928F8-9A8F-4587-9009-B82399B7AF52}.Debug|Any CPU.ActiveCfg = Debug|Any CPU
		{05F928F8-9A8F-4587-9009-B82399B7AF52}.Debug|Any CPU.Build.0 = Debug|Any CPU
		{05F928F8-9A8F-4587-9009-B82399B7AF52}.Release|Any CPU.ActiveCfg = Release|Any CPU
		{05F928F8-9A8F-4587-9009-B82399B7AF52}.Release|Any CPU.Build.0 = Release|Any CPU
		{CCE17023-9DBC-4781-82B3-B2AB3E173927}.Debug|Any CPU.ActiveCfg = Debug|Any CPU
		{CCE17023-9DBC-4781-82B3-B2AB3E173927}.Debug|Any CPU.Build.0 = Debug|Any CPU
		{CCE17023-9DBC-4781-82B3-B2AB3E173927}.Release|Any CPU.ActiveCfg = Release|Any CPU
		{CCE17023-9DBC-4781-82B3-B2AB3E173927}.Release|Any CPU.Build.0 = Release|Any CPU
		{8DBC8B5A-7757-46DF-BAF3-8860D1E04CBA}.Debug|Any CPU.ActiveCfg = Debug|Any CPU
		{8DBC8B5A-7757-46DF-BAF3-8860D1E04CBA}.Debug|Any CPU.Build.0 = Debug|Any CPU
		{8DBC8B5A-7757-46DF-BAF3-8860D1E04CBA}.Release|Any CPU.ActiveCfg = Release|Any CPU
		{8DBC8B5A-7757-46DF-BAF3-8860D1E04CBA}.Release|Any CPU.Build.0 = Release|Any CPU
		{A37E626B-470F-468E-87D6-77A511B676ED}.Debug|Any CPU.ActiveCfg = Debug|Any CPU
		{A37E626B-470F-468E-87D6-77A511B676ED}.Debug|Any CPU.Build.0 = Debug|Any CPU
		{A37E626B-470F-468E-87D6-77A511B676ED}.Release|Any CPU.ActiveCfg = Release|Any CPU
		{A37E626B-470F-468E-87D6-77A511B676ED}.Release|Any CPU.Build.0 = Release|Any CPU
		{DC976D9E-1D51-4080-9977-68D9FDA001D0}.Debug|Any CPU.ActiveCfg = Debug|Any CPU
		{DC976D9E-1D51-4080-9977-68D9FDA001D0}.Debug|Any CPU.Build.0 = Debug|Any CPU
		{DC976D9E-1D51-4080-9977-68D9FDA001D0}.Release|Any CPU.ActiveCfg = Release|Any CPU
		{DC976D9E-1D51-4080-9977-68D9FDA001D0}.Release|Any CPU.Build.0 = Release|Any CPU
		{AA2E37AA-3E7B-4024-9C3A-C340B285A5B5}.Debug|Any CPU.ActiveCfg = Debug|Any CPU
		{AA2E37AA-3E7B-4024-9C3A-C340B285A5B5}.Debug|Any CPU.Build.0 = Debug|Any CPU
		{AA2E37AA-3E7B-4024-9C3A-C340B285A5B5}.Release|Any CPU.ActiveCfg = Release|Any CPU
		{AA2E37AA-3E7B-4024-9C3A-C340B285A5B5}.Release|Any CPU.Build.0 = Release|Any CPU
		{4AC29798-49FA-4B5E-8883-858A8A72CBEB}.Debug|Any CPU.ActiveCfg = Debug|Any CPU
		{4AC29798-49FA-4B5E-8883-858A8A72CBEB}.Debug|Any CPU.Build.0 = Debug|Any CPU
		{4AC29798-49FA-4B5E-8883-858A8A72CBEB}.Release|Any CPU.ActiveCfg = Release|Any CPU
		{4AC29798-49FA-4B5E-8883-858A8A72CBEB}.Release|Any CPU.Build.0 = Release|Any CPU
		{72E6A4A6-BFC8-4348-B95B-0A2EDA87A07A}.Debug|Any CPU.ActiveCfg = Debug|Any CPU
		{72E6A4A6-BFC8-4348-B95B-0A2EDA87A07A}.Debug|Any CPU.Build.0 = Debug|Any CPU
		{72E6A4A6-BFC8-4348-B95B-0A2EDA87A07A}.Release|Any CPU.ActiveCfg = Release|Any CPU
		{72E6A4A6-BFC8-4348-B95B-0A2EDA87A07A}.Release|Any CPU.Build.0 = Release|Any CPU
		{6B307BE2-D82C-4D40-A54C-5EDF782811E8}.Debug|Any CPU.ActiveCfg = Debug|Any CPU
		{6B307BE2-D82C-4D40-A54C-5EDF782811E8}.Debug|Any CPU.Build.0 = Debug|Any CPU
		{6B307BE2-D82C-4D40-A54C-5EDF782811E8}.Release|Any CPU.ActiveCfg = Release|Any CPU
		{6B307BE2-D82C-4D40-A54C-5EDF782811E8}.Release|Any CPU.Build.0 = Release|Any CPU
		{DC7C3390-F8D7-4A64-AB37-80BF5CD030D3}.Debug|Any CPU.ActiveCfg = Debug|Any CPU
		{DC7C3390-F8D7-4A64-AB37-80BF5CD030D3}.Debug|Any CPU.Build.0 = Debug|Any CPU
		{DC7C3390-F8D7-4A64-AB37-80BF5CD030D3}.Release|Any CPU.ActiveCfg = Release|Any CPU
		{DC7C3390-F8D7-4A64-AB37-80BF5CD030D3}.Release|Any CPU.Build.0 = Release|Any CPU
		{7862FC92-1F34-4E2F-B572-47A349CBD71E}.Debug|Any CPU.ActiveCfg = Debug|Any CPU
		{7862FC92-1F34-4E2F-B572-47A349CBD71E}.Debug|Any CPU.Build.0 = Debug|Any CPU
		{7862FC92-1F34-4E2F-B572-47A349CBD71E}.Release|Any CPU.ActiveCfg = Release|Any CPU
		{7862FC92-1F34-4E2F-B572-47A349CBD71E}.Release|Any CPU.Build.0 = Release|Any CPU
		{9544FFCB-0D36-4048-A507-1F57D39645AC}.Debug|Any CPU.ActiveCfg = Debug|Any CPU
		{9544FFCB-0D36-4048-A507-1F57D39645AC}.Debug|Any CPU.Build.0 = Debug|Any CPU
		{9544FFCB-0D36-4048-A507-1F57D39645AC}.Release|Any CPU.ActiveCfg = Release|Any CPU
		{9544FFCB-0D36-4048-A507-1F57D39645AC}.Release|Any CPU.Build.0 = Release|Any CPU
		{B84A5931-B4FC-4FA2-B9A4-88A0B81A2A0D}.Debug|Any CPU.ActiveCfg = Debug|Any CPU
		{B84A5931-B4FC-4FA2-B9A4-88A0B81A2A0D}.Debug|Any CPU.Build.0 = Debug|Any CPU
		{B84A5931-B4FC-4FA2-B9A4-88A0B81A2A0D}.Release|Any CPU.ActiveCfg = Release|Any CPU
		{B84A5931-B4FC-4FA2-B9A4-88A0B81A2A0D}.Release|Any CPU.Build.0 = Release|Any CPU
		{D45B2D05-CBED-41B8-952B-3144C7E7D4BB}.Debug|Any CPU.ActiveCfg = Debug|Any CPU
		{D45B2D05-CBED-41B8-952B-3144C7E7D4BB}.Debug|Any CPU.Build.0 = Debug|Any CPU
		{D45B2D05-CBED-41B8-952B-3144C7E7D4BB}.Release|Any CPU.ActiveCfg = Release|Any CPU
		{D45B2D05-CBED-41B8-952B-3144C7E7D4BB}.Release|Any CPU.Build.0 = Release|Any CPU
		{8DF780C4-B717-4841-9466-5B0BF7CC2709}.Debug|Any CPU.ActiveCfg = Debug|Any CPU
		{8DF780C4-B717-4841-9466-5B0BF7CC2709}.Debug|Any CPU.Build.0 = Debug|Any CPU
		{8DF780C4-B717-4841-9466-5B0BF7CC2709}.Release|Any CPU.ActiveCfg = Release|Any CPU
		{8DF780C4-B717-4841-9466-5B0BF7CC2709}.Release|Any CPU.Build.0 = Release|Any CPU
	EndGlobalSection
	GlobalSection(SolutionProperties) = preSolution
		HideSolutionNode = FALSE
	EndGlobalSection
	GlobalSection(NestedProjects) = preSolution
		{90DE1E8A-74C2-4FBA-9928-A23FBFB3AAF1} = {57C13718-7CA8-4CD7-819F-0F4DE3A14709}
		{D46C37E6-E5E2-4F84-9B16-C4DCC8F44F73} = {57C13718-7CA8-4CD7-819F-0F4DE3A14709}
		{8C25A77F-643D-4F9B-9055-B059C8A66995} = {57C13718-7CA8-4CD7-819F-0F4DE3A14709}
		{77504B63-2E07-4703-8694-AEBBF58B75B9} = {41B51527-B645-4966-A126-8755EDB19E73}
		{2D5E5412-1243-4283-A058-78DEE9AB6EED} = {41B51527-B645-4966-A126-8755EDB19E73}
		{4027DAE5-F4EC-4B2A-9219-E6568041ED5D} = {41B51527-B645-4966-A126-8755EDB19E73}
		{4E3BB14B-5F7B-4081-92A0-831E8B160F69} = {4DD4891C-A575-46E6-9A6E-44200DAE183B}
		{594BF8A5-653C-4722-8490-13E38D4EABDD} = {DC04B391-371A-4258-AC46-BE4D2CE89AD5}
		{4615A2D4-81BA-482A-B15A-EACC6B87D180} = {F58883E3-D498-4681-AE8D-B28C332667DF}
		{4939A081-9E09-4A9C-A5C9-98BCB34DEB06} = {F58883E3-D498-4681-AE8D-B28C332667DF}
		{693AC63A-2455-490D-8F2E-38807BE53C94} = {F58883E3-D498-4681-AE8D-B28C332667DF}
		{8EC00330-A0C1-4B40-A4AE-289BEBD6E066} = {F58883E3-D498-4681-AE8D-B28C332667DF}
		{3A7BEE94-B2B0-4EA2-835C-F4CAE32DC09B} = {F58883E3-D498-4681-AE8D-B28C332667DF}
		{8BE0AE85-3717-45CF-AD8D-1DF7FEC9C0C8} = {F58883E3-D498-4681-AE8D-B28C332667DF}
		{3F40D075-C44F-482F-9267-CD78BD046DCC} = {F58883E3-D498-4681-AE8D-B28C332667DF}
		{046BAB77-BFBC-4860-9686-F0EC0AE214E4} = {B35B45F6-F387-4339-AB8C-8C815C1F16A2}
		{CA046D94-AB7F-4F6D-9B94-9824C2B4C33B} = {B35B45F6-F387-4339-AB8C-8C815C1F16A2}
		{B707071A-9A8C-48BC-82AF-D2F5DC7F5A19} = {1DCFA250-2AC5-4E37-849C-5D788BCD21F8}
		{AA72E784-6A2E-43AE-9819-78E551D0FE94} = {1DCFA250-2AC5-4E37-849C-5D788BCD21F8}
		{F3767B82-515C-42FC-9C91-1ADF98E10BDB} = {1DCFA250-2AC5-4E37-849C-5D788BCD21F8}
		{91EFA804-1E62-4B3E-959C-917623D2F22B} = {1DCFA250-2AC5-4E37-849C-5D788BCD21F8}
		{9AC0DD8C-5290-4BAE-87A6-39952B78FC49} = {DED10F83-C87D-4CA1-8339-6AC820EC44FC}
		{05F928F8-9A8F-4587-9009-B82399B7AF52} = {DED10F83-C87D-4CA1-8339-6AC820EC44FC}
		{CCE17023-9DBC-4781-82B3-B2AB3E173927} = {E206D1B0-13CA-462D-A720-90F7D0829FB7}
		{8DBC8B5A-7757-46DF-BAF3-8860D1E04CBA} = {282C0114-704A-4506-890B-C326A67419B4}
		{A37E626B-470F-468E-87D6-77A511B676ED} = {DC04B391-371A-4258-AC46-BE4D2CE89AD5}
		{DC976D9E-1D51-4080-9977-68D9FDA001D0} = {6D890CDC-ECED-4E68-977D-1D829D3E39D6}
		{6B307BE2-D82C-4D40-A54C-5EDF782811E8} = {82169DF9-545A-4050-ADF9-17FD3E0752A6}
		{DC7C3390-F8D7-4A64-AB37-80BF5CD030D3} = {82169DF9-545A-4050-ADF9-17FD3E0752A6}
		{7862FC92-1F34-4E2F-B572-47A349CBD71E} = {82169DF9-545A-4050-ADF9-17FD3E0752A6}
		{9544FFCB-0D36-4048-A507-1F57D39645AC} = {D19ADB59-C958-4716-953D-86F1611E6289}
		{B84A5931-B4FC-4FA2-B9A4-88A0B81A2A0D} = {D19ADB59-C958-4716-953D-86F1611E6289}
		{D45B2D05-CBED-41B8-952B-3144C7E7D4BB} = {D19ADB59-C958-4716-953D-86F1611E6289}
	EndGlobalSection
	GlobalSection(ExtensibilityGlobals) = postSolution
		SolutionGuid = {CA8C3962-E813-4879-BBAA-6DCA13FAC0B8}
	EndGlobalSection
EndGlobal
