{
  "requires": true,
  "lockfileVersion": 1,
  "dependencies": {
    "@aspnet/signalr": {
      "version": "1.0.0",
      "resolved": "https://registry.npmjs.org/@aspnet/signalr/-/signalr-1.0.0.tgz",
      "integrity": "sha512-7fXNdSTnp2y7a3i7BnvBpQpDEoG71DNq1J/Caowr+3v/nzGivnJApRg40VgBp6FlyeJqoBEQO/QuDPE0kTpczg=="
    },
    "dayjs": {
      "version": "1.8.12",
      "resolved": "https://registry.npmjs.org/dayjs/-/dayjs-1.8.12.tgz",
      "integrity": "sha512-7keChCzzjU68sYJpk7kEI1Q9qbJyscyiW0STwEhqDFt+2js9pA/BSzmYE4PRxcMMoUMxNeY0TEMZHqV/JBR4OA=="
    }
  }
}
